// !$*UTF8*$!
{
	archiveVersion = 1;
	classes = {
	};
	objectVersion = 45;
	objects = {

/* Begin PBXBuildFile section */
		1D3623260D0F684500981E51 /* iAgendaTechAppDelegate.m in Sources */ = {isa = PBXBuildFile; fileRef = 1D3623250D0F684500981E51 /* iAgendaTechAppDelegate.m */; };
		1D60589B0D05DD56006BFB54 /* main.m in Sources */ = {isa = PBXBuildFile; fileRef = 29B97316FDCFA39411CA2CEA /* main.m */; };
		1D60589F0D05DD5A006BFB54 /* Foundation.framework in Frameworks */ = {isa = PBXBuildFile; fileRef = 1D30AB110D05D00D00671497 /* Foundation.framework */; };
		1DF5F4E00D08C38300B7A737 /* UIKit.framework in Frameworks */ = {isa = PBXBuildFile; fileRef = 1DF5F4DF0D08C38300B7A737 /* UIKit.framework */; };
		288765FD0DF74451002DB57D /* CoreGraphics.framework in Frameworks */ = {isa = PBXBuildFile; fileRef = 288765FC0DF74451002DB57D /* CoreGraphics.framework */; };
		28AD733F0D9D9553002E5188 /* MainWindow.xib in Resources */ = {isa = PBXBuildFile; fileRef = 28AD733E0D9D9553002E5188 /* MainWindow.xib */; };
		8C13903B13159D410059A716 /* Evento.m in Sources */ = {isa = PBXBuildFile; fileRef = 8C13903A13159D410059A716 /* Evento.m */; };
		8C13903C13159D410059A716 /* Evento.m in Sources */ = {isa = PBXBuildFile; fileRef = 8C13903A13159D410059A716 /* Evento.m */; };
		8C1390811315A20B0059A716 /* ParserTests.m in Sources */ = {isa = PBXBuildFile; fileRef = 8C1390801315A20B0059A716 /* ParserTests.m */; };
		8C13908A1315A3AF0059A716 /* EventoParser.m in Sources */ = {isa = PBXBuildFile; fileRef = 8C1390891315A3AF0059A716 /* EventoParser.m */; };
		8C13908B1315A3AF0059A716 /* EventoParser.m in Sources */ = {isa = PBXBuildFile; fileRef = 8C1390891315A3AF0059A716 /* EventoParser.m */; };
		8C5E0F171312ACB4003196F9 /* GTMIPhoneUnitTestDelegate.m in Sources */ = {isa = PBXBuildFile; fileRef = 8C5E0F0A1312ACB4003196F9 /* GTMIPhoneUnitTestDelegate.m */; };
		8C5E0F181312ACB4003196F9 /* GTMIPhoneUnitTestMain.m in Sources */ = {isa = PBXBuildFile; fileRef = 8C5E0F0B1312ACB4003196F9 /* GTMIPhoneUnitTestMain.m */; };
		8C5E0F191312ACB4003196F9 /* GTMObjC2Runtime.m in Sources */ = {isa = PBXBuildFile; fileRef = 8C5E0F0D1312ACB4003196F9 /* GTMObjC2Runtime.m */; };
		8C5E0F1A1312ACB4003196F9 /* GTMRegex.m in Sources */ = {isa = PBXBuildFile; fileRef = 8C5E0F0F1312ACB4003196F9 /* GTMRegex.m */; };
		8C5E0F1B1312ACB4003196F9 /* GTMSenTestCase.m in Sources */ = {isa = PBXBuildFile; fileRef = 8C5E0F111312ACB4003196F9 /* GTMSenTestCase.m */; };
		8C5E0F1C1312ACB4003196F9 /* GTMUnitTestDevLog.m in Sources */ = {isa = PBXBuildFile; fileRef = 8C5E0F131312ACB4003196F9 /* GTMUnitTestDevLog.m */; };
		8C5E0F1D1312ACB4003196F9 /* RunIPhoneLaunchDaemons.sh in Resources */ = {isa = PBXBuildFile; fileRef = 8C5E0F141312ACB4003196F9 /* RunIPhoneLaunchDaemons.sh */; };
		8C5E0F1E1312ACB4003196F9 /* RunIPhoneUnitTest.sh in Resources */ = {isa = PBXBuildFile; fileRef = 8C5E0F151312ACB4003196F9 /* RunIPhoneUnitTest.sh */; };
		8C5E0F1F1312ACB4003196F9 /* RunMacOSUnitTests.sh in Resources */ = {isa = PBXBuildFile; fileRef = 8C5E0F161312ACB4003196F9 /* RunMacOSUnitTests.sh */; };
		8C5E0F281312AE45003196F9 /* _GTMTest.m in Sources */ = {isa = PBXBuildFile; fileRef = 8C5E0F271312AE45003196F9 /* _GTMTest.m */; };
		8CEAA0C4131442F000C2370B /* eventos_json in Resources */ = {isa = PBXBuildFile; fileRef = 8CEAA0C3131442F000C2370B /* eventos_json */; };
		8CEAA41413154C0700C2370B /* NSObject+SBJSON.m in Sources */ = {isa = PBXBuildFile; fileRef = 8CEAA40B13154C0700C2370B /* NSObject+SBJSON.m */; };
		8CEAA41513154C0700C2370B /* NSString+SBJSON.m in Sources */ = {isa = PBXBuildFile; fileRef = 8CEAA40D13154C0700C2370B /* NSString+SBJSON.m */; };
		8CEAA41613154C0700C2370B /* SBJsonBase.m in Sources */ = {isa = PBXBuildFile; fileRef = 8CEAA40F13154C0700C2370B /* SBJsonBase.m */; };
		8CEAA41713154C0700C2370B /* SBJsonParser.m in Sources */ = {isa = PBXBuildFile; fileRef = 8CEAA41113154C0700C2370B /* SBJsonParser.m */; };
		8CEAA41813154C0700C2370B /* SBJsonWriter.m in Sources */ = {isa = PBXBuildFile; fileRef = 8CEAA41313154C0700C2370B /* SBJsonWriter.m */; };
		8CEAA41913154C0700C2370B /* NSObject+SBJSON.m in Sources */ = {isa = PBXBuildFile; fileRef = 8CEAA40B13154C0700C2370B /* NSObject+SBJSON.m */; };
		8CEAA41A13154C0700C2370B /* NSString+SBJSON.m in Sources */ = {isa = PBXBuildFile; fileRef = 8CEAA40D13154C0700C2370B /* NSString+SBJSON.m */; };
		8CEAA41B13154C0700C2370B /* SBJsonBase.m in Sources */ = {isa = PBXBuildFile; fileRef = 8CEAA40F13154C0700C2370B /* SBJsonBase.m */; };
		8CEAA41C13154C0700C2370B /* SBJsonParser.m in Sources */ = {isa = PBXBuildFile; fileRef = 8CEAA41113154C0700C2370B /* SBJsonParser.m */; };
		8CEAA41D13154C0700C2370B /* SBJsonWriter.m in Sources */ = {isa = PBXBuildFile; fileRef = 8CEAA41313154C0700C2370B /* SBJsonWriter.m */; };
		8CEAA6731315860900C2370B /* eventos_json_1 in Resources */ = {isa = PBXBuildFile; fileRef = 8CEAA6721315860900C2370B /* eventos_json_1 */; };
		8CEAA7241315914B00C2370B /* AgendaTech.m in Sources */ = {isa = PBXBuildFile; fileRef = 8CEAA7231315914B00C2370B /* AgendaTech.m */; };
		8CEAA7251315914B00C2370B /* AgendaTech.m in Sources */ = {isa = PBXBuildFile; fileRef = 8CEAA7231315914B00C2370B /* AgendaTech.m */; };
		8CEAA74E1315927D00C2370B /* ClientMock.m in Sources */ = {isa = PBXBuildFile; fileRef = 8CEAA74D1315927D00C2370B /* ClientMock.m */; };
		8CEAA75A131592BA00C2370B /* ServiceMock.m in Sources */ = {isa = PBXBuildFile; fileRef = 8CEAA759131592BA00C2370B /* ServiceMock.m */; };
		8CEAA79D131594EB00C2370B /* AgendaTechServiceTests.m in Sources */ = {isa = PBXBuildFile; fileRef = 8CEAA79C131594EB00C2370B /* AgendaTechServiceTests.m */; };
/* End PBXBuildFile section */

/* Begin PBXContainerItemProxy section */
		8C5E0EF41312AC79003196F9 /* PBXContainerItemProxy */ = {
			isa = PBXContainerItemProxy;
			containerPortal = 29B97313FDCFA39411CA2CEA /* Project object */;
			proxyType = 1;
			remoteGlobalIDString = 8C5E0EEB1312AC39003196F9;
			remoteInfo = Tests;
		};
/* End PBXContainerItemProxy section */

/* Begin PBXFileReference section */
		1D30AB110D05D00D00671497 /* Foundation.framework */ = {isa = PBXFileReference; lastKnownFileType = wrapper.framework; name = Foundation.framework; path = System/Library/Frameworks/Foundation.framework; sourceTree = SDKROOT; };
		1D3623240D0F684500981E51 /* iAgendaTechAppDelegate.h */ = {isa = PBXFileReference; fileEncoding = 4; lastKnownFileType = sourcecode.c.h; path = iAgendaTechAppDelegate.h; sourceTree = "<group>"; };
		1D3623250D0F684500981E51 /* iAgendaTechAppDelegate.m */ = {isa = PBXFileReference; fileEncoding = 4; lastKnownFileType = sourcecode.c.objc; path = iAgendaTechAppDelegate.m; sourceTree = "<group>"; };
		1D6058910D05DD3D006BFB54 /* iAgendaTech.app */ = {isa = PBXFileReference; explicitFileType = wrapper.application; includeInIndex = 0; path = iAgendaTech.app; sourceTree = BUILT_PRODUCTS_DIR; };
		1DF5F4DF0D08C38300B7A737 /* UIKit.framework */ = {isa = PBXFileReference; lastKnownFileType = wrapper.framework; name = UIKit.framework; path = System/Library/Frameworks/UIKit.framework; sourceTree = SDKROOT; };
		288765FC0DF74451002DB57D /* CoreGraphics.framework */ = {isa = PBXFileReference; lastKnownFileType = wrapper.framework; name = CoreGraphics.framework; path = System/Library/Frameworks/CoreGraphics.framework; sourceTree = SDKROOT; };
		28AD733E0D9D9553002E5188 /* MainWindow.xib */ = {isa = PBXFileReference; lastKnownFileType = file.xib; path = MainWindow.xib; sourceTree = "<group>"; };
		29B97316FDCFA39411CA2CEA /* main.m */ = {isa = PBXFileReference; fileEncoding = 4; lastKnownFileType = sourcecode.c.objc; path = main.m; sourceTree = "<group>"; };
		32CA4F630368D1EE00C91783 /* iAgendaTech_Prefix.pch */ = {isa = PBXFileReference; fileEncoding = 4; lastKnownFileType = sourcecode.c.h; path = iAgendaTech_Prefix.pch; sourceTree = "<group>"; };
		8C13903913159D410059A716 /* Evento.h */ = {isa = PBXFileReference; fileEncoding = 4; lastKnownFileType = sourcecode.c.h; path = Evento.h; sourceTree = "<group>"; };
		8C13903A13159D410059A716 /* Evento.m */ = {isa = PBXFileReference; fileEncoding = 4; lastKnownFileType = sourcecode.c.objc; path = Evento.m; sourceTree = "<group>"; };
		8C13906E1315A14A0059A716 /* AgendaTechServiceDelegate.h */ = {isa = PBXFileReference; fileEncoding = 4; lastKnownFileType = sourcecode.c.h; path = AgendaTechServiceDelegate.h; sourceTree = "<group>"; };
		8C1390801315A20B0059A716 /* ParserTests.m */ = {isa = PBXFileReference; fileEncoding = 4; lastKnownFileType = sourcecode.c.objc; path = ParserTests.m; sourceTree = "<group>"; };
		8C1390881315A3AF0059A716 /* EventoParser.h */ = {isa = PBXFileReference; fileEncoding = 4; lastKnownFileType = sourcecode.c.h; path = EventoParser.h; sourceTree = "<group>"; };
		8C1390891315A3AF0059A716 /* EventoParser.m */ = {isa = PBXFileReference; fileEncoding = 4; lastKnownFileType = sourcecode.c.objc; path = EventoParser.m; sourceTree = "<group>"; };
		8C5E0EEC1312AC39003196F9 /* Tests.app */ = {isa = PBXFileReference; explicitFileType = wrapper.application; includeInIndex = 0; path = Tests.app; sourceTree = BUILT_PRODUCTS_DIR; };
		8C5E0EEE1312AC39003196F9 /* Tests-Info.plist */ = {isa = PBXFileReference; lastKnownFileType = text.plist.xml; path = "Tests-Info.plist"; sourceTree = "<group>"; };
		8C5E0F081312ACB4003196F9 /* GTMDefines.h */ = {isa = PBXFileReference; fileEncoding = 4; lastKnownFileType = sourcecode.c.h; path = GTMDefines.h; sourceTree = "<group>"; };
		8C5E0F091312ACB4003196F9 /* GTMIPhoneUnitTestDelegate.h */ = {isa = PBXFileReference; fileEncoding = 4; lastKnownFileType = sourcecode.c.h; path = GTMIPhoneUnitTestDelegate.h; sourceTree = "<group>"; };
		8C5E0F0A1312ACB4003196F9 /* GTMIPhoneUnitTestDelegate.m */ = {isa = PBXFileReference; fileEncoding = 4; lastKnownFileType = sourcecode.c.objc; path = GTMIPhoneUnitTestDelegate.m; sourceTree = "<group>"; };
		8C5E0F0B1312ACB4003196F9 /* GTMIPhoneUnitTestMain.m */ = {isa = PBXFileReference; fileEncoding = 4; lastKnownFileType = sourcecode.c.objc; path = GTMIPhoneUnitTestMain.m; sourceTree = "<group>"; };
		8C5E0F0C1312ACB4003196F9 /* GTMObjC2Runtime.h */ = {isa = PBXFileReference; fileEncoding = 4; lastKnownFileType = sourcecode.c.h; path = GTMObjC2Runtime.h; sourceTree = "<group>"; };
		8C5E0F0D1312ACB4003196F9 /* GTMObjC2Runtime.m */ = {isa = PBXFileReference; fileEncoding = 4; lastKnownFileType = sourcecode.c.objc; path = GTMObjC2Runtime.m; sourceTree = "<group>"; };
		8C5E0F0E1312ACB4003196F9 /* GTMRegex.h */ = {isa = PBXFileReference; fileEncoding = 4; lastKnownFileType = sourcecode.c.h; path = GTMRegex.h; sourceTree = "<group>"; };
		8C5E0F0F1312ACB4003196F9 /* GTMRegex.m */ = {isa = PBXFileReference; fileEncoding = 4; lastKnownFileType = sourcecode.c.objc; path = GTMRegex.m; sourceTree = "<group>"; };
		8C5E0F101312ACB4003196F9 /* GTMSenTestCase.h */ = {isa = PBXFileReference; fileEncoding = 4; lastKnownFileType = sourcecode.c.h; path = GTMSenTestCase.h; sourceTree = "<group>"; };
		8C5E0F111312ACB4003196F9 /* GTMSenTestCase.m */ = {isa = PBXFileReference; fileEncoding = 4; lastKnownFileType = sourcecode.c.objc; path = GTMSenTestCase.m; sourceTree = "<group>"; };
		8C5E0F121312ACB4003196F9 /* GTMUnitTestDevLog.h */ = {isa = PBXFileReference; fileEncoding = 4; lastKnownFileType = sourcecode.c.h; path = GTMUnitTestDevLog.h; sourceTree = "<group>"; };
		8C5E0F131312ACB4003196F9 /* GTMUnitTestDevLog.m */ = {isa = PBXFileReference; fileEncoding = 4; lastKnownFileType = sourcecode.c.objc; path = GTMUnitTestDevLog.m; sourceTree = "<group>"; };
		8C5E0F141312ACB4003196F9 /* RunIPhoneLaunchDaemons.sh */ = {isa = PBXFileReference; fileEncoding = 4; lastKnownFileType = text.script.sh; path = RunIPhoneLaunchDaemons.sh; sourceTree = "<group>"; };
		8C5E0F151312ACB4003196F9 /* RunIPhoneUnitTest.sh */ = {isa = PBXFileReference; fileEncoding = 4; lastKnownFileType = text.script.sh; path = RunIPhoneUnitTest.sh; sourceTree = "<group>"; };
		8C5E0F161312ACB4003196F9 /* RunMacOSUnitTests.sh */ = {isa = PBXFileReference; fileEncoding = 4; lastKnownFileType = text.script.sh; path = RunMacOSUnitTests.sh; sourceTree = "<group>"; };
		8C5E0F271312AE45003196F9 /* _GTMTest.m */ = {isa = PBXFileReference; fileEncoding = 4; lastKnownFileType = sourcecode.c.objc; path = _GTMTest.m; sourceTree = "<group>"; };
		8CEAA0C3131442F000C2370B /* eventos_json */ = {isa = PBXFileReference; fileEncoding = 4; lastKnownFileType = text; path = eventos_json; sourceTree = "<group>"; };
		8CEAA40913154C0700C2370B /* JSON.h */ = {isa = PBXFileReference; fileEncoding = 4; lastKnownFileType = sourcecode.c.h; path = JSON.h; sourceTree = "<group>"; };
		8CEAA40A13154C0700C2370B /* NSObject+SBJSON.h */ = {isa = PBXFileReference; fileEncoding = 4; lastKnownFileType = sourcecode.c.h; path = "NSObject+SBJSON.h"; sourceTree = "<group>"; };
		8CEAA40B13154C0700C2370B /* NSObject+SBJSON.m */ = {isa = PBXFileReference; fileEncoding = 4; lastKnownFileType = sourcecode.c.objc; path = "NSObject+SBJSON.m"; sourceTree = "<group>"; };
		8CEAA40C13154C0700C2370B /* NSString+SBJSON.h */ = {isa = PBXFileReference; fileEncoding = 4; lastKnownFileType = sourcecode.c.h; path = "NSString+SBJSON.h"; sourceTree = "<group>"; };
		8CEAA40D13154C0700C2370B /* NSString+SBJSON.m */ = {isa = PBXFileReference; fileEncoding = 4; lastKnownFileType = sourcecode.c.objc; path = "NSString+SBJSON.m"; sourceTree = "<group>"; };
		8CEAA40E13154C0700C2370B /* SBJsonBase.h */ = {isa = PBXFileReference; fileEncoding = 4; lastKnownFileType = sourcecode.c.h; path = SBJsonBase.h; sourceTree = "<group>"; };
		8CEAA40F13154C0700C2370B /* SBJsonBase.m */ = {isa = PBXFileReference; fileEncoding = 4; lastKnownFileType = sourcecode.c.objc; path = SBJsonBase.m; sourceTree = "<group>"; };
		8CEAA41013154C0700C2370B /* SBJsonParser.h */ = {isa = PBXFileReference; fileEncoding = 4; lastKnownFileType = sourcecode.c.h; path = SBJsonParser.h; sourceTree = "<group>"; };
		8CEAA41113154C0700C2370B /* SBJsonParser.m */ = {isa = PBXFileReference; fileEncoding = 4; lastKnownFileType = sourcecode.c.objc; path = SBJsonParser.m; sourceTree = "<group>"; };
		8CEAA41213154C0700C2370B /* SBJsonWriter.h */ = {isa = PBXFileReference; fileEncoding = 4; lastKnownFileType = sourcecode.c.h; path = SBJsonWriter.h; sourceTree = "<group>"; };
		8CEAA41313154C0700C2370B /* SBJsonWriter.m */ = {isa = PBXFileReference; fileEncoding = 4; lastKnownFileType = sourcecode.c.objc; path = SBJsonWriter.m; sourceTree = "<group>"; };
		8CEAA6721315860900C2370B /* eventos_json_1 */ = {isa = PBXFileReference; fileEncoding = 4; lastKnownFileType = text; path = eventos_json_1; sourceTree = "<group>"; };
		8CEAA7221315914B00C2370B /* AgendaTech.h */ = {isa = PBXFileReference; fileEncoding = 4; lastKnownFileType = sourcecode.c.h; path = AgendaTech.h; sourceTree = "<group>"; };
		8CEAA7231315914B00C2370B /* AgendaTech.m */ = {isa = PBXFileReference; fileEncoding = 4; lastKnownFileType = sourcecode.c.objc; path = AgendaTech.m; sourceTree = "<group>"; };
		8CEAA73B131591EB00C2370B /* AgendaTechService.h */ = {isa = PBXFileReference; fileEncoding = 4; lastKnownFileType = sourcecode.c.h; path = AgendaTechService.h; sourceTree = "<group>"; };
		8CEAA73C131591F600C2370B /* AgendaTechClient.h */ = {isa = PBXFileReference; fileEncoding = 4; lastKnownFileType = sourcecode.c.h; path = AgendaTechClient.h; sourceTree = "<group>"; };
		8CEAA74C1315927D00C2370B /* ClientMock.h */ = {isa = PBXFileReference; fileEncoding = 4; lastKnownFileType = sourcecode.c.h; path = ClientMock.h; sourceTree = "<group>"; };
		8CEAA74D1315927D00C2370B /* ClientMock.m */ = {isa = PBXFileReference; fileEncoding = 4; lastKnownFileType = sourcecode.c.objc; path = ClientMock.m; sourceTree = "<group>"; };
		8CEAA758131592BA00C2370B /* ServiceMock.h */ = {isa = PBXFileReference; fileEncoding = 4; lastKnownFileType = sourcecode.c.h; path = ServiceMock.h; sourceTree = "<group>"; };
		8CEAA759131592BA00C2370B /* ServiceMock.m */ = {isa = PBXFileReference; fileEncoding = 4; lastKnownFileType = sourcecode.c.objc; path = ServiceMock.m; sourceTree = "<group>"; };
		8CEAA79C131594EB00C2370B /* AgendaTechServiceTests.m */ = {isa = PBXFileReference; fileEncoding = 4; lastKnownFileType = sourcecode.c.objc; path = AgendaTechServiceTests.m; sourceTree = "<group>"; };
		8D1107310486CEB800E47090 /* iAgendaTech-Info.plist */ = {isa = PBXFileReference; fileEncoding = 4; lastKnownFileType = text.plist.xml; path = "iAgendaTech-Info.plist"; plistStructureDefinitionIdentifier = "com.apple.xcode.plist.structure-definition.iphone.info-plist"; sourceTree = "<group>"; };
/* End PBXFileReference section */

/* Begin PBXFrameworksBuildPhase section */
		1D60588F0D05DD3D006BFB54 /* Frameworks */ = {
			isa = PBXFrameworksBuildPhase;
			buildActionMask = 2147483647;
			files = (
				1D60589F0D05DD5A006BFB54 /* Foundation.framework in Frameworks */,
				1DF5F4E00D08C38300B7A737 /* UIKit.framework in Frameworks */,
				288765FD0DF74451002DB57D /* CoreGraphics.framework in Frameworks */,
			);
			runOnlyForDeploymentPostprocessing = 0;
		};
		8C5E0EEA1312AC39003196F9 /* Frameworks */ = {
			isa = PBXFrameworksBuildPhase;
			buildActionMask = 2147483647;
			files = (
			);
			runOnlyForDeploymentPostprocessing = 0;
		};
/* End PBXFrameworksBuildPhase section */

/* Begin PBXGroup section */
		080E96DDFE201D6D7F000001 /* Classes */ = {
			isa = PBXGroup;
			children = (
				1D3623240D0F684500981E51 /* iAgendaTechAppDelegate.h */,
				1D3623250D0F684500981E51 /* iAgendaTechAppDelegate.m */,
			);
			path = Classes;
			sourceTree = "<group>";
		};
		19C28FACFE9D520D11CA2CBB /* Products */ = {
			isa = PBXGroup;
			children = (
				1D6058910D05DD3D006BFB54 /* iAgendaTech.app */,
				8C5E0EEC1312AC39003196F9 /* Tests.app */,
			);
			name = Products;
			sourceTree = "<group>";
		};
		29B97314FDCFA39411CA2CEA /* CustomTemplate */ = {
			isa = PBXGroup;
			children = (
				8CEAA08813143FE500C2370B /* lib */,
				8C5E0EE71312AC08003196F9 /* Tests */,
				8C5E0EE21312AB95003196F9 /* src */,
				080E96DDFE201D6D7F000001 /* Classes */,
				29B97315FDCFA39411CA2CEA /* Other Sources */,
				29B97317FDCFA39411CA2CEA /* Resources */,
				29B97323FDCFA39411CA2CEA /* Frameworks */,
				19C28FACFE9D520D11CA2CBB /* Products */,
				8C5E0EEE1312AC39003196F9 /* Tests-Info.plist */,
			);
			name = CustomTemplate;
			sourceTree = "<group>";
		};
		29B97315FDCFA39411CA2CEA /* Other Sources */ = {
			isa = PBXGroup;
			children = (
				32CA4F630368D1EE00C91783 /* iAgendaTech_Prefix.pch */,
				29B97316FDCFA39411CA2CEA /* main.m */,
			);
			name = "Other Sources";
			sourceTree = "<group>";
		};
		29B97317FDCFA39411CA2CEA /* Resources */ = {
			isa = PBXGroup;
			children = (
				28AD733E0D9D9553002E5188 /* MainWindow.xib */,
				8D1107310486CEB800E47090 /* iAgendaTech-Info.plist */,
			);
			name = Resources;
			sourceTree = "<group>";
		};
		29B97323FDCFA39411CA2CEA /* Frameworks */ = {
			isa = PBXGroup;
			children = (
				1DF5F4DF0D08C38300B7A737 /* UIKit.framework */,
				1D30AB110D05D00D00671497 /* Foundation.framework */,
				288765FC0DF74451002DB57D /* CoreGraphics.framework */,
			);
			name = Frameworks;
			sourceTree = "<group>";
		};
		8C13903813159D320059A716 /* Model */ = {
			isa = PBXGroup;
			children = (
				8C13903913159D410059A716 /* Evento.h */,
				8C13903A13159D410059A716 /* Evento.m */,
			);
			name = Model;
			sourceTree = "<group>";
		};
		8C4984301312D8D10056AB2F /* Service */ = {
			isa = PBXGroup;
			children = (
				8CEAA73B131591EB00C2370B /* AgendaTechService.h */,
				8CEAA73C131591F600C2370B /* AgendaTechClient.h */,
				8C13906E1315A14A0059A716 /* AgendaTechServiceDelegate.h */,
				8C1390881315A3AF0059A716 /* EventoParser.h */,
				8C1390891315A3AF0059A716 /* EventoParser.m */,
			);
			name = Service;
			sourceTree = "<group>";
		};
		8C5E0EE21312AB95003196F9 /* src */ = {
			isa = PBXGroup;
			children = (
				8C13903813159D320059A716 /* Model */,
				8C4984301312D8D10056AB2F /* Service */,
				8CEAA7221315914B00C2370B /* AgendaTech.h */,
				8CEAA7231315914B00C2370B /* AgendaTech.m */,
			);
			path = src;
			sourceTree = "<group>";
		};
		8C5E0EE71312AC08003196F9 /* Tests */ = {
			isa = PBXGroup;
			children = (
				8CEAA0B8131442A800C2370B /* fixtures */,
				8C5E0F071312ACB4003196F9 /* GTM */,
				8C5E0FA01312B54D003196F9 /* Mocks */,
				8C5E0F271312AE45003196F9 /* _GTMTest.m */,
				8CEAA79C131594EB00C2370B /* AgendaTechServiceTests.m */,
				8C1390801315A20B0059A716 /* ParserTests.m */,
			);
			path = Tests;
			sourceTree = "<group>";
		};
		8C5E0F071312ACB4003196F9 /* GTM */ = {
			isa = PBXGroup;
			children = (
				8C5E0F081312ACB4003196F9 /* GTMDefines.h */,
				8C5E0F091312ACB4003196F9 /* GTMIPhoneUnitTestDelegate.h */,
				8C5E0F0A1312ACB4003196F9 /* GTMIPhoneUnitTestDelegate.m */,
				8C5E0F0B1312ACB4003196F9 /* GTMIPhoneUnitTestMain.m */,
				8C5E0F0C1312ACB4003196F9 /* GTMObjC2Runtime.h */,
				8C5E0F0D1312ACB4003196F9 /* GTMObjC2Runtime.m */,
				8C5E0F0E1312ACB4003196F9 /* GTMRegex.h */,
				8C5E0F0F1312ACB4003196F9 /* GTMRegex.m */,
				8C5E0F101312ACB4003196F9 /* GTMSenTestCase.h */,
				8C5E0F111312ACB4003196F9 /* GTMSenTestCase.m */,
				8C5E0F121312ACB4003196F9 /* GTMUnitTestDevLog.h */,
				8C5E0F131312ACB4003196F9 /* GTMUnitTestDevLog.m */,
				8C5E0F141312ACB4003196F9 /* RunIPhoneLaunchDaemons.sh */,
				8C5E0F151312ACB4003196F9 /* RunIPhoneUnitTest.sh */,
				8C5E0F161312ACB4003196F9 /* RunMacOSUnitTests.sh */,
			);
			name = GTM;
			path = Vendor/GTM;
			sourceTree = SOURCE_ROOT;
		};
		8C5E0FA01312B54D003196F9 /* Mocks */ = {
			isa = PBXGroup;
			children = (
				8CEAA74C1315927D00C2370B /* ClientMock.h */,
				8CEAA74D1315927D00C2370B /* ClientMock.m */,
				8CEAA758131592BA00C2370B /* ServiceMock.h */,
				8CEAA759131592BA00C2370B /* ServiceMock.m */,
			);
			name = Mocks;
			sourceTree = "<group>";
		};
		8CEAA08813143FE500C2370B /* lib */ = {
			isa = PBXGroup;
			children = (
				8CEAA40813154C0700C2370B /* json-framework */,
			);
			name = lib;
			sourceTree = "<group>";
		};
		8CEAA0B8131442A800C2370B /* fixtures */ = {
			isa = PBXGroup;
			children = (
				8CEAA0C3131442F000C2370B /* eventos_json */,
				8CEAA6721315860900C2370B /* eventos_json_1 */,
			);
			path = fixtures;
			sourceTree = "<group>";
		};
		8CEAA40813154C0700C2370B /* json-framework */ = {
			isa = PBXGroup;
			children = (
				8CEAA40913154C0700C2370B /* JSON.h */,
				8CEAA40A13154C0700C2370B /* NSObject+SBJSON.h */,
				8CEAA40B13154C0700C2370B /* NSObject+SBJSON.m */,
				8CEAA40C13154C0700C2370B /* NSString+SBJSON.h */,
				8CEAA40D13154C0700C2370B /* NSString+SBJSON.m */,
				8CEAA40E13154C0700C2370B /* SBJsonBase.h */,
				8CEAA40F13154C0700C2370B /* SBJsonBase.m */,
				8CEAA41013154C0700C2370B /* SBJsonParser.h */,
				8CEAA41113154C0700C2370B /* SBJsonParser.m */,
				8CEAA41213154C0700C2370B /* SBJsonWriter.h */,
				8CEAA41313154C0700C2370B /* SBJsonWriter.m */,
			);
			name = "json-framework";
			path = "Vendor/json-framework";
			sourceTree = "<group>";
		};
/* End PBXGroup section */

/* Begin PBXNativeTarget section */
		1D6058900D05DD3D006BFB54 /* iAgendaTech */ = {
			isa = PBXNativeTarget;
			buildConfigurationList = 1D6058960D05DD3E006BFB54 /* Build configuration list for PBXNativeTarget "iAgendaTech" */;
			buildPhases = (
				1D60588D0D05DD3D006BFB54 /* Resources */,
				1D60588E0D05DD3D006BFB54 /* Sources */,
				1D60588F0D05DD3D006BFB54 /* Frameworks */,
			);
			buildRules = (
			);
			dependencies = (
				8C5E0EF51312AC79003196F9 /* PBXTargetDependency */,
			);
			name = iAgendaTech;
			productName = iAgendaTech;
			productReference = 1D6058910D05DD3D006BFB54 /* iAgendaTech.app */;
			productType = "com.apple.product-type.application";
		};
		8C5E0EEB1312AC39003196F9 /* Tests */ = {
			isa = PBXNativeTarget;
			buildConfigurationList = 8C5E0EF11312AC39003196F9 /* Build configuration list for PBXNativeTarget "Tests" */;
			buildPhases = (
				8C5E0EE81312AC39003196F9 /* Resources */,
				8C5E0EE91312AC39003196F9 /* Sources */,
				8C5E0EEA1312AC39003196F9 /* Frameworks */,
				8C5E0EF71312AC81003196F9 /* ShellScript */,
			);
			buildRules = (
			);
			dependencies = (
			);
			name = Tests;
			productName = Tests;
			productReference = 8C5E0EEC1312AC39003196F9 /* Tests.app */;
			productType = "com.apple.product-type.application";
		};
/* End PBXNativeTarget section */

/* Begin PBXProject section */
		29B97313FDCFA39411CA2CEA /* Project object */ = {
			isa = PBXProject;
			attributes = {
				ORGANIZATIONNAME = _;
			};
			buildConfigurationList = C01FCF4E08A954540054247B /* Build configuration list for PBXProject "iAgendaTech" */;
			compatibilityVersion = "Xcode 3.1";
			developmentRegion = English;
			hasScannedForEncodings = 1;
			knownRegions = (
				English,
				Japanese,
				French,
				German,
			);
			mainGroup = 29B97314FDCFA39411CA2CEA /* CustomTemplate */;
			projectDirPath = "";
			projectRoot = "";
			targets = (
				1D6058900D05DD3D006BFB54 /* iAgendaTech */,
				8C5E0EEB1312AC39003196F9 /* Tests */,
			);
		};
/* End PBXProject section */

/* Begin PBXResourcesBuildPhase section */
		1D60588D0D05DD3D006BFB54 /* Resources */ = {
			isa = PBXResourcesBuildPhase;
			buildActionMask = 2147483647;
			files = (
				28AD733F0D9D9553002E5188 /* MainWindow.xib in Resources */,
			);
			runOnlyForDeploymentPostprocessing = 0;
		};
		8C5E0EE81312AC39003196F9 /* Resources */ = {
			isa = PBXResourcesBuildPhase;
			buildActionMask = 2147483647;
			files = (
				8C5E0F1D1312ACB4003196F9 /* RunIPhoneLaunchDaemons.sh in Resources */,
				8C5E0F1E1312ACB4003196F9 /* RunIPhoneUnitTest.sh in Resources */,
				8C5E0F1F1312ACB4003196F9 /* RunMacOSUnitTests.sh in Resources */,
				8CEAA0C4131442F000C2370B /* eventos_json in Resources */,
				8CEAA6731315860900C2370B /* eventos_json_1 in Resources */,
			);
			runOnlyForDeploymentPostprocessing = 0;
		};
/* End PBXResourcesBuildPhase section */

/* Begin PBXShellScriptBuildPhase section */
		8C5E0EF71312AC81003196F9 /* ShellScript */ = {
			isa = PBXShellScriptBuildPhase;
			buildActionMask = 2147483647;
			files = (
			);
			inputPaths = (
			);
			outputPaths = (
			);
			runOnlyForDeploymentPostprocessing = 0;
			shellPath = /bin/sh;
			shellScript = ./Vendor/GTM/RunIPhoneUnitTest.sh;
		};
/* End PBXShellScriptBuildPhase section */

/* Begin PBXSourcesBuildPhase section */
		1D60588E0D05DD3D006BFB54 /* Sources */ = {
			isa = PBXSourcesBuildPhase;
			buildActionMask = 2147483647;
			files = (
				1D60589B0D05DD56006BFB54 /* main.m in Sources */,
				1D3623260D0F684500981E51 /* iAgendaTechAppDelegate.m in Sources */,
				8CEAA41913154C0700C2370B /* NSObject+SBJSON.m in Sources */,
				8CEAA41A13154C0700C2370B /* NSString+SBJSON.m in Sources */,
				8CEAA41B13154C0700C2370B /* SBJsonBase.m in Sources */,
				8CEAA41C13154C0700C2370B /* SBJsonParser.m in Sources */,
				8CEAA41D13154C0700C2370B /* SBJsonWriter.m in Sources */,
				8CEAA7241315914B00C2370B /* AgendaTech.m in Sources */,
				8C13903C13159D410059A716 /* Evento.m in Sources */,
				8C13908B1315A3AF0059A716 /* EventoParser.m in Sources */,
			);
			runOnlyForDeploymentPostprocessing = 0;
		};
		8C5E0EE91312AC39003196F9 /* Sources */ = {
			isa = PBXSourcesBuildPhase;
			buildActionMask = 2147483647;
			files = (
				8C5E0F171312ACB4003196F9 /* GTMIPhoneUnitTestDelegate.m in Sources */,
				8C5E0F181312ACB4003196F9 /* GTMIPhoneUnitTestMain.m in Sources */,
				8C5E0F191312ACB4003196F9 /* GTMObjC2Runtime.m in Sources */,
				8C5E0F1A1312ACB4003196F9 /* GTMRegex.m in Sources */,
				8C5E0F1B1312ACB4003196F9 /* GTMSenTestCase.m in Sources */,
				8C5E0F1C1312ACB4003196F9 /* GTMUnitTestDevLog.m in Sources */,
				8C5E0F281312AE45003196F9 /* _GTMTest.m in Sources */,
				8CEAA41413154C0700C2370B /* NSObject+SBJSON.m in Sources */,
				8CEAA41513154C0700C2370B /* NSString+SBJSON.m in Sources */,
				8CEAA41613154C0700C2370B /* SBJsonBase.m in Sources */,
				8CEAA41713154C0700C2370B /* SBJsonParser.m in Sources */,
				8CEAA41813154C0700C2370B /* SBJsonWriter.m in Sources */,
				8CEAA7251315914B00C2370B /* AgendaTech.m in Sources */,
				8CEAA74E1315927D00C2370B /* ClientMock.m in Sources */,
				8CEAA75A131592BA00C2370B /* ServiceMock.m in Sources */,
				8CEAA79D131594EB00C2370B /* AgendaTechServiceTests.m in Sources */,
				8C13903B13159D410059A716 /* Evento.m in Sources */,
				8C1390811315A20B0059A716 /* ParserTests.m in Sources */,
				8C13908A1315A3AF0059A716 /* EventoParser.m in Sources */,
			);
			runOnlyForDeploymentPostprocessing = 0;
		};
/* End PBXSourcesBuildPhase section */

/* Begin PBXTargetDependency section */
		8C5E0EF51312AC79003196F9 /* PBXTargetDependency */ = {
			isa = PBXTargetDependency;
			target = 8C5E0EEB1312AC39003196F9 /* Tests */;
			targetProxy = 8C5E0EF41312AC79003196F9 /* PBXContainerItemProxy */;
		};
/* End PBXTargetDependency section */

/* Begin XCBuildConfiguration section */
		1D6058940D05DD3E006BFB54 /* Debug */ = {
			isa = XCBuildConfiguration;
			buildSettings = {
				ALWAYS_SEARCH_USER_PATHS = NO;
				COPY_PHASE_STRIP = NO;
				GCC_DYNAMIC_NO_PIC = NO;
				GCC_OPTIMIZATION_LEVEL = 0;
				GCC_PRECOMPILE_PREFIX_HEADER = YES;
				GCC_PREFIX_HEADER = iAgendaTech_Prefix.pch;
				INFOPLIST_FILE = "iAgendaTech-Info.plist";
				PRODUCT_NAME = iAgendaTech;
			};
			name = Debug;
		};
		1D6058950D05DD3E006BFB54 /* Release */ = {
			isa = XCBuildConfiguration;
			buildSettings = {
				ALWAYS_SEARCH_USER_PATHS = NO;
				COPY_PHASE_STRIP = YES;
				GCC_PRECOMPILE_PREFIX_HEADER = YES;
				GCC_PREFIX_HEADER = iAgendaTech_Prefix.pch;
				INFOPLIST_FILE = "iAgendaTech-Info.plist";
				PRODUCT_NAME = iAgendaTech;
				VALIDATE_PRODUCT = YES;
			};
			name = Release;
		};
		8C5E0EEF1312AC39003196F9 /* Debug */ = {
			isa = XCBuildConfiguration;
			buildSettings = {
				ALWAYS_SEARCH_USER_PATHS = NO;
				CODE_SIGN_IDENTITY = "iPhone Developer";
				COPY_PHASE_STRIP = NO;
				GCC_DYNAMIC_NO_PIC = NO;
				GCC_OPTIMIZATION_LEVEL = 0;
				GCC_PRECOMPILE_PREFIX_HEADER = YES;
				GCC_PREFIX_HEADER = "$(SYSTEM_LIBRARY_DIR)/Frameworks/UIKit.framework/Headers/UIKit.h";
				INFOPLIST_FILE = "Tests-Info.plist";
				INSTALL_PATH = "$(HOME)/Applications";
				OTHER_LDFLAGS = (
					"-framework",
					Foundation,
					"-framework",
					UIKit,
				);
				PREBINDING = NO;
				PRODUCT_NAME = Tests;
				SDKROOT = iphoneos;
			};
			name = Debug;
		};
		8C5E0EF01312AC39003196F9 /* Release */ = {
			isa = XCBuildConfiguration;
			buildSettings = {
				ALWAYS_SEARCH_USER_PATHS = NO;
				CODE_SIGN_IDENTITY = "iPhone Developer";
				COPY_PHASE_STRIP = YES;
				DEBUG_INFORMATION_FORMAT = "dwarf-with-dsym";
				GCC_ENABLE_FIX_AND_CONTINUE = NO;
				GCC_PRECOMPILE_PREFIX_HEADER = YES;
				GCC_PREFIX_HEADER = "$(SYSTEM_LIBRARY_DIR)/Frameworks/UIKit.framework/Headers/UIKit.h";
				INFOPLIST_FILE = "Tests-Info.plist";
				INSTALL_PATH = "$(HOME)/Applications";
				OTHER_LDFLAGS = (
					"-framework",
					Foundation,
					"-framework",
					UIKit,
				);
				PREBINDING = NO;
				PRODUCT_NAME = Tests;
				SDKROOT = iphoneos;
				ZERO_LINK = NO;
			};
			name = Release;
		};
		C01FCF4F08A954540054247B /* Debug */ = {
			isa = XCBuildConfiguration;
			buildSettings = {
				ARCHS = "$(ARCHS_STANDARD_32_BIT)";
				"CODE_SIGN_IDENTITY[sdk=iphoneos*]" = "iPhone Developer";
				GCC_C_LANGUAGE_STANDARD = c99;
				GCC_WARN_ABOUT_RETURN_TYPE = YES;
				GCC_WARN_UNUSED_VARIABLE = YES;
				PREBINDING = NO;
				SDKROOT = iphoneos;
			};
			name = Debug;
		};
		C01FCF5008A954540054247B /* Release */ = {
			isa = XCBuildConfiguration;
			buildSettings = {
				ARCHS = "$(ARCHS_STANDARD_32_BIT)";
				"CODE_SIGN_IDENTITY[sdk=iphoneos*]" = "iPhone Developer";
				GCC_C_LANGUAGE_STANDARD = c99;
				GCC_WARN_ABOUT_RETURN_TYPE = YES;
				GCC_WARN_UNUSED_VARIABLE = YES;
				OTHER_CFLAGS = "-DNS_BLOCK_ASSERTIONS=1";
				PREBINDING = NO;
				SDKROOT = iphoneos;
			};
			name = Release;
		};
/* End XCBuildConfiguration section */

/* Begin XCConfigurationList section */
		1D6058960D05DD3E006BFB54 /* Build configuration list for PBXNativeTarget "iAgendaTech" */ = {
			isa = XCConfigurationList;
			buildConfigurations = (
				1D6058940D05DD3E006BFB54 /* Debug */,
				1D6058950D05DD3E006BFB54 /* Release */,
			);
			defaultConfigurationIsVisible = 0;
			defaultConfigurationName = Release;
		};
		8C5E0EF11312AC39003196F9 /* Build configuration list for PBXNativeTarget "Tests" */ = {
			isa = XCConfigurationList;
			buildConfigurations = (
				8C5E0EEF1312AC39003196F9 /* Debug */,
				8C5E0EF01312AC39003196F9 /* Release */,
			);
			defaultConfigurationIsVisible = 0;
			defaultConfigurationName = Release;
		};
		C01FCF4E08A954540054247B /* Build configuration list for PBXProject "iAgendaTech" */ = {
			isa = XCConfigurationList;
			buildConfigurations = (
				C01FCF4F08A954540054247B /* Debug */,
				C01FCF5008A954540054247B /* Release */,
			);
			defaultConfigurationIsVisible = 0;
			defaultConfigurationName = Release;
		};
/* End XCConfigurationList section */
	};
	rootObject = 29B97313FDCFA39411CA2CEA /* Project object */;
}
