// !$*UTF8*$!
{
	archiveVersion = 1;
	classes = {
	};
	objectVersion = 45;
	objects = {

/* Begin PBXBuildFile section */
		1D3623260D0F684500981E51 /* iAgendaTechAppDelegate.m in Sources */ = {isa = PBXBuildFile; fileRef = 1D3623250D0F684500981E51 /* iAgendaTechAppDelegate.m */; };
		1D60589B0D05DD56006BFB54 /* main.m in Sources */ = {isa = PBXBuildFile; fileRef = 29B97316FDCFA39411CA2CEA /* main.m */; };
		1D60589F0D05DD5A006BFB54 /* Foundation.framework in Frameworks */ = {isa = PBXBuildFile; fileRef = 1D30AB110D05D00D00671497 /* Foundation.framework */; };
		1DF5F4E00D08C38300B7A737 /* UIKit.framework in Frameworks */ = {isa = PBXBuildFile; fileRef = 1DF5F4DF0D08C38300B7A737 /* UIKit.framework */; };
		288765FD0DF74451002DB57D /* CoreGraphics.framework in Frameworks */ = {isa = PBXBuildFile; fileRef = 288765FC0DF74451002DB57D /* CoreGraphics.framework */; };
		28AD733F0D9D9553002E5188 /* MainWindow.xib in Resources */ = {isa = PBXBuildFile; fileRef = 28AD733E0D9D9553002E5188 /* MainWindow.xib */; };
		8C4984001312B7010056AB2F /* AgendaTechServiceTests.m in Sources */ = {isa = PBXBuildFile; fileRef = 8C4983FF1312B7010056AB2F /* AgendaTechServiceTests.m */; };
		8C4984171312D50D0056AB2F /* AgendaTechServiceConfiguration.m in Sources */ = {isa = PBXBuildFile; fileRef = 8C4984161312D50D0056AB2F /* AgendaTechServiceConfiguration.m */; };
		8C4984181312D50D0056AB2F /* AgendaTechServiceConfiguration.m in Sources */ = {isa = PBXBuildFile; fileRef = 8C4984161312D50D0056AB2F /* AgendaTechServiceConfiguration.m */; };
		8C4984381312D8F70056AB2F /* AgendaTechServiceResources.m in Sources */ = {isa = PBXBuildFile; fileRef = 8C4984371312D8F70056AB2F /* AgendaTechServiceResources.m */; };
		8C4984391312D8F70056AB2F /* AgendaTechServiceResources.m in Sources */ = {isa = PBXBuildFile; fileRef = 8C4984371312D8F70056AB2F /* AgendaTechServiceResources.m */; };
		8C4986241312EF890056AB2F /* AgendaTechMock.m in Sources */ = {isa = PBXBuildFile; fileRef = 8C4986231312EF890056AB2F /* AgendaTechMock.m */; };
		8C4986B91312FB060056AB2F /* AgendaTechClientMock.m in Sources */ = {isa = PBXBuildFile; fileRef = 8C4986B81312FB060056AB2F /* AgendaTechClientMock.m */; };
		8C5E0F171312ACB4003196F9 /* GTMIPhoneUnitTestDelegate.m in Sources */ = {isa = PBXBuildFile; fileRef = 8C5E0F0A1312ACB4003196F9 /* GTMIPhoneUnitTestDelegate.m */; };
		8C5E0F181312ACB4003196F9 /* GTMIPhoneUnitTestMain.m in Sources */ = {isa = PBXBuildFile; fileRef = 8C5E0F0B1312ACB4003196F9 /* GTMIPhoneUnitTestMain.m */; };
		8C5E0F191312ACB4003196F9 /* GTMObjC2Runtime.m in Sources */ = {isa = PBXBuildFile; fileRef = 8C5E0F0D1312ACB4003196F9 /* GTMObjC2Runtime.m */; };
		8C5E0F1A1312ACB4003196F9 /* GTMRegex.m in Sources */ = {isa = PBXBuildFile; fileRef = 8C5E0F0F1312ACB4003196F9 /* GTMRegex.m */; };
		8C5E0F1B1312ACB4003196F9 /* GTMSenTestCase.m in Sources */ = {isa = PBXBuildFile; fileRef = 8C5E0F111312ACB4003196F9 /* GTMSenTestCase.m */; };
		8C5E0F1C1312ACB4003196F9 /* GTMUnitTestDevLog.m in Sources */ = {isa = PBXBuildFile; fileRef = 8C5E0F131312ACB4003196F9 /* GTMUnitTestDevLog.m */; };
		8C5E0F1D1312ACB4003196F9 /* RunIPhoneLaunchDaemons.sh in Resources */ = {isa = PBXBuildFile; fileRef = 8C5E0F141312ACB4003196F9 /* RunIPhoneLaunchDaemons.sh */; };
		8C5E0F1E1312ACB4003196F9 /* RunIPhoneUnitTest.sh in Resources */ = {isa = PBXBuildFile; fileRef = 8C5E0F151312ACB4003196F9 /* RunIPhoneUnitTest.sh */; };
		8C5E0F1F1312ACB4003196F9 /* RunMacOSUnitTests.sh in Resources */ = {isa = PBXBuildFile; fileRef = 8C5E0F161312ACB4003196F9 /* RunMacOSUnitTests.sh */; };
		8C5E0F281312AE45003196F9 /* _GTMTest.m in Sources */ = {isa = PBXBuildFile; fileRef = 8C5E0F271312AE45003196F9 /* _GTMTest.m */; };
		8C5E0F3D1312B25D003196F9 /* AgendaTech.m in Sources */ = {isa = PBXBuildFile; fileRef = 8C5E0F3C1312B25D003196F9 /* AgendaTech.m */; };
		8C5E0F3E1312B25D003196F9 /* AgendaTech.m in Sources */ = {isa = PBXBuildFile; fileRef = 8C5E0F3C1312B25D003196F9 /* AgendaTech.m */; };
		8C5E0F7E1312B3CE003196F9 /* AgendaTechTests.m in Sources */ = {isa = PBXBuildFile; fileRef = 8C5E0F7D1312B3CE003196F9 /* AgendaTechTests.m */; };
		8C5E0FAB1312B5D9003196F9 /* AgendaTechServiceMock.m in Sources */ = {isa = PBXBuildFile; fileRef = 8C5E0FAA1312B5D9003196F9 /* AgendaTechServiceMock.m */; };
		8CEAA0A013143FFB00C2370B /* CDataScanner.m in Sources */ = {isa = PBXBuildFile; fileRef = 8CEAA08B13143FFB00C2370B /* CDataScanner.m */; };
		8CEAA0A113143FFB00C2370B /* CFilteringJSONSerializer.m in Sources */ = {isa = PBXBuildFile; fileRef = 8CEAA08E13143FFB00C2370B /* CFilteringJSONSerializer.m */; };
		8CEAA0A213143FFB00C2370B /* CJSONDeserializer_BlocksExtensions.m in Sources */ = {isa = PBXBuildFile; fileRef = 8CEAA09013143FFB00C2370B /* CJSONDeserializer_BlocksExtensions.m */; };
		8CEAA0A313143FFB00C2370B /* CJSONSerializedData.m in Sources */ = {isa = PBXBuildFile; fileRef = 8CEAA09213143FFB00C2370B /* CJSONSerializedData.m */; };
		8CEAA0A413143FFB00C2370B /* CDataScanner_Extensions.m in Sources */ = {isa = PBXBuildFile; fileRef = 8CEAA09513143FFB00C2370B /* CDataScanner_Extensions.m */; };
		8CEAA0A513143FFB00C2370B /* NSDictionary_JSONExtensions.m in Sources */ = {isa = PBXBuildFile; fileRef = 8CEAA09713143FFB00C2370B /* NSDictionary_JSONExtensions.m */; };
		8CEAA0A613143FFB00C2370B /* CJSONDeserializer.m in Sources */ = {isa = PBXBuildFile; fileRef = 8CEAA09A13143FFB00C2370B /* CJSONDeserializer.m */; };
		8CEAA0A713143FFB00C2370B /* CJSONScanner.m in Sources */ = {isa = PBXBuildFile; fileRef = 8CEAA09C13143FFB00C2370B /* CJSONScanner.m */; };
		8CEAA0A813143FFB00C2370B /* CJSONSerializer.m in Sources */ = {isa = PBXBuildFile; fileRef = 8CEAA09E13143FFB00C2370B /* CJSONSerializer.m */; };
		8CEAA0A913143FFB00C2370B /* CDataScanner.m in Sources */ = {isa = PBXBuildFile; fileRef = 8CEAA08B13143FFB00C2370B /* CDataScanner.m */; };
		8CEAA0AA13143FFB00C2370B /* CFilteringJSONSerializer.m in Sources */ = {isa = PBXBuildFile; fileRef = 8CEAA08E13143FFB00C2370B /* CFilteringJSONSerializer.m */; };
		8CEAA0AB13143FFB00C2370B /* CJSONDeserializer_BlocksExtensions.m in Sources */ = {isa = PBXBuildFile; fileRef = 8CEAA09013143FFB00C2370B /* CJSONDeserializer_BlocksExtensions.m */; };
		8CEAA0AC13143FFB00C2370B /* CJSONSerializedData.m in Sources */ = {isa = PBXBuildFile; fileRef = 8CEAA09213143FFB00C2370B /* CJSONSerializedData.m */; };
		8CEAA0AD13143FFB00C2370B /* CDataScanner_Extensions.m in Sources */ = {isa = PBXBuildFile; fileRef = 8CEAA09513143FFB00C2370B /* CDataScanner_Extensions.m */; };
		8CEAA0AE13143FFB00C2370B /* NSDictionary_JSONExtensions.m in Sources */ = {isa = PBXBuildFile; fileRef = 8CEAA09713143FFB00C2370B /* NSDictionary_JSONExtensions.m */; };
		8CEAA0AF13143FFB00C2370B /* CJSONDeserializer.m in Sources */ = {isa = PBXBuildFile; fileRef = 8CEAA09A13143FFB00C2370B /* CJSONDeserializer.m */; };
		8CEAA0B013143FFB00C2370B /* CJSONScanner.m in Sources */ = {isa = PBXBuildFile; fileRef = 8CEAA09C13143FFB00C2370B /* CJSONScanner.m */; };
		8CEAA0B113143FFB00C2370B /* CJSONSerializer.m in Sources */ = {isa = PBXBuildFile; fileRef = 8CEAA09E13143FFB00C2370B /* CJSONSerializer.m */; };
		8CEAA0C4131442F000C2370B /* eventos_json in Resources */ = {isa = PBXBuildFile; fileRef = 8CEAA0C3131442F000C2370B /* eventos_json */; };
		8CEAA10713144A7000C2370B /* Evento.m in Sources */ = {isa = PBXBuildFile; fileRef = 8CEAA10613144A7000C2370B /* Evento.m */; };
		8CEAA10813144A7000C2370B /* Evento.m in Sources */ = {isa = PBXBuildFile; fileRef = 8CEAA10613144A7000C2370B /* Evento.m */; };
/* End PBXBuildFile section */

/* Begin PBXContainerItemProxy section */
		8C5E0EF41312AC79003196F9 /* PBXContainerItemProxy */ = {
			isa = PBXContainerItemProxy;
			containerPortal = 29B97313FDCFA39411CA2CEA /* Project object */;
			proxyType = 1;
			remoteGlobalIDString = 8C5E0EEB1312AC39003196F9;
			remoteInfo = Tests;
		};
/* End PBXContainerItemProxy section */

/* Begin PBXFileReference section */
		1D30AB110D05D00D00671497 /* Foundation.framework */ = {isa = PBXFileReference; lastKnownFileType = wrapper.framework; name = Foundation.framework; path = System/Library/Frameworks/Foundation.framework; sourceTree = SDKROOT; };
		1D3623240D0F684500981E51 /* iAgendaTechAppDelegate.h */ = {isa = PBXFileReference; fileEncoding = 4; lastKnownFileType = sourcecode.c.h; path = iAgendaTechAppDelegate.h; sourceTree = "<group>"; };
		1D3623250D0F684500981E51 /* iAgendaTechAppDelegate.m */ = {isa = PBXFileReference; fileEncoding = 4; lastKnownFileType = sourcecode.c.objc; path = iAgendaTechAppDelegate.m; sourceTree = "<group>"; };
		1D6058910D05DD3D006BFB54 /* iAgendaTech.app */ = {isa = PBXFileReference; explicitFileType = wrapper.application; includeInIndex = 0; path = iAgendaTech.app; sourceTree = BUILT_PRODUCTS_DIR; };
		1DF5F4DF0D08C38300B7A737 /* UIKit.framework */ = {isa = PBXFileReference; lastKnownFileType = wrapper.framework; name = UIKit.framework; path = System/Library/Frameworks/UIKit.framework; sourceTree = SDKROOT; };
		288765FC0DF74451002DB57D /* CoreGraphics.framework */ = {isa = PBXFileReference; lastKnownFileType = wrapper.framework; name = CoreGraphics.framework; path = System/Library/Frameworks/CoreGraphics.framework; sourceTree = SDKROOT; };
		28AD733E0D9D9553002E5188 /* MainWindow.xib */ = {isa = PBXFileReference; lastKnownFileType = file.xib; path = MainWindow.xib; sourceTree = "<group>"; };
		29B97316FDCFA39411CA2CEA /* main.m */ = {isa = PBXFileReference; fileEncoding = 4; lastKnownFileType = sourcecode.c.objc; path = main.m; sourceTree = "<group>"; };
		32CA4F630368D1EE00C91783 /* iAgendaTech_Prefix.pch */ = {isa = PBXFileReference; fileEncoding = 4; lastKnownFileType = sourcecode.c.h; path = iAgendaTech_Prefix.pch; sourceTree = "<group>"; };
		8C4983FF1312B7010056AB2F /* AgendaTechServiceTests.m */ = {isa = PBXFileReference; fileEncoding = 4; lastKnownFileType = sourcecode.c.objc; path = AgendaTechServiceTests.m; sourceTree = "<group>"; };
		8C4984151312D50D0056AB2F /* AgendaTechServiceConfiguration.h */ = {isa = PBXFileReference; fileEncoding = 4; lastKnownFileType = sourcecode.c.h; path = AgendaTechServiceConfiguration.h; sourceTree = "<group>"; };
		8C4984161312D50D0056AB2F /* AgendaTechServiceConfiguration.m */ = {isa = PBXFileReference; fileEncoding = 4; lastKnownFileType = sourcecode.c.objc; path = AgendaTechServiceConfiguration.m; sourceTree = "<group>"; };
		8C4984361312D8F70056AB2F /* AgendaTechServiceResources.h */ = {isa = PBXFileReference; fileEncoding = 4; lastKnownFileType = sourcecode.c.h; path = AgendaTechServiceResources.h; sourceTree = "<group>"; };
		8C4984371312D8F70056AB2F /* AgendaTechServiceResources.m */ = {isa = PBXFileReference; fileEncoding = 4; lastKnownFileType = sourcecode.c.objc; path = AgendaTechServiceResources.m; sourceTree = "<group>"; };
		8C4986081312EEB80056AB2F /* AgendaTechServiceDelegate.h */ = {isa = PBXFileReference; fileEncoding = 4; lastKnownFileType = sourcecode.c.h; path = AgendaTechServiceDelegate.h; sourceTree = "<group>"; };
		8C4986221312EF890056AB2F /* AgendaTechMock.h */ = {isa = PBXFileReference; fileEncoding = 4; lastKnownFileType = sourcecode.c.h; path = AgendaTechMock.h; sourceTree = "<group>"; };
		8C4986231312EF890056AB2F /* AgendaTechMock.m */ = {isa = PBXFileReference; fileEncoding = 4; lastKnownFileType = sourcecode.c.objc; path = AgendaTechMock.m; sourceTree = "<group>"; };
		8C4986921312F8BA0056AB2F /* AgendaTechClient.h */ = {isa = PBXFileReference; fileEncoding = 4; lastKnownFileType = sourcecode.c.h; path = AgendaTechClient.h; sourceTree = "<group>"; };
		8C4986B71312FB060056AB2F /* AgendaTechClientMock.h */ = {isa = PBXFileReference; fileEncoding = 4; lastKnownFileType = sourcecode.c.h; path = AgendaTechClientMock.h; sourceTree = "<group>"; };
		8C4986B81312FB060056AB2F /* AgendaTechClientMock.m */ = {isa = PBXFileReference; fileEncoding = 4; lastKnownFileType = sourcecode.c.objc; path = AgendaTechClientMock.m; sourceTree = "<group>"; };
		8C5E0EEC1312AC39003196F9 /* Tests.app */ = {isa = PBXFileReference; explicitFileType = wrapper.application; includeInIndex = 0; path = Tests.app; sourceTree = BUILT_PRODUCTS_DIR; };
		8C5E0EEE1312AC39003196F9 /* Tests-Info.plist */ = {isa = PBXFileReference; lastKnownFileType = text.plist.xml; path = "Tests-Info.plist"; sourceTree = "<group>"; };
		8C5E0F081312ACB4003196F9 /* GTMDefines.h */ = {isa = PBXFileReference; fileEncoding = 4; lastKnownFileType = sourcecode.c.h; path = GTMDefines.h; sourceTree = "<group>"; };
		8C5E0F091312ACB4003196F9 /* GTMIPhoneUnitTestDelegate.h */ = {isa = PBXFileReference; fileEncoding = 4; lastKnownFileType = sourcecode.c.h; path = GTMIPhoneUnitTestDelegate.h; sourceTree = "<group>"; };
		8C5E0F0A1312ACB4003196F9 /* GTMIPhoneUnitTestDelegate.m */ = {isa = PBXFileReference; fileEncoding = 4; lastKnownFileType = sourcecode.c.objc; path = GTMIPhoneUnitTestDelegate.m; sourceTree = "<group>"; };
		8C5E0F0B1312ACB4003196F9 /* GTMIPhoneUnitTestMain.m */ = {isa = PBXFileReference; fileEncoding = 4; lastKnownFileType = sourcecode.c.objc; path = GTMIPhoneUnitTestMain.m; sourceTree = "<group>"; };
		8C5E0F0C1312ACB4003196F9 /* GTMObjC2Runtime.h */ = {isa = PBXFileReference; fileEncoding = 4; lastKnownFileType = sourcecode.c.h; path = GTMObjC2Runtime.h; sourceTree = "<group>"; };
		8C5E0F0D1312ACB4003196F9 /* GTMObjC2Runtime.m */ = {isa = PBXFileReference; fileEncoding = 4; lastKnownFileType = sourcecode.c.objc; path = GTMObjC2Runtime.m; sourceTree = "<group>"; };
		8C5E0F0E1312ACB4003196F9 /* GTMRegex.h */ = {isa = PBXFileReference; fileEncoding = 4; lastKnownFileType = sourcecode.c.h; path = GTMRegex.h; sourceTree = "<group>"; };
		8C5E0F0F1312ACB4003196F9 /* GTMRegex.m */ = {isa = PBXFileReference; fileEncoding = 4; lastKnownFileType = sourcecode.c.objc; path = GTMRegex.m; sourceTree = "<group>"; };
		8C5E0F101312ACB4003196F9 /* GTMSenTestCase.h */ = {isa = PBXFileReference; fileEncoding = 4; lastKnownFileType = sourcecode.c.h; path = GTMSenTestCase.h; sourceTree = "<group>"; };
		8C5E0F111312ACB4003196F9 /* GTMSenTestCase.m */ = {isa = PBXFileReference; fileEncoding = 4; lastKnownFileType = sourcecode.c.objc; path = GTMSenTestCase.m; sourceTree = "<group>"; };
		8C5E0F121312ACB4003196F9 /* GTMUnitTestDevLog.h */ = {isa = PBXFileReference; fileEncoding = 4; lastKnownFileType = sourcecode.c.h; path = GTMUnitTestDevLog.h; sourceTree = "<group>"; };
		8C5E0F131312ACB4003196F9 /* GTMUnitTestDevLog.m */ = {isa = PBXFileReference; fileEncoding = 4; lastKnownFileType = sourcecode.c.objc; path = GTMUnitTestDevLog.m; sourceTree = "<group>"; };
		8C5E0F141312ACB4003196F9 /* RunIPhoneLaunchDaemons.sh */ = {isa = PBXFileReference; fileEncoding = 4; lastKnownFileType = text.script.sh; path = RunIPhoneLaunchDaemons.sh; sourceTree = "<group>"; };
		8C5E0F151312ACB4003196F9 /* RunIPhoneUnitTest.sh */ = {isa = PBXFileReference; fileEncoding = 4; lastKnownFileType = text.script.sh; path = RunIPhoneUnitTest.sh; sourceTree = "<group>"; };
		8C5E0F161312ACB4003196F9 /* RunMacOSUnitTests.sh */ = {isa = PBXFileReference; fileEncoding = 4; lastKnownFileType = text.script.sh; path = RunMacOSUnitTests.sh; sourceTree = "<group>"; };
		8C5E0F271312AE45003196F9 /* _GTMTest.m */ = {isa = PBXFileReference; fileEncoding = 4; lastKnownFileType = sourcecode.c.objc; path = _GTMTest.m; sourceTree = "<group>"; };
		8C5E0F3B1312B25D003196F9 /* AgendaTech.h */ = {isa = PBXFileReference; fileEncoding = 4; lastKnownFileType = sourcecode.c.h; path = AgendaTech.h; sourceTree = "<group>"; };
		8C5E0F3C1312B25D003196F9 /* AgendaTech.m */ = {isa = PBXFileReference; fileEncoding = 4; lastKnownFileType = sourcecode.c.objc; path = AgendaTech.m; sourceTree = "<group>"; };
		8C5E0F7D1312B3CE003196F9 /* AgendaTechTests.m */ = {isa = PBXFileReference; fileEncoding = 4; lastKnownFileType = sourcecode.c.objc; path = AgendaTechTests.m; sourceTree = "<group>"; };
		8C5E0FA81312B5B8003196F9 /* MocksHeader.h */ = {isa = PBXFileReference; fileEncoding = 4; lastKnownFileType = sourcecode.c.h; path = MocksHeader.h; sourceTree = "<group>"; };
		8C5E0FA91312B5D9003196F9 /* AgendaTechServiceMock.h */ = {isa = PBXFileReference; fileEncoding = 4; lastKnownFileType = sourcecode.c.h; path = AgendaTechServiceMock.h; sourceTree = "<group>"; };
		8C5E0FAA1312B5D9003196F9 /* AgendaTechServiceMock.m */ = {isa = PBXFileReference; fileEncoding = 4; lastKnownFileType = sourcecode.c.objc; path = AgendaTechServiceMock.m; sourceTree = "<group>"; };
		8C5E0FAE1312B5F1003196F9 /* AgendaTechService.h */ = {isa = PBXFileReference; fileEncoding = 4; lastKnownFileType = sourcecode.c.h; path = AgendaTechService.h; sourceTree = "<group>"; };
		8CEAA08A13143FFB00C2370B /* CDataScanner.h */ = {isa = PBXFileReference; fileEncoding = 4; lastKnownFileType = sourcecode.c.h; path = CDataScanner.h; sourceTree = "<group>"; };
		8CEAA08B13143FFB00C2370B /* CDataScanner.m */ = {isa = PBXFileReference; fileEncoding = 4; lastKnownFileType = sourcecode.c.objc; path = CDataScanner.m; sourceTree = "<group>"; };
		8CEAA08D13143FFB00C2370B /* CFilteringJSONSerializer.h */ = {isa = PBXFileReference; fileEncoding = 4; lastKnownFileType = sourcecode.c.h; path = CFilteringJSONSerializer.h; sourceTree = "<group>"; };
		8CEAA08E13143FFB00C2370B /* CFilteringJSONSerializer.m */ = {isa = PBXFileReference; fileEncoding = 4; lastKnownFileType = sourcecode.c.objc; path = CFilteringJSONSerializer.m; sourceTree = "<group>"; };
		8CEAA08F13143FFB00C2370B /* CJSONDeserializer_BlocksExtensions.h */ = {isa = PBXFileReference; fileEncoding = 4; lastKnownFileType = sourcecode.c.h; path = CJSONDeserializer_BlocksExtensions.h; sourceTree = "<group>"; };
		8CEAA09013143FFB00C2370B /* CJSONDeserializer_BlocksExtensions.m */ = {isa = PBXFileReference; fileEncoding = 4; lastKnownFileType = sourcecode.c.objc; path = CJSONDeserializer_BlocksExtensions.m; sourceTree = "<group>"; };
		8CEAA09113143FFB00C2370B /* CJSONSerializedData.h */ = {isa = PBXFileReference; fileEncoding = 4; lastKnownFileType = sourcecode.c.h; path = CJSONSerializedData.h; sourceTree = "<group>"; };
		8CEAA09213143FFB00C2370B /* CJSONSerializedData.m */ = {isa = PBXFileReference; fileEncoding = 4; lastKnownFileType = sourcecode.c.objc; path = CJSONSerializedData.m; sourceTree = "<group>"; };
		8CEAA09413143FFB00C2370B /* CDataScanner_Extensions.h */ = {isa = PBXFileReference; fileEncoding = 4; lastKnownFileType = sourcecode.c.h; path = CDataScanner_Extensions.h; sourceTree = "<group>"; };
		8CEAA09513143FFB00C2370B /* CDataScanner_Extensions.m */ = {isa = PBXFileReference; fileEncoding = 4; lastKnownFileType = sourcecode.c.objc; path = CDataScanner_Extensions.m; sourceTree = "<group>"; };
		8CEAA09613143FFB00C2370B /* NSDictionary_JSONExtensions.h */ = {isa = PBXFileReference; fileEncoding = 4; lastKnownFileType = sourcecode.c.h; path = NSDictionary_JSONExtensions.h; sourceTree = "<group>"; };
		8CEAA09713143FFB00C2370B /* NSDictionary_JSONExtensions.m */ = {isa = PBXFileReference; fileEncoding = 4; lastKnownFileType = sourcecode.c.objc; path = NSDictionary_JSONExtensions.m; sourceTree = "<group>"; };
		8CEAA09913143FFB00C2370B /* CJSONDeserializer.h */ = {isa = PBXFileReference; fileEncoding = 4; lastKnownFileType = sourcecode.c.h; path = CJSONDeserializer.h; sourceTree = "<group>"; };
		8CEAA09A13143FFB00C2370B /* CJSONDeserializer.m */ = {isa = PBXFileReference; fileEncoding = 4; lastKnownFileType = sourcecode.c.objc; path = CJSONDeserializer.m; sourceTree = "<group>"; };
		8CEAA09B13143FFB00C2370B /* CJSONScanner.h */ = {isa = PBXFileReference; fileEncoding = 4; lastKnownFileType = sourcecode.c.h; path = CJSONScanner.h; sourceTree = "<group>"; };
		8CEAA09C13143FFB00C2370B /* CJSONScanner.m */ = {isa = PBXFileReference; fileEncoding = 4; lastKnownFileType = sourcecode.c.objc; path = CJSONScanner.m; sourceTree = "<group>"; };
		8CEAA09D13143FFB00C2370B /* CJSONSerializer.h */ = {isa = PBXFileReference; fileEncoding = 4; lastKnownFileType = sourcecode.c.h; path = CJSONSerializer.h; sourceTree = "<group>"; };
		8CEAA09E13143FFB00C2370B /* CJSONSerializer.m */ = {isa = PBXFileReference; fileEncoding = 4; lastKnownFileType = sourcecode.c.objc; path = CJSONSerializer.m; sourceTree = "<group>"; };
		8CEAA09F13143FFB00C2370B /* JSONRepresentation.h */ = {isa = PBXFileReference; fileEncoding = 4; lastKnownFileType = sourcecode.c.h; path = JSONRepresentation.h; sourceTree = "<group>"; };
		8CEAA0C3131442F000C2370B /* eventos_json */ = {isa = PBXFileReference; fileEncoding = 4; lastKnownFileType = text; path = eventos_json; sourceTree = "<group>"; };
		8CEAA10513144A7000C2370B /* Evento.h */ = {isa = PBXFileReference; fileEncoding = 4; lastKnownFileType = sourcecode.c.h; path = Evento.h; sourceTree = "<group>"; };
		8CEAA10613144A7000C2370B /* Evento.m */ = {isa = PBXFileReference; fileEncoding = 4; lastKnownFileType = sourcecode.c.objc; path = Evento.m; sourceTree = "<group>"; };
		8D1107310486CEB800E47090 /* iAgendaTech-Info.plist */ = {isa = PBXFileReference; fileEncoding = 4; lastKnownFileType = text.plist.xml; path = "iAgendaTech-Info.plist"; plistStructureDefinitionIdentifier = "com.apple.xcode.plist.structure-definition.iphone.info-plist"; sourceTree = "<group>"; };
/* End PBXFileReference section */

/* Begin PBXFrameworksBuildPhase section */
		1D60588F0D05DD3D006BFB54 /* Frameworks */ = {
			isa = PBXFrameworksBuildPhase;
			buildActionMask = 2147483647;
			files = (
				1D60589F0D05DD5A006BFB54 /* Foundation.framework in Frameworks */,
				1DF5F4E00D08C38300B7A737 /* UIKit.framework in Frameworks */,
				288765FD0DF74451002DB57D /* CoreGraphics.framework in Frameworks */,
			);
			runOnlyForDeploymentPostprocessing = 0;
		};
		8C5E0EEA1312AC39003196F9 /* Frameworks */ = {
			isa = PBXFrameworksBuildPhase;
			buildActionMask = 2147483647;
			files = (
			);
			runOnlyForDeploymentPostprocessing = 0;
		};
/* End PBXFrameworksBuildPhase section */

/* Begin PBXGroup section */
		080E96DDFE201D6D7F000001 /* Classes */ = {
			isa = PBXGroup;
			children = (
				1D3623240D0F684500981E51 /* iAgendaTechAppDelegate.h */,
				1D3623250D0F684500981E51 /* iAgendaTechAppDelegate.m */,
			);
			path = Classes;
			sourceTree = "<group>";
		};
		19C28FACFE9D520D11CA2CBB /* Products */ = {
			isa = PBXGroup;
			children = (
				1D6058910D05DD3D006BFB54 /* iAgendaTech.app */,
				8C5E0EEC1312AC39003196F9 /* Tests.app */,
			);
			name = Products;
			sourceTree = "<group>";
		};
		29B97314FDCFA39411CA2CEA /* CustomTemplate */ = {
			isa = PBXGroup;
			children = (
				8CEAA08813143FE500C2370B /* lib */,
				8C5E0EE71312AC08003196F9 /* Tests */,
				8C5E0EE21312AB95003196F9 /* src */,
				080E96DDFE201D6D7F000001 /* Classes */,
				29B97315FDCFA39411CA2CEA /* Other Sources */,
				29B97317FDCFA39411CA2CEA /* Resources */,
				29B97323FDCFA39411CA2CEA /* Frameworks */,
				19C28FACFE9D520D11CA2CBB /* Products */,
				8C5E0EEE1312AC39003196F9 /* Tests-Info.plist */,
			);
			name = CustomTemplate;
			sourceTree = "<group>";
		};
		29B97315FDCFA39411CA2CEA /* Other Sources */ = {
			isa = PBXGroup;
			children = (
				32CA4F630368D1EE00C91783 /* iAgendaTech_Prefix.pch */,
				29B97316FDCFA39411CA2CEA /* main.m */,
			);
			name = "Other Sources";
			sourceTree = "<group>";
		};
		29B97317FDCFA39411CA2CEA /* Resources */ = {
			isa = PBXGroup;
			children = (
				28AD733E0D9D9553002E5188 /* MainWindow.xib */,
				8D1107310486CEB800E47090 /* iAgendaTech-Info.plist */,
			);
			name = Resources;
			sourceTree = "<group>";
		};
		29B97323FDCFA39411CA2CEA /* Frameworks */ = {
			isa = PBXGroup;
			children = (
				1DF5F4DF0D08C38300B7A737 /* UIKit.framework */,
				1D30AB110D05D00D00671497 /* Foundation.framework */,
				288765FC0DF74451002DB57D /* CoreGraphics.framework */,
			);
			name = Frameworks;
			sourceTree = "<group>";
		};
		8C4984301312D8D10056AB2F /* Service */ = {
			isa = PBXGroup;
			children = (
				8C5E0FAE1312B5F1003196F9 /* AgendaTechService.h */,
				8C4984151312D50D0056AB2F /* AgendaTechServiceConfiguration.h */,
				8C4984161312D50D0056AB2F /* AgendaTechServiceConfiguration.m */,
				8C4984361312D8F70056AB2F /* AgendaTechServiceResources.h */,
				8C4984371312D8F70056AB2F /* AgendaTechServiceResources.m */,
				8C4986081312EEB80056AB2F /* AgendaTechServiceDelegate.h */,
				8C4986921312F8BA0056AB2F /* AgendaTechClient.h */,
			);
			name = Service;
			sourceTree = "<group>";
		};
		8C5E0EE21312AB95003196F9 /* src */ = {
			isa = PBXGroup;
			children = (
				8C4984301312D8D10056AB2F /* Service */,
				8C5E0F3B1312B25D003196F9 /* AgendaTech.h */,
				8C5E0F3C1312B25D003196F9 /* AgendaTech.m */,
				8CEAA10513144A7000C2370B /* Evento.h */,
				8CEAA10613144A7000C2370B /* Evento.m */,
			);
			path = src;
			sourceTree = "<group>";
		};
		8C5E0EE71312AC08003196F9 /* Tests */ = {
			isa = PBXGroup;
			children = (
				8CEAA0B8131442A800C2370B /* fixtures */,
				8C5E0F071312ACB4003196F9 /* GTM */,
				8C5E0FA01312B54D003196F9 /* Mocks */,
				8C5E0F271312AE45003196F9 /* _GTMTest.m */,
				8C5E0F7D1312B3CE003196F9 /* AgendaTechTests.m */,
				8C4983FF1312B7010056AB2F /* AgendaTechServiceTests.m */,
			);
			path = Tests;
			sourceTree = "<group>";
		};
		8C5E0F071312ACB4003196F9 /* GTM */ = {
			isa = PBXGroup;
			children = (
				8C5E0F081312ACB4003196F9 /* GTMDefines.h */,
				8C5E0F091312ACB4003196F9 /* GTMIPhoneUnitTestDelegate.h */,
				8C5E0F0A1312ACB4003196F9 /* GTMIPhoneUnitTestDelegate.m */,
				8C5E0F0B1312ACB4003196F9 /* GTMIPhoneUnitTestMain.m */,
				8C5E0F0C1312ACB4003196F9 /* GTMObjC2Runtime.h */,
				8C5E0F0D1312ACB4003196F9 /* GTMObjC2Runtime.m */,
				8C5E0F0E1312ACB4003196F9 /* GTMRegex.h */,
				8C5E0F0F1312ACB4003196F9 /* GTMRegex.m */,
				8C5E0F101312ACB4003196F9 /* GTMSenTestCase.h */,
				8C5E0F111312ACB4003196F9 /* GTMSenTestCase.m */,
				8C5E0F121312ACB4003196F9 /* GTMUnitTestDevLog.h */,
				8C5E0F131312ACB4003196F9 /* GTMUnitTestDevLog.m */,
				8C5E0F141312ACB4003196F9 /* RunIPhoneLaunchDaemons.sh */,
				8C5E0F151312ACB4003196F9 /* RunIPhoneUnitTest.sh */,
				8C5E0F161312ACB4003196F9 /* RunMacOSUnitTests.sh */,
			);
			name = GTM;
			path = Vendor/GTM;
			sourceTree = SOURCE_ROOT;
		};
		8C5E0FA01312B54D003196F9 /* Mocks */ = {
			isa = PBXGroup;
			children = (
				8C5E0FA81312B5B8003196F9 /* MocksHeader.h */,
				8C5E0FA91312B5D9003196F9 /* AgendaTechServiceMock.h */,
				8C5E0FAA1312B5D9003196F9 /* AgendaTechServiceMock.m */,
				8C4986221312EF890056AB2F /* AgendaTechMock.h */,
				8C4986231312EF890056AB2F /* AgendaTechMock.m */,
				8C4986B71312FB060056AB2F /* AgendaTechClientMock.h */,
				8C4986B81312FB060056AB2F /* AgendaTechClientMock.m */,
			);
			name = Mocks;
			sourceTree = "<group>";
		};
		8CEAA08813143FE500C2370B /* lib */ = {
			isa = PBXGroup;
			children = (
				8CEAA08913143FFB00C2370B /* TouchJSON */,
			);
			name = lib;
			sourceTree = "<group>";
		};
		8CEAA08913143FFB00C2370B /* TouchJSON */ = {
			isa = PBXGroup;
			children = (
				8CEAA08A13143FFB00C2370B /* CDataScanner.h */,
				8CEAA08B13143FFB00C2370B /* CDataScanner.m */,
				8CEAA08C13143FFB00C2370B /* Experimental */,
				8CEAA09313143FFB00C2370B /* Extensions */,
				8CEAA09813143FFB00C2370B /* JSON */,
			);
			name = TouchJSON;
			path = Vendor/TouchJSON;
			sourceTree = "<group>";
		};
		8CEAA08C13143FFB00C2370B /* Experimental */ = {
			isa = PBXGroup;
			children = (
				8CEAA08D13143FFB00C2370B /* CFilteringJSONSerializer.h */,
				8CEAA08E13143FFB00C2370B /* CFilteringJSONSerializer.m */,
				8CEAA08F13143FFB00C2370B /* CJSONDeserializer_BlocksExtensions.h */,
				8CEAA09013143FFB00C2370B /* CJSONDeserializer_BlocksExtensions.m */,
				8CEAA09113143FFB00C2370B /* CJSONSerializedData.h */,
				8CEAA09213143FFB00C2370B /* CJSONSerializedData.m */,
			);
			path = Experimental;
			sourceTree = "<group>";
		};
		8CEAA09313143FFB00C2370B /* Extensions */ = {
			isa = PBXGroup;
			children = (
				8CEAA09413143FFB00C2370B /* CDataScanner_Extensions.h */,
				8CEAA09513143FFB00C2370B /* CDataScanner_Extensions.m */,
				8CEAA09613143FFB00C2370B /* NSDictionary_JSONExtensions.h */,
				8CEAA09713143FFB00C2370B /* NSDictionary_JSONExtensions.m */,
			);
			path = Extensions;
			sourceTree = "<group>";
		};
		8CEAA09813143FFB00C2370B /* JSON */ = {
			isa = PBXGroup;
			children = (
				8CEAA09913143FFB00C2370B /* CJSONDeserializer.h */,
				8CEAA09A13143FFB00C2370B /* CJSONDeserializer.m */,
				8CEAA09B13143FFB00C2370B /* CJSONScanner.h */,
				8CEAA09C13143FFB00C2370B /* CJSONScanner.m */,
				8CEAA09D13143FFB00C2370B /* CJSONSerializer.h */,
				8CEAA09E13143FFB00C2370B /* CJSONSerializer.m */,
				8CEAA09F13143FFB00C2370B /* JSONRepresentation.h */,
			);
			path = JSON;
			sourceTree = "<group>";
		};
		8CEAA0B8131442A800C2370B /* fixtures */ = {
			isa = PBXGroup;
			children = (
				8CEAA0C3131442F000C2370B /* eventos_json */,
			);
			path = fixtures;
			sourceTree = "<group>";
		};
/* End PBXGroup section */

/* Begin PBXNativeTarget section */
		1D6058900D05DD3D006BFB54 /* iAgendaTech */ = {
			isa = PBXNativeTarget;
			buildConfigurationList = 1D6058960D05DD3E006BFB54 /* Build configuration list for PBXNativeTarget "iAgendaTech" */;
			buildPhases = (
				1D60588D0D05DD3D006BFB54 /* Resources */,
				1D60588E0D05DD3D006BFB54 /* Sources */,
				1D60588F0D05DD3D006BFB54 /* Frameworks */,
			);
			buildRules = (
			);
			dependencies = (
				8C5E0EF51312AC79003196F9 /* PBXTargetDependency */,
			);
			name = iAgendaTech;
			productName = iAgendaTech;
			productReference = 1D6058910D05DD3D006BFB54 /* iAgendaTech.app */;
			productType = "com.apple.product-type.application";
		};
		8C5E0EEB1312AC39003196F9 /* Tests */ = {
			isa = PBXNativeTarget;
			buildConfigurationList = 8C5E0EF11312AC39003196F9 /* Build configuration list for PBXNativeTarget "Tests" */;
			buildPhases = (
				8C5E0EE81312AC39003196F9 /* Resources */,
				8C5E0EE91312AC39003196F9 /* Sources */,
				8C5E0EEA1312AC39003196F9 /* Frameworks */,
				8C5E0EF71312AC81003196F9 /* ShellScript */,
			);
			buildRules = (
			);
			dependencies = (
			);
			name = Tests;
			productName = Tests;
			productReference = 8C5E0EEC1312AC39003196F9 /* Tests.app */;
			productType = "com.apple.product-type.application";
		};
/* End PBXNativeTarget section */

/* Begin PBXProject section */
		29B97313FDCFA39411CA2CEA /* Project object */ = {
			isa = PBXProject;
			attributes = {
				ORGANIZATIONNAME = _;
			};
			buildConfigurationList = C01FCF4E08A954540054247B /* Build configuration list for PBXProject "iAgendaTech" */;
			compatibilityVersion = "Xcode 3.1";
			developmentRegion = English;
			hasScannedForEncodings = 1;
			knownRegions = (
				English,
				Japanese,
				French,
				German,
			);
			mainGroup = 29B97314FDCFA39411CA2CEA /* CustomTemplate */;
			projectDirPath = "";
			projectRoot = "";
			targets = (
				1D6058900D05DD3D006BFB54 /* iAgendaTech */,
				8C5E0EEB1312AC39003196F9 /* Tests */,
			);
		};
/* End PBXProject section */

/* Begin PBXResourcesBuildPhase section */
		1D60588D0D05DD3D006BFB54 /* Resources */ = {
			isa = PBXResourcesBuildPhase;
			buildActionMask = 2147483647;
			files = (
				28AD733F0D9D9553002E5188 /* MainWindow.xib in Resources */,
			);
			runOnlyForDeploymentPostprocessing = 0;
		};
		8C5E0EE81312AC39003196F9 /* Resources */ = {
			isa = PBXResourcesBuildPhase;
			buildActionMask = 2147483647;
			files = (
				8C5E0F1D1312ACB4003196F9 /* RunIPhoneLaunchDaemons.sh in Resources */,
				8C5E0F1E1312ACB4003196F9 /* RunIPhoneUnitTest.sh in Resources */,
				8C5E0F1F1312ACB4003196F9 /* RunMacOSUnitTests.sh in Resources */,
				8CEAA0C4131442F000C2370B /* eventos_json in Resources */,
			);
			runOnlyForDeploymentPostprocessing = 0;
		};
/* End PBXResourcesBuildPhase section */

/* Begin PBXShellScriptBuildPhase section */
		8C5E0EF71312AC81003196F9 /* ShellScript */ = {
			isa = PBXShellScriptBuildPhase;
			buildActionMask = 2147483647;
			files = (
			);
			inputPaths = (
			);
			outputPaths = (
			);
			runOnlyForDeploymentPostprocessing = 0;
			shellPath = /bin/sh;
			shellScript = ./Vendor/GTM/RunIPhoneUnitTest.sh;
		};
/* End PBXShellScriptBuildPhase section */

/* Begin PBXSourcesBuildPhase section */
		1D60588E0D05DD3D006BFB54 /* Sources */ = {
			isa = PBXSourcesBuildPhase;
			buildActionMask = 2147483647;
			files = (
				1D60589B0D05DD56006BFB54 /* main.m in Sources */,
				1D3623260D0F684500981E51 /* iAgendaTechAppDelegate.m in Sources */,
				8C5E0F3E1312B25D003196F9 /* AgendaTech.m in Sources */,
				8C4984181312D50D0056AB2F /* AgendaTechServiceConfiguration.m in Sources */,
				8C4984381312D8F70056AB2F /* AgendaTechServiceResources.m in Sources */,
				8CEAA0A913143FFB00C2370B /* CDataScanner.m in Sources */,
				8CEAA0AA13143FFB00C2370B /* CFilteringJSONSerializer.m in Sources */,
				8CEAA0AB13143FFB00C2370B /* CJSONDeserializer_BlocksExtensions.m in Sources */,
				8CEAA0AC13143FFB00C2370B /* CJSONSerializedData.m in Sources */,
				8CEAA0AD13143FFB00C2370B /* CDataScanner_Extensions.m in Sources */,
				8CEAA0AE13143FFB00C2370B /* NSDictionary_JSONExtensions.m in Sources */,
				8CEAA0AF13143FFB00C2370B /* CJSONDeserializer.m in Sources */,
				8CEAA0B013143FFB00C2370B /* CJSONScanner.m in Sources */,
				8CEAA0B113143FFB00C2370B /* CJSONSerializer.m in Sources */,
				8CEAA10813144A7000C2370B /* Evento.m in Sources */,
			);
			runOnlyForDeploymentPostprocessing = 0;
		};
		8C5E0EE91312AC39003196F9 /* Sources */ = {
			isa = PBXSourcesBuildPhase;
			buildActionMask = 2147483647;
			files = (
				8C5E0F171312ACB4003196F9 /* GTMIPhoneUnitTestDelegate.m in Sources */,
				8C5E0F181312ACB4003196F9 /* GTMIPhoneUnitTestMain.m in Sources */,
				8C5E0F191312ACB4003196F9 /* GTMObjC2Runtime.m in Sources */,
				8C5E0F1A1312ACB4003196F9 /* GTMRegex.m in Sources */,
				8C5E0F1B1312ACB4003196F9 /* GTMSenTestCase.m in Sources */,
				8C5E0F1C1312ACB4003196F9 /* GTMUnitTestDevLog.m in Sources */,
				8C5E0F281312AE45003196F9 /* _GTMTest.m in Sources */,
				8C5E0F3D1312B25D003196F9 /* AgendaTech.m in Sources */,
				8C5E0F7E1312B3CE003196F9 /* AgendaTechTests.m in Sources */,
				8C5E0FAB1312B5D9003196F9 /* AgendaTechServiceMock.m in Sources */,
				8C4984001312B7010056AB2F /* AgendaTechServiceTests.m in Sources */,
				8C4984171312D50D0056AB2F /* AgendaTechServiceConfiguration.m in Sources */,
				8C4984391312D8F70056AB2F /* AgendaTechServiceResources.m in Sources */,
				8C4986241312EF890056AB2F /* AgendaTechMock.m in Sources */,
				8C4986B91312FB060056AB2F /* AgendaTechClientMock.m in Sources */,
				8CEAA0A013143FFB00C2370B /* CDataScanner.m in Sources */,
				8CEAA0A113143FFB00C2370B /* CFilteringJSONSerializer.m in Sources */,
				8CEAA0A213143FFB00C2370B /* CJSONDeserializer_BlocksExtensions.m in Sources */,
				8CEAA0A313143FFB00C2370B /* CJSONSerializedData.m in Sources */,
				8CEAA0A413143FFB00C2370B /* CDataScanner_Extensions.m in Sources */,
				8CEAA0A513143FFB00C2370B /* NSDictionary_JSONExtensions.m in Sources */,
				8CEAA0A613143FFB00C2370B /* CJSONDeserializer.m in Sources */,
				8CEAA0A713143FFB00C2370B /* CJSONScanner.m in Sources */,
				8CEAA0A813143FFB00C2370B /* CJSONSerializer.m in Sources */,
				8CEAA10713144A7000C2370B /* Evento.m in Sources */,
			);
			runOnlyForDeploymentPostprocessing = 0;
		};
/* End PBXSourcesBuildPhase section */

/* Begin PBXTargetDependency section */
		8C5E0EF51312AC79003196F9 /* PBXTargetDependency */ = {
			isa = PBXTargetDependency;
			target = 8C5E0EEB1312AC39003196F9 /* Tests */;
			targetProxy = 8C5E0EF41312AC79003196F9 /* PBXContainerItemProxy */;
		};
/* End PBXTargetDependency section */

/* Begin XCBuildConfiguration section */
		1D6058940D05DD3E006BFB54 /* Debug */ = {
			isa = XCBuildConfiguration;
			buildSettings = {
				ALWAYS_SEARCH_USER_PATHS = NO;
				COPY_PHASE_STRIP = NO;
				GCC_DYNAMIC_NO_PIC = NO;
				GCC_OPTIMIZATION_LEVEL = 0;
				GCC_PRECOMPILE_PREFIX_HEADER = YES;
				GCC_PREFIX_HEADER = iAgendaTech_Prefix.pch;
				INFOPLIST_FILE = "iAgendaTech-Info.plist";
				PRODUCT_NAME = iAgendaTech;
			};
			name = Debug;
		};
		1D6058950D05DD3E006BFB54 /* Release */ = {
			isa = XCBuildConfiguration;
			buildSettings = {
				ALWAYS_SEARCH_USER_PATHS = NO;
				COPY_PHASE_STRIP = YES;
				GCC_PRECOMPILE_PREFIX_HEADER = YES;
				GCC_PREFIX_HEADER = iAgendaTech_Prefix.pch;
				INFOPLIST_FILE = "iAgendaTech-Info.plist";
				PRODUCT_NAME = iAgendaTech;
				VALIDATE_PRODUCT = YES;
			};
			name = Release;
		};
		8C5E0EEF1312AC39003196F9 /* Debug */ = {
			isa = XCBuildConfiguration;
			buildSettings = {
				ALWAYS_SEARCH_USER_PATHS = NO;
				CODE_SIGN_IDENTITY = "iPhone Developer";
				COPY_PHASE_STRIP = NO;
				GCC_DYNAMIC_NO_PIC = NO;
				GCC_OPTIMIZATION_LEVEL = 0;
				GCC_PRECOMPILE_PREFIX_HEADER = YES;
				GCC_PREFIX_HEADER = "$(SYSTEM_LIBRARY_DIR)/Frameworks/UIKit.framework/Headers/UIKit.h";
				INFOPLIST_FILE = "Tests-Info.plist";
				INSTALL_PATH = "$(HOME)/Applications";
				OTHER_LDFLAGS = (
					"-framework",
					Foundation,
					"-framework",
					UIKit,
				);
				PREBINDING = NO;
				PRODUCT_NAME = Tests;
				SDKROOT = iphoneos;
			};
			name = Debug;
		};
		8C5E0EF01312AC39003196F9 /* Release */ = {
			isa = XCBuildConfiguration;
			buildSettings = {
				ALWAYS_SEARCH_USER_PATHS = NO;
				CODE_SIGN_IDENTITY = "iPhone Developer";
				COPY_PHASE_STRIP = YES;
				DEBUG_INFORMATION_FORMAT = "dwarf-with-dsym";
				GCC_ENABLE_FIX_AND_CONTINUE = NO;
				GCC_PRECOMPILE_PREFIX_HEADER = YES;
				GCC_PREFIX_HEADER = "$(SYSTEM_LIBRARY_DIR)/Frameworks/UIKit.framework/Headers/UIKit.h";
				INFOPLIST_FILE = "Tests-Info.plist";
				INSTALL_PATH = "$(HOME)/Applications";
				OTHER_LDFLAGS = (
					"-framework",
					Foundation,
					"-framework",
					UIKit,
				);
				PREBINDING = NO;
				PRODUCT_NAME = Tests;
				SDKROOT = iphoneos;
				ZERO_LINK = NO;
			};
			name = Release;
		};
		C01FCF4F08A954540054247B /* Debug */ = {
			isa = XCBuildConfiguration;
			buildSettings = {
				ARCHS = "$(ARCHS_STANDARD_32_BIT)";
				"CODE_SIGN_IDENTITY[sdk=iphoneos*]" = "iPhone Developer";
				GCC_C_LANGUAGE_STANDARD = c99;
				GCC_WARN_ABOUT_RETURN_TYPE = YES;
				GCC_WARN_UNUSED_VARIABLE = YES;
				PREBINDING = NO;
				SDKROOT = iphoneos;
			};
			name = Debug;
		};
		C01FCF5008A954540054247B /* Release */ = {
			isa = XCBuildConfiguration;
			buildSettings = {
				ARCHS = "$(ARCHS_STANDARD_32_BIT)";
				"CODE_SIGN_IDENTITY[sdk=iphoneos*]" = "iPhone Developer";
				GCC_C_LANGUAGE_STANDARD = c99;
				GCC_WARN_ABOUT_RETURN_TYPE = YES;
				GCC_WARN_UNUSED_VARIABLE = YES;
				OTHER_CFLAGS = "-DNS_BLOCK_ASSERTIONS=1";
				PREBINDING = NO;
				SDKROOT = iphoneos;
			};
			name = Release;
		};
/* End XCBuildConfiguration section */

/* Begin XCConfigurationList section */
		1D6058960D05DD3E006BFB54 /* Build configuration list for PBXNativeTarget "iAgendaTech" */ = {
			isa = XCConfigurationList;
			buildConfigurations = (
				1D6058940D05DD3E006BFB54 /* Debug */,
				1D6058950D05DD3E006BFB54 /* Release */,
			);
			defaultConfigurationIsVisible = 0;
			defaultConfigurationName = Release;
		};
		8C5E0EF11312AC39003196F9 /* Build configuration list for PBXNativeTarget "Tests" */ = {
			isa = XCConfigurationList;
			buildConfigurations = (
				8C5E0EEF1312AC39003196F9 /* Debug */,
				8C5E0EF01312AC39003196F9 /* Release */,
			);
			defaultConfigurationIsVisible = 0;
			defaultConfigurationName = Release;
		};
		C01FCF4E08A954540054247B /* Build configuration list for PBXProject "iAgendaTech" */ = {
			isa = XCConfigurationList;
			buildConfigurations = (
				C01FCF4F08A954540054247B /* Debug */,
				C01FCF5008A954540054247B /* Release */,
			);
			defaultConfigurationIsVisible = 0;
			defaultConfigurationName = Release;
		};
/* End XCConfigurationList section */
	};
	rootObject = 29B97313FDCFA39411CA2CEA /* Project object */;
}
