// !$*UTF8*$!
{
	archiveVersion = 1;
	classes = {
	};
	objectVersion = 46;
	objects = {

/* Begin PBXBuildFile section */
		1D3623260D0F684500981E51 /* AgendaTechClientAppDelegate.m in Sources */ = {isa = PBXBuildFile; fileRef = 1D3623250D0F684500981E51 /* AgendaTechClientAppDelegate.m */; };
		1D60589B0D05DD56006BFB54 /* main.m in Sources */ = {isa = PBXBuildFile; fileRef = 29B97316FDCFA39411CA2CEA /* main.m */; };
		1D60589F0D05DD5A006BFB54 /* Foundation.framework in Frameworks */ = {isa = PBXBuildFile; fileRef = 1D30AB110D05D00D00671497 /* Foundation.framework */; };
		1DF5F4E00D08C38300B7A737 /* UIKit.framework in Frameworks */ = {isa = PBXBuildFile; fileRef = 1DF5F4DF0D08C38300B7A737 /* UIKit.framework */; };
		28193060112F816700ECF9B4 /* AgendaTechClient.xcdatamodeld in Sources */ = {isa = PBXBuildFile; fileRef = 2819305F112F816700ECF9B4 /* AgendaTechClient.xcdatamodeld */; };
		288765A50DF7441C002DB57D /* CoreGraphics.framework in Frameworks */ = {isa = PBXBuildFile; fileRef = 288765A40DF7441C002DB57D /* CoreGraphics.framework */; };
		28AD733F0D9D9553002E5188 /* MainWindow.xib in Resources */ = {isa = PBXBuildFile; fileRef = 28AD733E0D9D9553002E5188 /* MainWindow.xib */; };
		28D801B40F44B63D00FB423F /* CoreData.framework in Frameworks */ = {isa = PBXBuildFile; fileRef = 28D801B30F44B63D00FB423F /* CoreData.framework */; };
		8C31E08912A5EC7800F539CC /* KWAfterAllNode.m in Sources */ = {isa = PBXBuildFile; fileRef = 8C31E01012A5EC7800F539CC /* KWAfterAllNode.m */; };
		8C31E08A12A5EC7800F539CC /* KWAfterEachNode.m in Sources */ = {isa = PBXBuildFile; fileRef = 8C31E01212A5EC7800F539CC /* KWAfterEachNode.m */; };
		8C31E08B12A5EC7800F539CC /* KWBeBetweenMatcher.m in Sources */ = {isa = PBXBuildFile; fileRef = 8C31E01412A5EC7800F539CC /* KWBeBetweenMatcher.m */; };
		8C31E08C12A5EC7800F539CC /* KWBeEmptyMatcher.m in Sources */ = {isa = PBXBuildFile; fileRef = 8C31E01612A5EC7800F539CC /* KWBeEmptyMatcher.m */; };
		8C31E08D12A5EC7800F539CC /* KWBeforeAllNode.m in Sources */ = {isa = PBXBuildFile; fileRef = 8C31E01812A5EC7800F539CC /* KWBeforeAllNode.m */; };
		8C31E08E12A5EC7800F539CC /* KWBeforeEachNode.m in Sources */ = {isa = PBXBuildFile; fileRef = 8C31E01A12A5EC7800F539CC /* KWBeforeEachNode.m */; };
		8C31E08F12A5EC7800F539CC /* KWBeIdenticalToMatcher.m in Sources */ = {isa = PBXBuildFile; fileRef = 8C31E01C12A5EC7800F539CC /* KWBeIdenticalToMatcher.m */; };
		8C31E09012A5EC7800F539CC /* KWBeKindOfClassMatcher.m in Sources */ = {isa = PBXBuildFile; fileRef = 8C31E01E12A5EC7800F539CC /* KWBeKindOfClassMatcher.m */; };
		8C31E09112A5EC7800F539CC /* KWBeMemberOfClassMatcher.m in Sources */ = {isa = PBXBuildFile; fileRef = 8C31E02012A5EC7800F539CC /* KWBeMemberOfClassMatcher.m */; };
		8C31E09212A5EC7800F539CC /* KWBeTrueMatcher.m in Sources */ = {isa = PBXBuildFile; fileRef = 8C31E02212A5EC7800F539CC /* KWBeTrueMatcher.m */; };
		8C31E09312A5EC7800F539CC /* KWBeWithinMatcher.m in Sources */ = {isa = PBXBuildFile; fileRef = 8C31E02412A5EC7800F539CC /* KWBeWithinMatcher.m */; };
		8C31E09412A5EC7800F539CC /* KWBeZeroMatcher.m in Sources */ = {isa = PBXBuildFile; fileRef = 8C31E02612A5EC7800F539CC /* KWBeZeroMatcher.m */; };
		8C31E09512A5EC7800F539CC /* KWBlock.m in Sources */ = {isa = PBXBuildFile; fileRef = 8C31E02812A5EC7800F539CC /* KWBlock.m */; };
		8C31E09612A5EC7800F539CC /* KWBlockNode.m in Sources */ = {isa = PBXBuildFile; fileRef = 8C31E02A12A5EC7800F539CC /* KWBlockNode.m */; };
		8C31E09712A5EC7800F539CC /* KWBlockRaiseMatcher.m in Sources */ = {isa = PBXBuildFile; fileRef = 8C31E02C12A5EC7800F539CC /* KWBlockRaiseMatcher.m */; };
		8C31E09812A5EC7800F539CC /* KWCallSite.m in Sources */ = {isa = PBXBuildFile; fileRef = 8C31E02E12A5EC7800F539CC /* KWCallSite.m */; };
		8C31E09912A5EC7800F539CC /* KWConformToProtocolMatcher.m in Sources */ = {isa = PBXBuildFile; fileRef = 8C31E03012A5EC7800F539CC /* KWConformToProtocolMatcher.m */; };
		8C31E09A12A5EC7800F539CC /* KWContainMatcher.m in Sources */ = {isa = PBXBuildFile; fileRef = 8C31E03212A5EC7800F539CC /* KWContainMatcher.m */; };
		8C31E09B12A5EC7800F539CC /* KWContextNode.m in Sources */ = {isa = PBXBuildFile; fileRef = 8C31E03412A5EC7800F539CC /* KWContextNode.m */; };
		8C31E09C12A5EC7800F539CC /* KWDeviceInfo.m in Sources */ = {isa = PBXBuildFile; fileRef = 8C31E03712A5EC7800F539CC /* KWDeviceInfo.m */; };
		8C31E09D12A5EC7800F539CC /* KWEqualMatcher.m in Sources */ = {isa = PBXBuildFile; fileRef = 8C31E03912A5EC7800F539CC /* KWEqualMatcher.m */; };
		8C31E09E12A5EC7800F539CC /* KWExampleGroup.m in Sources */ = {isa = PBXBuildFile; fileRef = 8C31E03B12A5EC7800F539CC /* KWExampleGroup.m */; };
		8C31E09F12A5EC7800F539CC /* KWExampleGroupBuilder.m in Sources */ = {isa = PBXBuildFile; fileRef = 8C31E03D12A5EC7800F539CC /* KWExampleGroupBuilder.m */; };
		8C31E0A012A5EC7800F539CC /* KWExistVerifier.m in Sources */ = {isa = PBXBuildFile; fileRef = 8C31E04112A5EC7800F539CC /* KWExistVerifier.m */; };
		8C31E0A112A5EC7800F539CC /* KWFailure.m in Sources */ = {isa = PBXBuildFile; fileRef = 8C31E04412A5EC7800F539CC /* KWFailure.m */; };
		8C31E0A212A5EC7800F539CC /* KWFormatter.m in Sources */ = {isa = PBXBuildFile; fileRef = 8C31E04612A5EC7800F539CC /* KWFormatter.m */; };
		8C31E0A312A5EC7800F539CC /* KWHaveMatcher.m in Sources */ = {isa = PBXBuildFile; fileRef = 8C31E04812A5EC7800F539CC /* KWHaveMatcher.m */; };
		8C31E0A412A5EC7800F539CC /* KWInequalityMatcher.m in Sources */ = {isa = PBXBuildFile; fileRef = 8C31E04A12A5EC7800F539CC /* KWInequalityMatcher.m */; };
		8C31E0A512A5EC7800F539CC /* KWIntercept.m in Sources */ = {isa = PBXBuildFile; fileRef = 8C31E04C12A5EC7800F539CC /* KWIntercept.m */; };
		8C31E0A612A5EC7800F539CC /* KWInvocationCapturer.m in Sources */ = {isa = PBXBuildFile; fileRef = 8C31E04E12A5EC7800F539CC /* KWInvocationCapturer.m */; };
		8C31E0A712A5EC7800F539CC /* KWItNode.m in Sources */ = {isa = PBXBuildFile; fileRef = 8C31E05012A5EC7800F539CC /* KWItNode.m */; };
		8C31E0A812A5EC7800F539CC /* KWMatcher.m in Sources */ = {isa = PBXBuildFile; fileRef = 8C31E05212A5EC7800F539CC /* KWMatcher.m */; };
		8C31E0A912A5EC7800F539CC /* KWMatcherFactory.m in Sources */ = {isa = PBXBuildFile; fileRef = 8C31E05412A5EC7800F539CC /* KWMatcherFactory.m */; };
		8C31E0AA12A5EC7800F539CC /* KWMatchVerifier.m in Sources */ = {isa = PBXBuildFile; fileRef = 8C31E05712A5EC7800F539CC /* KWMatchVerifier.m */; };
		8C31E0AB12A5EC7800F539CC /* KWMessagePattern.m in Sources */ = {isa = PBXBuildFile; fileRef = 8C31E05912A5EC7800F539CC /* KWMessagePattern.m */; };
		8C31E0AC12A5EC7800F539CC /* KWMessageTracker.m in Sources */ = {isa = PBXBuildFile; fileRef = 8C31E05C12A5EC7800F539CC /* KWMessageTracker.m */; };
		8C31E0AD12A5EC7800F539CC /* KWMock.m in Sources */ = {isa = PBXBuildFile; fileRef = 8C31E05E12A5EC7800F539CC /* KWMock.m */; };
		8C31E0AE12A5EC7800F539CC /* KWNull.m in Sources */ = {isa = PBXBuildFile; fileRef = 8C31E06012A5EC7800F539CC /* KWNull.m */; };
		8C31E0AF12A5EC7800F539CC /* KWObjCUtilities.m in Sources */ = {isa = PBXBuildFile; fileRef = 8C31E06212A5EC7800F539CC /* KWObjCUtilities.m */; };
		8C31E0B012A5EC7800F539CC /* KWPendingNode.m in Sources */ = {isa = PBXBuildFile; fileRef = 8C31E06412A5EC7800F539CC /* KWPendingNode.m */; };
		8C31E0B112A5EC7800F539CC /* KWRaiseMatcher.m in Sources */ = {isa = PBXBuildFile; fileRef = 8C31E06612A5EC7800F539CC /* KWRaiseMatcher.m */; };
		8C31E0B212A5EC7800F539CC /* KWReceiveMatcher.m in Sources */ = {isa = PBXBuildFile; fileRef = 8C31E06812A5EC7800F539CC /* KWReceiveMatcher.m */; };
		8C31E0B312A5EC7800F539CC /* KWRegisterMatchersNode.m in Sources */ = {isa = PBXBuildFile; fileRef = 8C31E06A12A5EC7800F539CC /* KWRegisterMatchersNode.m */; };
		8C31E0B412A5EC7800F539CC /* KWRespondToSelectorMatcher.m in Sources */ = {isa = PBXBuildFile; fileRef = 8C31E06D12A5EC7800F539CC /* KWRespondToSelectorMatcher.m */; };
		8C31E0B512A5EC7800F539CC /* KWSpec.m in Sources */ = {isa = PBXBuildFile; fileRef = 8C31E06F12A5EC7800F539CC /* KWSpec.m */; };
		8C31E0B612A5EC7800F539CC /* KWStringUtilities.m in Sources */ = {isa = PBXBuildFile; fileRef = 8C31E07112A5EC7800F539CC /* KWStringUtilities.m */; };
		8C31E0B712A5EC7800F539CC /* KWStub.m in Sources */ = {isa = PBXBuildFile; fileRef = 8C31E07312A5EC7800F539CC /* KWStub.m */; };
		8C31E0B812A5EC7800F539CC /* KWTestCase.m in Sources */ = {isa = PBXBuildFile; fileRef = 8C31E07512A5EC7800F539CC /* KWTestCase.m */; };
		8C31E0B912A5EC7800F539CC /* KWValue.m in Sources */ = {isa = PBXBuildFile; fileRef = 8C31E07712A5EC7800F539CC /* KWValue.m */; };
		8C31E0BA12A5EC7800F539CC /* KWWorkarounds.m in Sources */ = {isa = PBXBuildFile; fileRef = 8C31E07A12A5EC7800F539CC /* KWWorkarounds.m */; };
		8C31E0BB12A5EC7800F539CC /* NSInvocation+KiwiAdditions.m in Sources */ = {isa = PBXBuildFile; fileRef = 8C31E07C12A5EC7800F539CC /* NSInvocation+KiwiAdditions.m */; };
		8C31E0BC12A5EC7800F539CC /* NSMethodSignature+KiwiAdditions.m in Sources */ = {isa = PBXBuildFile; fileRef = 8C31E07E12A5EC7800F539CC /* NSMethodSignature+KiwiAdditions.m */; };
		8C31E0BD12A5EC7800F539CC /* NSNumber+KiwiAdditions.m in Sources */ = {isa = PBXBuildFile; fileRef = 8C31E08012A5EC7800F539CC /* NSNumber+KiwiAdditions.m */; };
		8C31E0BE12A5EC7800F539CC /* NSObject+KiwiMockAdditions.m in Sources */ = {isa = PBXBuildFile; fileRef = 8C31E08212A5EC7800F539CC /* NSObject+KiwiMockAdditions.m */; };
		8C31E0BF12A5EC7800F539CC /* NSObject+KiwiStubAdditions.m in Sources */ = {isa = PBXBuildFile; fileRef = 8C31E08412A5EC7800F539CC /* NSObject+KiwiStubAdditions.m */; };
		8C31E0C012A5EC7800F539CC /* NSObject+KiwiVerifierAdditions.m in Sources */ = {isa = PBXBuildFile; fileRef = 8C31E08612A5EC7800F539CC /* NSObject+KiwiVerifierAdditions.m */; };
		8C31E0C112A5EC7800F539CC /* NSValue+KiwiAdditions.m in Sources */ = {isa = PBXBuildFile; fileRef = 8C31E08812A5EC7800F539CC /* NSValue+KiwiAdditions.m */; };
		8C31E0C412A5ECB100F539CC /* SpecTest.m in Sources */ = {isa = PBXBuildFile; fileRef = 8C31E0C312A5ECB100F539CC /* SpecTest.m */; };
/* End PBXBuildFile section */

/* Begin PBXContainerItemProxy section */
		8C218BFB12A996CD00C06D54 /* PBXContainerItemProxy */ = {
			isa = PBXContainerItemProxy;
			containerPortal = 29B97313FDCFA39411CA2CEA /* Project object */;
			proxyType = 1;
			remoteGlobalIDString = 8C31E00412A5EBA500F539CC /* Specs */;
			remoteInfo = Specs;
		};
/* End PBXContainerItemProxy section */

/* Begin PBXFileReference section */
		1D30AB110D05D00D00671497 /* Foundation.framework */ = {isa = PBXFileReference; lastKnownFileType = wrapper.framework; name = Foundation.framework; path = System/Library/Frameworks/Foundation.framework; sourceTree = SDKROOT; };
		1D3623240D0F684500981E51 /* AgendaTechClientAppDelegate.h */ = {isa = PBXFileReference; fileEncoding = 4; lastKnownFileType = sourcecode.c.h; path = AgendaTechClientAppDelegate.h; sourceTree = "<group>"; };
		1D3623250D0F684500981E51 /* AgendaTechClientAppDelegate.m */ = {isa = PBXFileReference; fileEncoding = 4; lastKnownFileType = sourcecode.c.objc; path = AgendaTechClientAppDelegate.m; sourceTree = "<group>"; };
		1D6058910D05DD3D006BFB54 /* AgendaTechClient.app */ = {isa = PBXFileReference; explicitFileType = wrapper.application; includeInIndex = 0; path = AgendaTechClient.app; sourceTree = BUILT_PRODUCTS_DIR; };
		1DF5F4DF0D08C38300B7A737 /* UIKit.framework */ = {isa = PBXFileReference; lastKnownFileType = wrapper.framework; name = UIKit.framework; path = System/Library/Frameworks/UIKit.framework; sourceTree = SDKROOT; };
		288765A40DF7441C002DB57D /* CoreGraphics.framework */ = {isa = PBXFileReference; lastKnownFileType = wrapper.framework; name = CoreGraphics.framework; path = System/Library/Frameworks/CoreGraphics.framework; sourceTree = SDKROOT; };
		28AD733E0D9D9553002E5188 /* MainWindow.xib */ = {isa = PBXFileReference; lastKnownFileType = file.xib; path = MainWindow.xib; sourceTree = "<group>"; };
		28C3AD890F43EF2300507BA6 /* AgendaTechClient.xcdatamodel */ = {isa = PBXFileReference; fileEncoding = 4; lastKnownFileType = wrapper.xcdatamodel; path = AgendaTechClient.xcdatamodel; sourceTree = "<group>"; };
		28D801B30F44B63D00FB423F /* CoreData.framework */ = {isa = PBXFileReference; lastKnownFileType = wrapper.framework; name = CoreData.framework; path = System/Library/Frameworks/CoreData.framework; sourceTree = SDKROOT; };
		29B97316FDCFA39411CA2CEA /* main.m */ = {isa = PBXFileReference; fileEncoding = 4; lastKnownFileType = sourcecode.c.objc; path = main.m; sourceTree = "<group>"; };
		32CA4F630368D1EE00C91783 /* AgendaTechClient_Prefix.pch */ = {isa = PBXFileReference; fileEncoding = 4; lastKnownFileType = sourcecode.c.h; path = AgendaTechClient_Prefix.pch; sourceTree = "<group>"; };
		8C31E00512A5EBA500F539CC /* Specs.octest */ = {isa = PBXFileReference; explicitFileType = wrapper.cfbundle; includeInIndex = 0; path = Specs.octest; sourceTree = BUILT_PRODUCTS_DIR; };
		8C31E00612A5EBA500F539CC /* Specs-Info.plist */ = {isa = PBXFileReference; lastKnownFileType = text.plist.xml; path = "Specs-Info.plist"; sourceTree = "<group>"; };
		8C31E00C12A5EC7800F539CC /* Kiwi.h */ = {isa = PBXFileReference; fileEncoding = 4; lastKnownFileType = sourcecode.c.h; path = Kiwi.h; sourceTree = "<group>"; };
		8C31E00D12A5EC7800F539CC /* KiwiConfiguration.h */ = {isa = PBXFileReference; fileEncoding = 4; lastKnownFileType = sourcecode.c.h; path = KiwiConfiguration.h; sourceTree = "<group>"; };
		8C31E00E12A5EC7800F539CC /* KiwiMacros.h */ = {isa = PBXFileReference; fileEncoding = 4; lastKnownFileType = sourcecode.c.h; path = KiwiMacros.h; sourceTree = "<group>"; };
		8C31E00F12A5EC7800F539CC /* KWAfterAllNode.h */ = {isa = PBXFileReference; fileEncoding = 4; lastKnownFileType = sourcecode.c.h; path = KWAfterAllNode.h; sourceTree = "<group>"; };
		8C31E01012A5EC7800F539CC /* KWAfterAllNode.m */ = {isa = PBXFileReference; fileEncoding = 4; lastKnownFileType = sourcecode.c.objc; path = KWAfterAllNode.m; sourceTree = "<group>"; };
		8C31E01112A5EC7800F539CC /* KWAfterEachNode.h */ = {isa = PBXFileReference; fileEncoding = 4; lastKnownFileType = sourcecode.c.h; path = KWAfterEachNode.h; sourceTree = "<group>"; };
		8C31E01212A5EC7800F539CC /* KWAfterEachNode.m */ = {isa = PBXFileReference; fileEncoding = 4; lastKnownFileType = sourcecode.c.objc; path = KWAfterEachNode.m; sourceTree = "<group>"; };
		8C31E01312A5EC7800F539CC /* KWBeBetweenMatcher.h */ = {isa = PBXFileReference; fileEncoding = 4; lastKnownFileType = sourcecode.c.h; path = KWBeBetweenMatcher.h; sourceTree = "<group>"; };
		8C31E01412A5EC7800F539CC /* KWBeBetweenMatcher.m */ = {isa = PBXFileReference; fileEncoding = 4; lastKnownFileType = sourcecode.c.objc; path = KWBeBetweenMatcher.m; sourceTree = "<group>"; };
		8C31E01512A5EC7800F539CC /* KWBeEmptyMatcher.h */ = {isa = PBXFileReference; fileEncoding = 4; lastKnownFileType = sourcecode.c.h; path = KWBeEmptyMatcher.h; sourceTree = "<group>"; };
		8C31E01612A5EC7800F539CC /* KWBeEmptyMatcher.m */ = {isa = PBXFileReference; fileEncoding = 4; lastKnownFileType = sourcecode.c.objc; path = KWBeEmptyMatcher.m; sourceTree = "<group>"; };
		8C31E01712A5EC7800F539CC /* KWBeforeAllNode.h */ = {isa = PBXFileReference; fileEncoding = 4; lastKnownFileType = sourcecode.c.h; path = KWBeforeAllNode.h; sourceTree = "<group>"; };
		8C31E01812A5EC7800F539CC /* KWBeforeAllNode.m */ = {isa = PBXFileReference; fileEncoding = 4; lastKnownFileType = sourcecode.c.objc; path = KWBeforeAllNode.m; sourceTree = "<group>"; };
		8C31E01912A5EC7800F539CC /* KWBeforeEachNode.h */ = {isa = PBXFileReference; fileEncoding = 4; lastKnownFileType = sourcecode.c.h; path = KWBeforeEachNode.h; sourceTree = "<group>"; };
		8C31E01A12A5EC7800F539CC /* KWBeforeEachNode.m */ = {isa = PBXFileReference; fileEncoding = 4; lastKnownFileType = sourcecode.c.objc; path = KWBeforeEachNode.m; sourceTree = "<group>"; };
		8C31E01B12A5EC7800F539CC /* KWBeIdenticalToMatcher.h */ = {isa = PBXFileReference; fileEncoding = 4; lastKnownFileType = sourcecode.c.h; path = KWBeIdenticalToMatcher.h; sourceTree = "<group>"; };
		8C31E01C12A5EC7800F539CC /* KWBeIdenticalToMatcher.m */ = {isa = PBXFileReference; fileEncoding = 4; lastKnownFileType = sourcecode.c.objc; path = KWBeIdenticalToMatcher.m; sourceTree = "<group>"; };
		8C31E01D12A5EC7800F539CC /* KWBeKindOfClassMatcher.h */ = {isa = PBXFileReference; fileEncoding = 4; lastKnownFileType = sourcecode.c.h; path = KWBeKindOfClassMatcher.h; sourceTree = "<group>"; };
		8C31E01E12A5EC7800F539CC /* KWBeKindOfClassMatcher.m */ = {isa = PBXFileReference; fileEncoding = 4; lastKnownFileType = sourcecode.c.objc; path = KWBeKindOfClassMatcher.m; sourceTree = "<group>"; };
		8C31E01F12A5EC7800F539CC /* KWBeMemberOfClassMatcher.h */ = {isa = PBXFileReference; fileEncoding = 4; lastKnownFileType = sourcecode.c.h; path = KWBeMemberOfClassMatcher.h; sourceTree = "<group>"; };
		8C31E02012A5EC7800F539CC /* KWBeMemberOfClassMatcher.m */ = {isa = PBXFileReference; fileEncoding = 4; lastKnownFileType = sourcecode.c.objc; path = KWBeMemberOfClassMatcher.m; sourceTree = "<group>"; };
		8C31E02112A5EC7800F539CC /* KWBeTrueMatcher.h */ = {isa = PBXFileReference; fileEncoding = 4; lastKnownFileType = sourcecode.c.h; path = KWBeTrueMatcher.h; sourceTree = "<group>"; };
		8C31E02212A5EC7800F539CC /* KWBeTrueMatcher.m */ = {isa = PBXFileReference; fileEncoding = 4; lastKnownFileType = sourcecode.c.objc; path = KWBeTrueMatcher.m; sourceTree = "<group>"; };
		8C31E02312A5EC7800F539CC /* KWBeWithinMatcher.h */ = {isa = PBXFileReference; fileEncoding = 4; lastKnownFileType = sourcecode.c.h; path = KWBeWithinMatcher.h; sourceTree = "<group>"; };
		8C31E02412A5EC7800F539CC /* KWBeWithinMatcher.m */ = {isa = PBXFileReference; fileEncoding = 4; lastKnownFileType = sourcecode.c.objc; path = KWBeWithinMatcher.m; sourceTree = "<group>"; };
		8C31E02512A5EC7800F539CC /* KWBeZeroMatcher.h */ = {isa = PBXFileReference; fileEncoding = 4; lastKnownFileType = sourcecode.c.h; path = KWBeZeroMatcher.h; sourceTree = "<group>"; };
		8C31E02612A5EC7800F539CC /* KWBeZeroMatcher.m */ = {isa = PBXFileReference; fileEncoding = 4; lastKnownFileType = sourcecode.c.objc; path = KWBeZeroMatcher.m; sourceTree = "<group>"; };
		8C31E02712A5EC7800F539CC /* KWBlock.h */ = {isa = PBXFileReference; fileEncoding = 4; lastKnownFileType = sourcecode.c.h; path = KWBlock.h; sourceTree = "<group>"; };
		8C31E02812A5EC7800F539CC /* KWBlock.m */ = {isa = PBXFileReference; fileEncoding = 4; lastKnownFileType = sourcecode.c.objc; path = KWBlock.m; sourceTree = "<group>"; };
		8C31E02912A5EC7800F539CC /* KWBlockNode.h */ = {isa = PBXFileReference; fileEncoding = 4; lastKnownFileType = sourcecode.c.h; path = KWBlockNode.h; sourceTree = "<group>"; };
		8C31E02A12A5EC7800F539CC /* KWBlockNode.m */ = {isa = PBXFileReference; fileEncoding = 4; lastKnownFileType = sourcecode.c.objc; path = KWBlockNode.m; sourceTree = "<group>"; };
		8C31E02B12A5EC7800F539CC /* KWBlockRaiseMatcher.h */ = {isa = PBXFileReference; fileEncoding = 4; lastKnownFileType = sourcecode.c.h; path = KWBlockRaiseMatcher.h; sourceTree = "<group>"; };
		8C31E02C12A5EC7800F539CC /* KWBlockRaiseMatcher.m */ = {isa = PBXFileReference; fileEncoding = 4; lastKnownFileType = sourcecode.c.objc; path = KWBlockRaiseMatcher.m; sourceTree = "<group>"; };
		8C31E02D12A5EC7800F539CC /* KWCallSite.h */ = {isa = PBXFileReference; fileEncoding = 4; lastKnownFileType = sourcecode.c.h; path = KWCallSite.h; sourceTree = "<group>"; };
		8C31E02E12A5EC7800F539CC /* KWCallSite.m */ = {isa = PBXFileReference; fileEncoding = 4; lastKnownFileType = sourcecode.c.objc; path = KWCallSite.m; sourceTree = "<group>"; };
		8C31E02F12A5EC7800F539CC /* KWConformToProtocolMatcher.h */ = {isa = PBXFileReference; fileEncoding = 4; lastKnownFileType = sourcecode.c.h; path = KWConformToProtocolMatcher.h; sourceTree = "<group>"; };
		8C31E03012A5EC7800F539CC /* KWConformToProtocolMatcher.m */ = {isa = PBXFileReference; fileEncoding = 4; lastKnownFileType = sourcecode.c.objc; path = KWConformToProtocolMatcher.m; sourceTree = "<group>"; };
		8C31E03112A5EC7800F539CC /* KWContainMatcher.h */ = {isa = PBXFileReference; fileEncoding = 4; lastKnownFileType = sourcecode.c.h; path = KWContainMatcher.h; sourceTree = "<group>"; };
		8C31E03212A5EC7800F539CC /* KWContainMatcher.m */ = {isa = PBXFileReference; fileEncoding = 4; lastKnownFileType = sourcecode.c.objc; path = KWContainMatcher.m; sourceTree = "<group>"; };
		8C31E03312A5EC7800F539CC /* KWContextNode.h */ = {isa = PBXFileReference; fileEncoding = 4; lastKnownFileType = sourcecode.c.h; path = KWContextNode.h; sourceTree = "<group>"; };
		8C31E03412A5EC7800F539CC /* KWContextNode.m */ = {isa = PBXFileReference; fileEncoding = 4; lastKnownFileType = sourcecode.c.objc; path = KWContextNode.m; sourceTree = "<group>"; };
		8C31E03512A5EC7800F539CC /* KWCountType.h */ = {isa = PBXFileReference; fileEncoding = 4; lastKnownFileType = sourcecode.c.h; path = KWCountType.h; sourceTree = "<group>"; };
		8C31E03612A5EC7800F539CC /* KWDeviceInfo.h */ = {isa = PBXFileReference; fileEncoding = 4; lastKnownFileType = sourcecode.c.h; path = KWDeviceInfo.h; sourceTree = "<group>"; };
		8C31E03712A5EC7800F539CC /* KWDeviceInfo.m */ = {isa = PBXFileReference; fileEncoding = 4; lastKnownFileType = sourcecode.c.objc; path = KWDeviceInfo.m; sourceTree = "<group>"; };
		8C31E03812A5EC7800F539CC /* KWEqualMatcher.h */ = {isa = PBXFileReference; fileEncoding = 4; lastKnownFileType = sourcecode.c.h; path = KWEqualMatcher.h; sourceTree = "<group>"; };
		8C31E03912A5EC7800F539CC /* KWEqualMatcher.m */ = {isa = PBXFileReference; fileEncoding = 4; lastKnownFileType = sourcecode.c.objc; path = KWEqualMatcher.m; sourceTree = "<group>"; };
		8C31E03A12A5EC7800F539CC /* KWExampleGroup.h */ = {isa = PBXFileReference; fileEncoding = 4; lastKnownFileType = sourcecode.c.h; path = KWExampleGroup.h; sourceTree = "<group>"; };
		8C31E03B12A5EC7800F539CC /* KWExampleGroup.m */ = {isa = PBXFileReference; fileEncoding = 4; lastKnownFileType = sourcecode.c.objc; path = KWExampleGroup.m; sourceTree = "<group>"; };
		8C31E03C12A5EC7800F539CC /* KWExampleGroupBuilder.h */ = {isa = PBXFileReference; fileEncoding = 4; lastKnownFileType = sourcecode.c.h; path = KWExampleGroupBuilder.h; sourceTree = "<group>"; };
		8C31E03D12A5EC7800F539CC /* KWExampleGroupBuilder.m */ = {isa = PBXFileReference; fileEncoding = 4; lastKnownFileType = sourcecode.c.objc; path = KWExampleGroupBuilder.m; sourceTree = "<group>"; };
		8C31E03E12A5EC7800F539CC /* KWExampleNode.h */ = {isa = PBXFileReference; fileEncoding = 4; lastKnownFileType = sourcecode.c.h; path = KWExampleNode.h; sourceTree = "<group>"; };
		8C31E03F12A5EC7800F539CC /* KWExampleNodeVisitor.h */ = {isa = PBXFileReference; fileEncoding = 4; lastKnownFileType = sourcecode.c.h; path = KWExampleNodeVisitor.h; sourceTree = "<group>"; };
		8C31E04012A5EC7800F539CC /* KWExistVerifier.h */ = {isa = PBXFileReference; fileEncoding = 4; lastKnownFileType = sourcecode.c.h; path = KWExistVerifier.h; sourceTree = "<group>"; };
		8C31E04112A5EC7800F539CC /* KWExistVerifier.m */ = {isa = PBXFileReference; fileEncoding = 4; lastKnownFileType = sourcecode.c.objc; path = KWExistVerifier.m; sourceTree = "<group>"; };
		8C31E04212A5EC7800F539CC /* KWExpectationType.h */ = {isa = PBXFileReference; fileEncoding = 4; lastKnownFileType = sourcecode.c.h; path = KWExpectationType.h; sourceTree = "<group>"; };
		8C31E04312A5EC7800F539CC /* KWFailure.h */ = {isa = PBXFileReference; fileEncoding = 4; lastKnownFileType = sourcecode.c.h; path = KWFailure.h; sourceTree = "<group>"; };
		8C31E04412A5EC7800F539CC /* KWFailure.m */ = {isa = PBXFileReference; fileEncoding = 4; lastKnownFileType = sourcecode.c.objc; path = KWFailure.m; sourceTree = "<group>"; };
		8C31E04512A5EC7800F539CC /* KWFormatter.h */ = {isa = PBXFileReference; fileEncoding = 4; lastKnownFileType = sourcecode.c.h; path = KWFormatter.h; sourceTree = "<group>"; };
		8C31E04612A5EC7800F539CC /* KWFormatter.m */ = {isa = PBXFileReference; fileEncoding = 4; lastKnownFileType = sourcecode.c.objc; path = KWFormatter.m; sourceTree = "<group>"; };
		8C31E04712A5EC7800F539CC /* KWHaveMatcher.h */ = {isa = PBXFileReference; fileEncoding = 4; lastKnownFileType = sourcecode.c.h; path = KWHaveMatcher.h; sourceTree = "<group>"; };
		8C31E04812A5EC7800F539CC /* KWHaveMatcher.m */ = {isa = PBXFileReference; fileEncoding = 4; lastKnownFileType = sourcecode.c.objc; path = KWHaveMatcher.m; sourceTree = "<group>"; };
		8C31E04912A5EC7800F539CC /* KWInequalityMatcher.h */ = {isa = PBXFileReference; fileEncoding = 4; lastKnownFileType = sourcecode.c.h; path = KWInequalityMatcher.h; sourceTree = "<group>"; };
		8C31E04A12A5EC7800F539CC /* KWInequalityMatcher.m */ = {isa = PBXFileReference; fileEncoding = 4; lastKnownFileType = sourcecode.c.objc; path = KWInequalityMatcher.m; sourceTree = "<group>"; };
		8C31E04B12A5EC7800F539CC /* KWIntercept.h */ = {isa = PBXFileReference; fileEncoding = 4; lastKnownFileType = sourcecode.c.h; path = KWIntercept.h; sourceTree = "<group>"; };
		8C31E04C12A5EC7800F539CC /* KWIntercept.m */ = {isa = PBXFileReference; fileEncoding = 4; lastKnownFileType = sourcecode.c.objc; path = KWIntercept.m; sourceTree = "<group>"; };
		8C31E04D12A5EC7800F539CC /* KWInvocationCapturer.h */ = {isa = PBXFileReference; fileEncoding = 4; lastKnownFileType = sourcecode.c.h; path = KWInvocationCapturer.h; sourceTree = "<group>"; };
		8C31E04E12A5EC7800F539CC /* KWInvocationCapturer.m */ = {isa = PBXFileReference; fileEncoding = 4; lastKnownFileType = sourcecode.c.objc; path = KWInvocationCapturer.m; sourceTree = "<group>"; };
		8C31E04F12A5EC7800F539CC /* KWItNode.h */ = {isa = PBXFileReference; fileEncoding = 4; lastKnownFileType = sourcecode.c.h; path = KWItNode.h; sourceTree = "<group>"; };
		8C31E05012A5EC7800F539CC /* KWItNode.m */ = {isa = PBXFileReference; fileEncoding = 4; lastKnownFileType = sourcecode.c.objc; path = KWItNode.m; sourceTree = "<group>"; };
		8C31E05112A5EC7800F539CC /* KWMatcher.h */ = {isa = PBXFileReference; fileEncoding = 4; lastKnownFileType = sourcecode.c.h; path = KWMatcher.h; sourceTree = "<group>"; };
		8C31E05212A5EC7800F539CC /* KWMatcher.m */ = {isa = PBXFileReference; fileEncoding = 4; lastKnownFileType = sourcecode.c.objc; path = KWMatcher.m; sourceTree = "<group>"; };
		8C31E05312A5EC7800F539CC /* KWMatcherFactory.h */ = {isa = PBXFileReference; fileEncoding = 4; lastKnownFileType = sourcecode.c.h; path = KWMatcherFactory.h; sourceTree = "<group>"; };
		8C31E05412A5EC7800F539CC /* KWMatcherFactory.m */ = {isa = PBXFileReference; fileEncoding = 4; lastKnownFileType = sourcecode.c.objc; path = KWMatcherFactory.m; sourceTree = "<group>"; };
		8C31E05512A5EC7800F539CC /* KWMatching.h */ = {isa = PBXFileReference; fileEncoding = 4; lastKnownFileType = sourcecode.c.h; path = KWMatching.h; sourceTree = "<group>"; };
		8C31E05612A5EC7800F539CC /* KWMatchVerifier.h */ = {isa = PBXFileReference; fileEncoding = 4; lastKnownFileType = sourcecode.c.h; path = KWMatchVerifier.h; sourceTree = "<group>"; };
		8C31E05712A5EC7800F539CC /* KWMatchVerifier.m */ = {isa = PBXFileReference; fileEncoding = 4; lastKnownFileType = sourcecode.c.objc; path = KWMatchVerifier.m; sourceTree = "<group>"; };
		8C31E05812A5EC7800F539CC /* KWMessagePattern.h */ = {isa = PBXFileReference; fileEncoding = 4; lastKnownFileType = sourcecode.c.h; path = KWMessagePattern.h; sourceTree = "<group>"; };
		8C31E05912A5EC7800F539CC /* KWMessagePattern.m */ = {isa = PBXFileReference; fileEncoding = 4; lastKnownFileType = sourcecode.c.objc; path = KWMessagePattern.m; sourceTree = "<group>"; };
		8C31E05A12A5EC7800F539CC /* KWMessageSpying.h */ = {isa = PBXFileReference; fileEncoding = 4; lastKnownFileType = sourcecode.c.h; path = KWMessageSpying.h; sourceTree = "<group>"; };
		8C31E05B12A5EC7800F539CC /* KWMessageTracker.h */ = {isa = PBXFileReference; fileEncoding = 4; lastKnownFileType = sourcecode.c.h; path = KWMessageTracker.h; sourceTree = "<group>"; };
		8C31E05C12A5EC7800F539CC /* KWMessageTracker.m */ = {isa = PBXFileReference; fileEncoding = 4; lastKnownFileType = sourcecode.c.objc; path = KWMessageTracker.m; sourceTree = "<group>"; };
		8C31E05D12A5EC7800F539CC /* KWMock.h */ = {isa = PBXFileReference; fileEncoding = 4; lastKnownFileType = sourcecode.c.h; path = KWMock.h; sourceTree = "<group>"; };
		8C31E05E12A5EC7800F539CC /* KWMock.m */ = {isa = PBXFileReference; fileEncoding = 4; lastKnownFileType = sourcecode.c.objc; path = KWMock.m; sourceTree = "<group>"; };
		8C31E05F12A5EC7800F539CC /* KWNull.h */ = {isa = PBXFileReference; fileEncoding = 4; lastKnownFileType = sourcecode.c.h; path = KWNull.h; sourceTree = "<group>"; };
		8C31E06012A5EC7800F539CC /* KWNull.m */ = {isa = PBXFileReference; fileEncoding = 4; lastKnownFileType = sourcecode.c.objc; path = KWNull.m; sourceTree = "<group>"; };
		8C31E06112A5EC7800F539CC /* KWObjCUtilities.h */ = {isa = PBXFileReference; fileEncoding = 4; lastKnownFileType = sourcecode.c.h; path = KWObjCUtilities.h; sourceTree = "<group>"; };
		8C31E06212A5EC7800F539CC /* KWObjCUtilities.m */ = {isa = PBXFileReference; fileEncoding = 4; lastKnownFileType = sourcecode.c.objc; path = KWObjCUtilities.m; sourceTree = "<group>"; };
		8C31E06312A5EC7800F539CC /* KWPendingNode.h */ = {isa = PBXFileReference; fileEncoding = 4; lastKnownFileType = sourcecode.c.h; path = KWPendingNode.h; sourceTree = "<group>"; };
		8C31E06412A5EC7800F539CC /* KWPendingNode.m */ = {isa = PBXFileReference; fileEncoding = 4; lastKnownFileType = sourcecode.c.objc; path = KWPendingNode.m; sourceTree = "<group>"; };
		8C31E06512A5EC7800F539CC /* KWRaiseMatcher.h */ = {isa = PBXFileReference; fileEncoding = 4; lastKnownFileType = sourcecode.c.h; path = KWRaiseMatcher.h; sourceTree = "<group>"; };
		8C31E06612A5EC7800F539CC /* KWRaiseMatcher.m */ = {isa = PBXFileReference; fileEncoding = 4; lastKnownFileType = sourcecode.c.objc; path = KWRaiseMatcher.m; sourceTree = "<group>"; };
		8C31E06712A5EC7800F539CC /* KWReceiveMatcher.h */ = {isa = PBXFileReference; fileEncoding = 4; lastKnownFileType = sourcecode.c.h; path = KWReceiveMatcher.h; sourceTree = "<group>"; };
		8C31E06812A5EC7800F539CC /* KWReceiveMatcher.m */ = {isa = PBXFileReference; fileEncoding = 4; lastKnownFileType = sourcecode.c.objc; path = KWReceiveMatcher.m; sourceTree = "<group>"; };
		8C31E06912A5EC7800F539CC /* KWRegisterMatchersNode.h */ = {isa = PBXFileReference; fileEncoding = 4; lastKnownFileType = sourcecode.c.h; path = KWRegisterMatchersNode.h; sourceTree = "<group>"; };
		8C31E06A12A5EC7800F539CC /* KWRegisterMatchersNode.m */ = {isa = PBXFileReference; fileEncoding = 4; lastKnownFileType = sourcecode.c.objc; path = KWRegisterMatchersNode.m; sourceTree = "<group>"; };
		8C31E06B12A5EC7800F539CC /* KWReporting.h */ = {isa = PBXFileReference; fileEncoding = 4; lastKnownFileType = sourcecode.c.h; path = KWReporting.h; sourceTree = "<group>"; };
		8C31E06C12A5EC7800F539CC /* KWRespondToSelectorMatcher.h */ = {isa = PBXFileReference; fileEncoding = 4; lastKnownFileType = sourcecode.c.h; path = KWRespondToSelectorMatcher.h; sourceTree = "<group>"; };
		8C31E06D12A5EC7800F539CC /* KWRespondToSelectorMatcher.m */ = {isa = PBXFileReference; fileEncoding = 4; lastKnownFileType = sourcecode.c.objc; path = KWRespondToSelectorMatcher.m; sourceTree = "<group>"; };
		8C31E06E12A5EC7800F539CC /* KWSpec.h */ = {isa = PBXFileReference; fileEncoding = 4; lastKnownFileType = sourcecode.c.h; path = KWSpec.h; sourceTree = "<group>"; };
		8C31E06F12A5EC7800F539CC /* KWSpec.m */ = {isa = PBXFileReference; fileEncoding = 4; lastKnownFileType = sourcecode.c.objc; path = KWSpec.m; sourceTree = "<group>"; };
		8C31E07012A5EC7800F539CC /* KWStringUtilities.h */ = {isa = PBXFileReference; fileEncoding = 4; lastKnownFileType = sourcecode.c.h; path = KWStringUtilities.h; sourceTree = "<group>"; };
		8C31E07112A5EC7800F539CC /* KWStringUtilities.m */ = {isa = PBXFileReference; fileEncoding = 4; lastKnownFileType = sourcecode.c.objc; path = KWStringUtilities.m; sourceTree = "<group>"; };
		8C31E07212A5EC7800F539CC /* KWStub.h */ = {isa = PBXFileReference; fileEncoding = 4; lastKnownFileType = sourcecode.c.h; path = KWStub.h; sourceTree = "<group>"; };
		8C31E07312A5EC7800F539CC /* KWStub.m */ = {isa = PBXFileReference; fileEncoding = 4; lastKnownFileType = sourcecode.c.objc; path = KWStub.m; sourceTree = "<group>"; };
		8C31E07412A5EC7800F539CC /* KWTestCase.h */ = {isa = PBXFileReference; fileEncoding = 4; lastKnownFileType = sourcecode.c.h; path = KWTestCase.h; sourceTree = "<group>"; };
		8C31E07512A5EC7800F539CC /* KWTestCase.m */ = {isa = PBXFileReference; fileEncoding = 4; lastKnownFileType = sourcecode.c.objc; path = KWTestCase.m; sourceTree = "<group>"; };
		8C31E07612A5EC7800F539CC /* KWValue.h */ = {isa = PBXFileReference; fileEncoding = 4; lastKnownFileType = sourcecode.c.h; path = KWValue.h; sourceTree = "<group>"; };
		8C31E07712A5EC7800F539CC /* KWValue.m */ = {isa = PBXFileReference; fileEncoding = 4; lastKnownFileType = sourcecode.c.objc; path = KWValue.m; sourceTree = "<group>"; };
		8C31E07812A5EC7800F539CC /* KWVerifying.h */ = {isa = PBXFileReference; fileEncoding = 4; lastKnownFileType = sourcecode.c.h; path = KWVerifying.h; sourceTree = "<group>"; };
		8C31E07912A5EC7800F539CC /* KWWorkarounds.h */ = {isa = PBXFileReference; fileEncoding = 4; lastKnownFileType = sourcecode.c.h; path = KWWorkarounds.h; sourceTree = "<group>"; };
		8C31E07A12A5EC7800F539CC /* KWWorkarounds.m */ = {isa = PBXFileReference; fileEncoding = 4; lastKnownFileType = sourcecode.c.objc; path = KWWorkarounds.m; sourceTree = "<group>"; };
		8C31E07B12A5EC7800F539CC /* NSInvocation+KiwiAdditions.h */ = {isa = PBXFileReference; fileEncoding = 4; lastKnownFileType = sourcecode.c.h; path = "NSInvocation+KiwiAdditions.h"; sourceTree = "<group>"; };
		8C31E07C12A5EC7800F539CC /* NSInvocation+KiwiAdditions.m */ = {isa = PBXFileReference; fileEncoding = 4; lastKnownFileType = sourcecode.c.objc; path = "NSInvocation+KiwiAdditions.m"; sourceTree = "<group>"; };
		8C31E07D12A5EC7800F539CC /* NSMethodSignature+KiwiAdditions.h */ = {isa = PBXFileReference; fileEncoding = 4; lastKnownFileType = sourcecode.c.h; path = "NSMethodSignature+KiwiAdditions.h"; sourceTree = "<group>"; };
		8C31E07E12A5EC7800F539CC /* NSMethodSignature+KiwiAdditions.m */ = {isa = PBXFileReference; fileEncoding = 4; lastKnownFileType = sourcecode.c.objc; path = "NSMethodSignature+KiwiAdditions.m"; sourceTree = "<group>"; };
		8C31E07F12A5EC7800F539CC /* NSNumber+KiwiAdditions.h */ = {isa = PBXFileReference; fileEncoding = 4; lastKnownFileType = sourcecode.c.h; path = "NSNumber+KiwiAdditions.h"; sourceTree = "<group>"; };
		8C31E08012A5EC7800F539CC /* NSNumber+KiwiAdditions.m */ = {isa = PBXFileReference; fileEncoding = 4; lastKnownFileType = sourcecode.c.objc; path = "NSNumber+KiwiAdditions.m"; sourceTree = "<group>"; };
		8C31E08112A5EC7800F539CC /* NSObject+KiwiMockAdditions.h */ = {isa = PBXFileReference; fileEncoding = 4; lastKnownFileType = sourcecode.c.h; path = "NSObject+KiwiMockAdditions.h"; sourceTree = "<group>"; };
		8C31E08212A5EC7800F539CC /* NSObject+KiwiMockAdditions.m */ = {isa = PBXFileReference; fileEncoding = 4; lastKnownFileType = sourcecode.c.objc; path = "NSObject+KiwiMockAdditions.m"; sourceTree = "<group>"; };
		8C31E08312A5EC7800F539CC /* NSObject+KiwiStubAdditions.h */ = {isa = PBXFileReference; fileEncoding = 4; lastKnownFileType = sourcecode.c.h; path = "NSObject+KiwiStubAdditions.h"; sourceTree = "<group>"; };
		8C31E08412A5EC7800F539CC /* NSObject+KiwiStubAdditions.m */ = {isa = PBXFileReference; fileEncoding = 4; lastKnownFileType = sourcecode.c.objc; path = "NSObject+KiwiStubAdditions.m"; sourceTree = "<group>"; };
		8C31E08512A5EC7800F539CC /* NSObject+KiwiVerifierAdditions.h */ = {isa = PBXFileReference; fileEncoding = 4; lastKnownFileType = sourcecode.c.h; path = "NSObject+KiwiVerifierAdditions.h"; sourceTree = "<group>"; };
		8C31E08612A5EC7800F539CC /* NSObject+KiwiVerifierAdditions.m */ = {isa = PBXFileReference; fileEncoding = 4; lastKnownFileType = sourcecode.c.objc; path = "NSObject+KiwiVerifierAdditions.m"; sourceTree = "<group>"; };
		8C31E08712A5EC7800F539CC /* NSValue+KiwiAdditions.h */ = {isa = PBXFileReference; fileEncoding = 4; lastKnownFileType = sourcecode.c.h; path = "NSValue+KiwiAdditions.h"; sourceTree = "<group>"; };
		8C31E08812A5EC7800F539CC /* NSValue+KiwiAdditions.m */ = {isa = PBXFileReference; fileEncoding = 4; lastKnownFileType = sourcecode.c.objc; path = "NSValue+KiwiAdditions.m"; sourceTree = "<group>"; };
		8C31E0C312A5ECB100F539CC /* SpecTest.m */ = {isa = PBXFileReference; fileEncoding = 4; lastKnownFileType = sourcecode.c.objc; path = SpecTest.m; sourceTree = "<group>"; };
		8D1107310486CEB800E47090 /* AgendaTechClient-Info.plist */ = {isa = PBXFileReference; fileEncoding = 4; lastKnownFileType = text.plist.xml; path = "AgendaTechClient-Info.plist"; plistStructureDefinitionIdentifier = "com.apple.xcode.plist.structure-definition.iphone.info-plist"; sourceTree = "<group>"; };
/* End PBXFileReference section */

/* Begin PBXFrameworksBuildPhase section */
		1D60588F0D05DD3D006BFB54 /* Frameworks */ = {
			isa = PBXFrameworksBuildPhase;
			buildActionMask = 2147483647;
			files = (
				1D60589F0D05DD5A006BFB54 /* Foundation.framework in Frameworks */,
				1DF5F4E00D08C38300B7A737 /* UIKit.framework in Frameworks */,
				288765A50DF7441C002DB57D /* CoreGraphics.framework in Frameworks */,
				28D801B40F44B63D00FB423F /* CoreData.framework in Frameworks */,
			);
			runOnlyForDeploymentPostprocessing = 0;
		};
		8C31E00212A5EBA500F539CC /* Frameworks */ = {
			isa = PBXFrameworksBuildPhase;
			buildActionMask = 2147483647;
			files = (
			);
			runOnlyForDeploymentPostprocessing = 0;
		};
/* End PBXFrameworksBuildPhase section */

/* Begin PBXGroup section */
		080E96DDFE201D6D7F000001 /* Classes */ = {
			isa = PBXGroup;
			children = (
				1D3623240D0F684500981E51 /* AgendaTechClientAppDelegate.h */,
				1D3623250D0F684500981E51 /* AgendaTechClientAppDelegate.m */,
			);
			path = Classes;
			sourceTree = "<group>";
		};
		19C28FACFE9D520D11CA2CBB /* Products */ = {
			isa = PBXGroup;
			children = (
				1D6058910D05DD3D006BFB54 /* AgendaTechClient.app */,
				8C31E00512A5EBA500F539CC /* Specs.octest */,
			);
			name = Products;
			sourceTree = "<group>";
		};
		29B97314FDCFA39411CA2CEA /* CustomTemplate */ = {
			isa = PBXGroup;
			children = (
				8C31E00B12A5EC7800F539CC /* Kiwi */,
				080E96DDFE201D6D7F000001 /* Classes */,
				29B97315FDCFA39411CA2CEA /* Other Sources */,
				29B97317FDCFA39411CA2CEA /* Resources */,
				29B97323FDCFA39411CA2CEA /* Frameworks */,
				19C28FACFE9D520D11CA2CBB /* Products */,
				8C31E00612A5EBA500F539CC /* Specs-Info.plist */,
				8C31E0C312A5ECB100F539CC /* SpecTest.m */,
			);
			name = CustomTemplate;
			sourceTree = "<group>";
		};
		29B97315FDCFA39411CA2CEA /* Other Sources */ = {
			isa = PBXGroup;
			children = (
				32CA4F630368D1EE00C91783 /* AgendaTechClient_Prefix.pch */,
				29B97316FDCFA39411CA2CEA /* main.m */,
			);
			name = "Other Sources";
			sourceTree = "<group>";
		};
		29B97317FDCFA39411CA2CEA /* Resources */ = {
			isa = PBXGroup;
			children = (
				2819305F112F816700ECF9B4 /* AgendaTechClient.xcdatamodeld */,
				28AD733E0D9D9553002E5188 /* MainWindow.xib */,
				8D1107310486CEB800E47090 /* AgendaTechClient-Info.plist */,
			);
			name = Resources;
			sourceTree = "<group>";
		};
		29B97323FDCFA39411CA2CEA /* Frameworks */ = {
			isa = PBXGroup;
			children = (
				1DF5F4DF0D08C38300B7A737 /* UIKit.framework */,
				1D30AB110D05D00D00671497 /* Foundation.framework */,
				288765A40DF7441C002DB57D /* CoreGraphics.framework */,
				28D801B30F44B63D00FB423F /* CoreData.framework */,
			);
			name = Frameworks;
			sourceTree = "<group>";
		};
		8C31E00B12A5EC7800F539CC /* Kiwi */ = {
			isa = PBXGroup;
			children = (
				8C31E00C12A5EC7800F539CC /* Kiwi.h */,
				8C31E00D12A5EC7800F539CC /* KiwiConfiguration.h */,
				8C31E00E12A5EC7800F539CC /* KiwiMacros.h */,
				8C31E00F12A5EC7800F539CC /* KWAfterAllNode.h */,
				8C31E01012A5EC7800F539CC /* KWAfterAllNode.m */,
				8C31E01112A5EC7800F539CC /* KWAfterEachNode.h */,
				8C31E01212A5EC7800F539CC /* KWAfterEachNode.m */,
				8C31E01312A5EC7800F539CC /* KWBeBetweenMatcher.h */,
				8C31E01412A5EC7800F539CC /* KWBeBetweenMatcher.m */,
				8C31E01512A5EC7800F539CC /* KWBeEmptyMatcher.h */,
				8C31E01612A5EC7800F539CC /* KWBeEmptyMatcher.m */,
				8C31E01712A5EC7800F539CC /* KWBeforeAllNode.h */,
				8C31E01812A5EC7800F539CC /* KWBeforeAllNode.m */,
				8C31E01912A5EC7800F539CC /* KWBeforeEachNode.h */,
				8C31E01A12A5EC7800F539CC /* KWBeforeEachNode.m */,
				8C31E01B12A5EC7800F539CC /* KWBeIdenticalToMatcher.h */,
				8C31E01C12A5EC7800F539CC /* KWBeIdenticalToMatcher.m */,
				8C31E01D12A5EC7800F539CC /* KWBeKindOfClassMatcher.h */,
				8C31E01E12A5EC7800F539CC /* KWBeKindOfClassMatcher.m */,
				8C31E01F12A5EC7800F539CC /* KWBeMemberOfClassMatcher.h */,
				8C31E02012A5EC7800F539CC /* KWBeMemberOfClassMatcher.m */,
				8C31E02112A5EC7800F539CC /* KWBeTrueMatcher.h */,
				8C31E02212A5EC7800F539CC /* KWBeTrueMatcher.m */,
				8C31E02312A5EC7800F539CC /* KWBeWithinMatcher.h */,
				8C31E02412A5EC7800F539CC /* KWBeWithinMatcher.m */,
				8C31E02512A5EC7800F539CC /* KWBeZeroMatcher.h */,
				8C31E02612A5EC7800F539CC /* KWBeZeroMatcher.m */,
				8C31E02712A5EC7800F539CC /* KWBlock.h */,
				8C31E02812A5EC7800F539CC /* KWBlock.m */,
				8C31E02912A5EC7800F539CC /* KWBlockNode.h */,
				8C31E02A12A5EC7800F539CC /* KWBlockNode.m */,
				8C31E02B12A5EC7800F539CC /* KWBlockRaiseMatcher.h */,
				8C31E02C12A5EC7800F539CC /* KWBlockRaiseMatcher.m */,
				8C31E02D12A5EC7800F539CC /* KWCallSite.h */,
				8C31E02E12A5EC7800F539CC /* KWCallSite.m */,
				8C31E02F12A5EC7800F539CC /* KWConformToProtocolMatcher.h */,
				8C31E03012A5EC7800F539CC /* KWConformToProtocolMatcher.m */,
				8C31E03112A5EC7800F539CC /* KWContainMatcher.h */,
				8C31E03212A5EC7800F539CC /* KWContainMatcher.m */,
				8C31E03312A5EC7800F539CC /* KWContextNode.h */,
				8C31E03412A5EC7800F539CC /* KWContextNode.m */,
				8C31E03512A5EC7800F539CC /* KWCountType.h */,
				8C31E03612A5EC7800F539CC /* KWDeviceInfo.h */,
				8C31E03712A5EC7800F539CC /* KWDeviceInfo.m */,
				8C31E03812A5EC7800F539CC /* KWEqualMatcher.h */,
				8C31E03912A5EC7800F539CC /* KWEqualMatcher.m */,
				8C31E03A12A5EC7800F539CC /* KWExampleGroup.h */,
				8C31E03B12A5EC7800F539CC /* KWExampleGroup.m */,
				8C31E03C12A5EC7800F539CC /* KWExampleGroupBuilder.h */,
				8C31E03D12A5EC7800F539CC /* KWExampleGroupBuilder.m */,
				8C31E03E12A5EC7800F539CC /* KWExampleNode.h */,
				8C31E03F12A5EC7800F539CC /* KWExampleNodeVisitor.h */,
				8C31E04012A5EC7800F539CC /* KWExistVerifier.h */,
				8C31E04112A5EC7800F539CC /* KWExistVerifier.m */,
				8C31E04212A5EC7800F539CC /* KWExpectationType.h */,
				8C31E04312A5EC7800F539CC /* KWFailure.h */,
				8C31E04412A5EC7800F539CC /* KWFailure.m */,
				8C31E04512A5EC7800F539CC /* KWFormatter.h */,
				8C31E04612A5EC7800F539CC /* KWFormatter.m */,
				8C31E04712A5EC7800F539CC /* KWHaveMatcher.h */,
				8C31E04812A5EC7800F539CC /* KWHaveMatcher.m */,
				8C31E04912A5EC7800F539CC /* KWInequalityMatcher.h */,
				8C31E04A12A5EC7800F539CC /* KWInequalityMatcher.m */,
				8C31E04B12A5EC7800F539CC /* KWIntercept.h */,
				8C31E04C12A5EC7800F539CC /* KWIntercept.m */,
				8C31E04D12A5EC7800F539CC /* KWInvocationCapturer.h */,
				8C31E04E12A5EC7800F539CC /* KWInvocationCapturer.m */,
				8C31E04F12A5EC7800F539CC /* KWItNode.h */,
				8C31E05012A5EC7800F539CC /* KWItNode.m */,
				8C31E05112A5EC7800F539CC /* KWMatcher.h */,
				8C31E05212A5EC7800F539CC /* KWMatcher.m */,
				8C31E05312A5EC7800F539CC /* KWMatcherFactory.h */,
				8C31E05412A5EC7800F539CC /* KWMatcherFactory.m */,
				8C31E05512A5EC7800F539CC /* KWMatching.h */,
				8C31E05612A5EC7800F539CC /* KWMatchVerifier.h */,
				8C31E05712A5EC7800F539CC /* KWMatchVerifier.m */,
				8C31E05812A5EC7800F539CC /* KWMessagePattern.h */,
				8C31E05912A5EC7800F539CC /* KWMessagePattern.m */,
				8C31E05A12A5EC7800F539CC /* KWMessageSpying.h */,
				8C31E05B12A5EC7800F539CC /* KWMessageTracker.h */,
				8C31E05C12A5EC7800F539CC /* KWMessageTracker.m */,
				8C31E05D12A5EC7800F539CC /* KWMock.h */,
				8C31E05E12A5EC7800F539CC /* KWMock.m */,
				8C31E05F12A5EC7800F539CC /* KWNull.h */,
				8C31E06012A5EC7800F539CC /* KWNull.m */,
				8C31E06112A5EC7800F539CC /* KWObjCUtilities.h */,
				8C31E06212A5EC7800F539CC /* KWObjCUtilities.m */,
				8C31E06312A5EC7800F539CC /* KWPendingNode.h */,
				8C31E06412A5EC7800F539CC /* KWPendingNode.m */,
				8C31E06512A5EC7800F539CC /* KWRaiseMatcher.h */,
				8C31E06612A5EC7800F539CC /* KWRaiseMatcher.m */,
				8C31E06712A5EC7800F539CC /* KWReceiveMatcher.h */,
				8C31E06812A5EC7800F539CC /* KWReceiveMatcher.m */,
				8C31E06912A5EC7800F539CC /* KWRegisterMatchersNode.h */,
				8C31E06A12A5EC7800F539CC /* KWRegisterMatchersNode.m */,
				8C31E06B12A5EC7800F539CC /* KWReporting.h */,
				8C31E06C12A5EC7800F539CC /* KWRespondToSelectorMatcher.h */,
				8C31E06D12A5EC7800F539CC /* KWRespondToSelectorMatcher.m */,
				8C31E06E12A5EC7800F539CC /* KWSpec.h */,
				8C31E06F12A5EC7800F539CC /* KWSpec.m */,
				8C31E07012A5EC7800F539CC /* KWStringUtilities.h */,
				8C31E07112A5EC7800F539CC /* KWStringUtilities.m */,
				8C31E07212A5EC7800F539CC /* KWStub.h */,
				8C31E07312A5EC7800F539CC /* KWStub.m */,
				8C31E07412A5EC7800F539CC /* KWTestCase.h */,
				8C31E07512A5EC7800F539CC /* KWTestCase.m */,
				8C31E07612A5EC7800F539CC /* KWValue.h */,
				8C31E07712A5EC7800F539CC /* KWValue.m */,
				8C31E07812A5EC7800F539CC /* KWVerifying.h */,
				8C31E07912A5EC7800F539CC /* KWWorkarounds.h */,
				8C31E07A12A5EC7800F539CC /* KWWorkarounds.m */,
				8C31E07B12A5EC7800F539CC /* NSInvocation+KiwiAdditions.h */,
				8C31E07C12A5EC7800F539CC /* NSInvocation+KiwiAdditions.m */,
				8C31E07D12A5EC7800F539CC /* NSMethodSignature+KiwiAdditions.h */,
				8C31E07E12A5EC7800F539CC /* NSMethodSignature+KiwiAdditions.m */,
				8C31E07F12A5EC7800F539CC /* NSNumber+KiwiAdditions.h */,
				8C31E08012A5EC7800F539CC /* NSNumber+KiwiAdditions.m */,
				8C31E08112A5EC7800F539CC /* NSObject+KiwiMockAdditions.h */,
				8C31E08212A5EC7800F539CC /* NSObject+KiwiMockAdditions.m */,
				8C31E08312A5EC7800F539CC /* NSObject+KiwiStubAdditions.h */,
				8C31E08412A5EC7800F539CC /* NSObject+KiwiStubAdditions.m */,
				8C31E08512A5EC7800F539CC /* NSObject+KiwiVerifierAdditions.h */,
				8C31E08612A5EC7800F539CC /* NSObject+KiwiVerifierAdditions.m */,
				8C31E08712A5EC7800F539CC /* NSValue+KiwiAdditions.h */,
				8C31E08812A5EC7800F539CC /* NSValue+KiwiAdditions.m */,
			);
			path = Kiwi;
			sourceTree = "<group>";
		};
/* End PBXGroup section */

/* Begin PBXNativeTarget section */
		1D6058900D05DD3D006BFB54 /* AgendaTechClient */ = {
			isa = PBXNativeTarget;
			buildConfigurationList = 1D6058960D05DD3E006BFB54 /* Build configuration list for PBXNativeTarget "AgendaTechClient" */;
			buildPhases = (
				1D60588D0D05DD3D006BFB54 /* Resources */,
				1D60588E0D05DD3D006BFB54 /* Sources */,
				1D60588F0D05DD3D006BFB54 /* Frameworks */,
			);
			buildRules = (
			);
			dependencies = (
				8C218BFC12A996CD00C06D54 /* PBXTargetDependency */,
			);
			name = AgendaTechClient;
			productName = AgendaTechClient;
			productReference = 1D6058910D05DD3D006BFB54 /* AgendaTechClient.app */;
			productType = "com.apple.product-type.application";
		};
		8C31E00412A5EBA500F539CC /* Specs */ = {
			isa = PBXNativeTarget;
			buildConfigurationList = 8C31E00912A5EBA700F539CC /* Build configuration list for PBXNativeTarget "Specs" */;
			buildPhases = (
				8C31E00012A5EBA500F539CC /* Resources */,
				8C31E00112A5EBA500F539CC /* Sources */,
				8C31E00212A5EBA500F539CC /* Frameworks */,
				8C31E00312A5EBA500F539CC /* ShellScript */,
			);
			buildRules = (
			);
			dependencies = (
			);
			name = Specs;
			productName = Specs;
			productReference = 8C31E00512A5EBA500F539CC /* Specs.octest */;
			productType = "com.apple.product-type.bundle";
		};
/* End PBXNativeTarget section */

/* Begin PBXProject section */
		29B97313FDCFA39411CA2CEA /* Project object */ = {
			isa = PBXProject;
			buildConfigurationList = C01FCF4E08A954540054247B /* Build configuration list for PBXProject "AgendaTechClient" */;
			compatibilityVersion = "Xcode 3.2";
			developmentRegion = English;
			hasScannedForEncodings = 1;
			knownRegions = (
				English,
				Japanese,
				French,
				German,
			);
			mainGroup = 29B97314FDCFA39411CA2CEA /* CustomTemplate */;
			projectDirPath = "";
			projectRoot = "";
			targets = (
				1D6058900D05DD3D006BFB54 /* AgendaTechClient */,
				8C31E00412A5EBA500F539CC /* Specs */,
			);
		};
/* End PBXProject section */

/* Begin PBXResourcesBuildPhase section */
		1D60588D0D05DD3D006BFB54 /* Resources */ = {
			isa = PBXResourcesBuildPhase;
			buildActionMask = 2147483647;
			files = (
				28AD733F0D9D9553002E5188 /* MainWindow.xib in Resources */,
			);
			runOnlyForDeploymentPostprocessing = 0;
		};
		8C31E00012A5EBA500F539CC /* Resources */ = {
			isa = PBXResourcesBuildPhase;
			buildActionMask = 2147483647;
			files = (
			);
			runOnlyForDeploymentPostprocessing = 0;
		};
/* End PBXResourcesBuildPhase section */

/* Begin PBXShellScriptBuildPhase section */
		8C31E00312A5EBA500F539CC /* ShellScript */ = {
			isa = PBXShellScriptBuildPhase;
			buildActionMask = 2147483647;
			files = (
			);
			inputPaths = (
			);
			outputPaths = (
			);
			runOnlyForDeploymentPostprocessing = 0;
			shellPath = /bin/sh;
			shellScript = "# Run the unit tests in this test bundle.\n#\"${SYSTEM_DEVELOPER_DIR}/Tools/RunUnitTests\"\n\"${SYSTEM_DEVELOPER_DIR}/Tools/RunUnitTests\" 1> /tmp/RunUnitTests.out";
		};
/* End PBXShellScriptBuildPhase section */

/* Begin PBXSourcesBuildPhase section */
		1D60588E0D05DD3D006BFB54 /* Sources */ = {
			isa = PBXSourcesBuildPhase;
			buildActionMask = 2147483647;
			files = (
				1D60589B0D05DD56006BFB54 /* main.m in Sources */,
				1D3623260D0F684500981E51 /* AgendaTechClientAppDelegate.m in Sources */,
				28193060112F816700ECF9B4 /* AgendaTechClient.xcdatamodeld in Sources */,
			);
			runOnlyForDeploymentPostprocessing = 0;
		};
		8C31E00112A5EBA500F539CC /* Sources */ = {
			isa = PBXSourcesBuildPhase;
			buildActionMask = 2147483647;
			files = (
				8C31E08912A5EC7800F539CC /* KWAfterAllNode.m in Sources */,
				8C31E08A12A5EC7800F539CC /* KWAfterEachNode.m in Sources */,
				8C31E08B12A5EC7800F539CC /* KWBeBetweenMatcher.m in Sources */,
				8C31E08C12A5EC7800F539CC /* KWBeEmptyMatcher.m in Sources */,
				8C31E08D12A5EC7800F539CC /* KWBeforeAllNode.m in Sources */,
				8C31E08E12A5EC7800F539CC /* KWBeforeEachNode.m in Sources */,
				8C31E08F12A5EC7800F539CC /* KWBeIdenticalToMatcher.m in Sources */,
				8C31E09012A5EC7800F539CC /* KWBeKindOfClassMatcher.m in Sources */,
				8C31E09112A5EC7800F539CC /* KWBeMemberOfClassMatcher.m in Sources */,
				8C31E09212A5EC7800F539CC /* KWBeTrueMatcher.m in Sources */,
				8C31E09312A5EC7800F539CC /* KWBeWithinMatcher.m in Sources */,
				8C31E09412A5EC7800F539CC /* KWBeZeroMatcher.m in Sources */,
				8C31E09512A5EC7800F539CC /* KWBlock.m in Sources */,
				8C31E09612A5EC7800F539CC /* KWBlockNode.m in Sources */,
				8C31E09712A5EC7800F539CC /* KWBlockRaiseMatcher.m in Sources */,
				8C31E09812A5EC7800F539CC /* KWCallSite.m in Sources */,
				8C31E09912A5EC7800F539CC /* KWConformToProtocolMatcher.m in Sources */,
				8C31E09A12A5EC7800F539CC /* KWContainMatcher.m in Sources */,
				8C31E09B12A5EC7800F539CC /* KWContextNode.m in Sources */,
				8C31E09C12A5EC7800F539CC /* KWDeviceInfo.m in Sources */,
				8C31E09D12A5EC7800F539CC /* KWEqualMatcher.m in Sources */,
				8C31E09E12A5EC7800F539CC /* KWExampleGroup.m in Sources */,
				8C31E09F12A5EC7800F539CC /* KWExampleGroupBuilder.m in Sources */,
				8C31E0A012A5EC7800F539CC /* KWExistVerifier.m in Sources */,
				8C31E0A112A5EC7800F539CC /* KWFailure.m in Sources */,
				8C31E0A212A5EC7800F539CC /* KWFormatter.m in Sources */,
				8C31E0A312A5EC7800F539CC /* KWHaveMatcher.m in Sources */,
				8C31E0A412A5EC7800F539CC /* KWInequalityMatcher.m in Sources */,
				8C31E0A512A5EC7800F539CC /* KWIntercept.m in Sources */,
				8C31E0A612A5EC7800F539CC /* KWInvocationCapturer.m in Sources */,
				8C31E0A712A5EC7800F539CC /* KWItNode.m in Sources */,
				8C31E0A812A5EC7800F539CC /* KWMatcher.m in Sources */,
				8C31E0A912A5EC7800F539CC /* KWMatcherFactory.m in Sources */,
				8C31E0AA12A5EC7800F539CC /* KWMatchVerifier.m in Sources */,
				8C31E0AB12A5EC7800F539CC /* KWMessagePattern.m in Sources */,
				8C31E0AC12A5EC7800F539CC /* KWMessageTracker.m in Sources */,
				8C31E0AD12A5EC7800F539CC /* KWMock.m in Sources */,
				8C31E0AE12A5EC7800F539CC /* KWNull.m in Sources */,
				8C31E0AF12A5EC7800F539CC /* KWObjCUtilities.m in Sources */,
				8C31E0B012A5EC7800F539CC /* KWPendingNode.m in Sources */,
				8C31E0B112A5EC7800F539CC /* KWRaiseMatcher.m in Sources */,
				8C31E0B212A5EC7800F539CC /* KWReceiveMatcher.m in Sources */,
				8C31E0B312A5EC7800F539CC /* KWRegisterMatchersNode.m in Sources */,
				8C31E0B412A5EC7800F539CC /* KWRespondToSelectorMatcher.m in Sources */,
				8C31E0B512A5EC7800F539CC /* KWSpec.m in Sources */,
				8C31E0B612A5EC7800F539CC /* KWStringUtilities.m in Sources */,
				8C31E0B712A5EC7800F539CC /* KWStub.m in Sources */,
				8C31E0B812A5EC7800F539CC /* KWTestCase.m in Sources */,
				8C31E0B912A5EC7800F539CC /* KWValue.m in Sources */,
				8C31E0BA12A5EC7800F539CC /* KWWorkarounds.m in Sources */,
				8C31E0BB12A5EC7800F539CC /* NSInvocation+KiwiAdditions.m in Sources */,
				8C31E0BC12A5EC7800F539CC /* NSMethodSignature+KiwiAdditions.m in Sources */,
				8C31E0BD12A5EC7800F539CC /* NSNumber+KiwiAdditions.m in Sources */,
				8C31E0BE12A5EC7800F539CC /* NSObject+KiwiMockAdditions.m in Sources */,
				8C31E0BF12A5EC7800F539CC /* NSObject+KiwiStubAdditions.m in Sources */,
				8C31E0C012A5EC7800F539CC /* NSObject+KiwiVerifierAdditions.m in Sources */,
				8C31E0C112A5EC7800F539CC /* NSValue+KiwiAdditions.m in Sources */,
				8C31E0C412A5ECB100F539CC /* SpecTest.m in Sources */,
			);
			runOnlyForDeploymentPostprocessing = 0;
		};
/* End PBXSourcesBuildPhase section */

/* Begin PBXTargetDependency section */
		8C218BFC12A996CD00C06D54 /* PBXTargetDependency */ = {
			isa = PBXTargetDependency;
			target = 8C31E00412A5EBA500F539CC /* Specs */;
			targetProxy = 8C218BFB12A996CD00C06D54 /* PBXContainerItemProxy */;
		};
/* End PBXTargetDependency section */

/* Begin XCBuildConfiguration section */
		1D6058940D05DD3E006BFB54 /* Debug */ = {
			isa = XCBuildConfiguration;
			buildSettings = {
				ALWAYS_SEARCH_USER_PATHS = NO;
				COPY_PHASE_STRIP = NO;
				GCC_DYNAMIC_NO_PIC = NO;
				GCC_OPTIMIZATION_LEVEL = 0;
				GCC_PRECOMPILE_PREFIX_HEADER = YES;
				GCC_PREFIX_HEADER = AgendaTechClient_Prefix.pch;
				INFOPLIST_FILE = "AgendaTechClient-Info.plist";
				PRODUCT_NAME = AgendaTechClient;
			};
			name = Debug;
		};
		1D6058950D05DD3E006BFB54 /* Release */ = {
			isa = XCBuildConfiguration;
			buildSettings = {
				ALWAYS_SEARCH_USER_PATHS = NO;
				COPY_PHASE_STRIP = YES;
				GCC_PRECOMPILE_PREFIX_HEADER = YES;
				GCC_PREFIX_HEADER = AgendaTechClient_Prefix.pch;
				INFOPLIST_FILE = "AgendaTechClient-Info.plist";
				PRODUCT_NAME = AgendaTechClient;
				VALIDATE_PRODUCT = YES;
			};
			name = Release;
		};
		8C31E00712A5EBA700F539CC /* Debug */ = {
			isa = XCBuildConfiguration;
			buildSettings = {
				ALWAYS_SEARCH_USER_PATHS = NO;
				"CODE_SIGN_IDENTITY[sdk=iphoneos*]" = "";
				COPY_PHASE_STRIP = NO;
				FRAMEWORK_SEARCH_PATHS = (
					"\"$(SDKROOT)/Developer/Library/Frameworks\"",
					"\"$(DEVELOPER_LIBRARY_DIR)/Frameworks\"",
				);
				GCC_DYNAMIC_NO_PIC = NO;
				GCC_ENABLE_FIX_AND_CONTINUE = NO;
				GCC_ENABLE_OBJC_EXCEPTIONS = YES;
				GCC_OPTIMIZATION_LEVEL = 0;
				GCC_VERSION = com.apple.compilers.llvmgcc42;
				INFOPLIST_FILE = "Specs-Info.plist";
				OTHER_LDFLAGS = (
					"-framework",
					Foundation,
					"-framework",
					SenTestingKit,
					"-framework",
					UIKit,
				);
				PREBINDING = NO;
				PRODUCT_NAME = Specs;
				WRAPPER_EXTENSION = octest;
			};
			name = Debug;
		};
		8C31E00812A5EBA700F539CC /* Release */ = {
			isa = XCBuildConfiguration;
			buildSettings = {
				ALWAYS_SEARCH_USER_PATHS = NO;
				"CODE_SIGN_IDENTITY[sdk=iphoneos*]" = "";
				COPY_PHASE_STRIP = YES;
				DEBUG_INFORMATION_FORMAT = "dwarf-with-dsym";
				FRAMEWORK_SEARCH_PATHS = (
					"\"$(SDKROOT)/Developer/Library/Frameworks\"",
					"\"$(DEVELOPER_LIBRARY_DIR)/Frameworks\"",
				);
				GCC_ENABLE_FIX_AND_CONTINUE = NO;
				GCC_ENABLE_OBJC_EXCEPTIONS = YES;
				GCC_VERSION = com.apple.compilers.llvmgcc42;
				INFOPLIST_FILE = "Specs-Info.plist";
				OTHER_LDFLAGS = (
					"-framework",
					Foundation,
					"-framework",
					SenTestingKit,
					"-framework",
					UIKit,
				);
				PREBINDING = NO;
				PRODUCT_NAME = Specs;
				WRAPPER_EXTENSION = octest;
				ZERO_LINK = NO;
			};
			name = Release;
		};
		C01FCF4F08A954540054247B /* Debug */ = {
			isa = XCBuildConfiguration;
			buildSettings = {
				ARCHS = "$(ARCHS_STANDARD_32_BIT)";
				"CODE_SIGN_IDENTITY[sdk=iphoneos*]" = "iPhone Developer";
				GCC_C_LANGUAGE_STANDARD = c99;
				GCC_WARN_ABOUT_RETURN_TYPE = YES;
				GCC_WARN_UNUSED_VARIABLE = YES;
				PREBINDING = NO;
				SDKROOT = iphoneos4.1;
			};
			name = Debug;
		};
		C01FCF5008A954540054247B /* Release */ = {
			isa = XCBuildConfiguration;
			buildSettings = {
				ARCHS = "$(ARCHS_STANDARD_32_BIT)";
				"CODE_SIGN_IDENTITY[sdk=iphoneos*]" = "iPhone Developer";
				GCC_C_LANGUAGE_STANDARD = c99;
				GCC_WARN_ABOUT_RETURN_TYPE = YES;
				GCC_WARN_UNUSED_VARIABLE = YES;
				OTHER_CFLAGS = "-DNS_BLOCK_ASSERTIONS=1";
				PREBINDING = NO;
				SDKROOT = iphoneos4.1;
			};
			name = Release;
		};
/* End XCBuildConfiguration section */

/* Begin XCConfigurationList section */
		1D6058960D05DD3E006BFB54 /* Build configuration list for PBXNativeTarget "AgendaTechClient" */ = {
			isa = XCConfigurationList;
			buildConfigurations = (
				1D6058940D05DD3E006BFB54 /* Debug */,
				1D6058950D05DD3E006BFB54 /* Release */,
			);
			defaultConfigurationIsVisible = 0;
			defaultConfigurationName = Release;
		};
		8C31E00912A5EBA700F539CC /* Build configuration list for PBXNativeTarget "Specs" */ = {
			isa = XCConfigurationList;
			buildConfigurations = (
				8C31E00712A5EBA700F539CC /* Debug */,
				8C31E00812A5EBA700F539CC /* Release */,
			);
			defaultConfigurationIsVisible = 0;
			defaultConfigurationName = Release;
		};
		C01FCF4E08A954540054247B /* Build configuration list for PBXProject "AgendaTechClient" */ = {
			isa = XCConfigurationList;
			buildConfigurations = (
				C01FCF4F08A954540054247B /* Debug */,
				C01FCF5008A954540054247B /* Release */,
			);
			defaultConfigurationIsVisible = 0;
			defaultConfigurationName = Release;
		};
/* End XCConfigurationList section */

/* Begin XCVersionGroup section */
		2819305F112F816700ECF9B4 /* AgendaTechClient.xcdatamodeld */ = {
			isa = XCVersionGroup;
			children = (
				28C3AD890F43EF2300507BA6 /* AgendaTechClient.xcdatamodel */,
			);
			currentVersion = 28C3AD890F43EF2300507BA6 /* AgendaTechClient.xcdatamodel */;
			path = AgendaTechClient.xcdatamodeld;
			sourceTree = "<group>";
			versionGroupType = wrapper.xcdatamodel;
		};
/* End XCVersionGroup section */
	};
	rootObject = 29B97313FDCFA39411CA2CEA /* Project object */;
}
