// !$*UTF8*$!
{
	archiveVersion = 1;
	classes = {
	};
	objectVersion = 46;
	objects = {

/* Begin PBXBuildFile section */
		1D60589B0D05DD56006BFB54 /* main.m in Sources */ = {isa = PBXBuildFile; fileRef = 29B97316FDCFA39411CA2CEA /* main.m */; };
		1D60589F0D05DD5A006BFB54 /* Foundation.framework in Frameworks */ = {isa = PBXBuildFile; fileRef = 1D30AB110D05D00D00671497 /* Foundation.framework */; };
		1DF5F4E00D08C38300B7A737 /* UIKit.framework in Frameworks */ = {isa = PBXBuildFile; fileRef = 1DF5F4DF0D08C38300B7A737 /* UIKit.framework */; };
		28193060112F816700ECF9B4 /* iAgendaTech.xcdatamodeld in Sources */ = {isa = PBXBuildFile; fileRef = 2819305F112F816700ECF9B4 /* iAgendaTech.xcdatamodeld */; };
		288765A50DF7441C002DB57D /* CoreGraphics.framework in Frameworks */ = {isa = PBXBuildFile; fileRef = 288765A40DF7441C002DB57D /* CoreGraphics.framework */; };
		28AD733F0D9D9553002E5188 /* MainWindow.xib in Resources */ = {isa = PBXBuildFile; fileRef = 28AD733E0D9D9553002E5188 /* MainWindow.xib */; };
		28D801B40F44B63D00FB423F /* CoreData.framework in Frameworks */ = {isa = PBXBuildFile; fileRef = 28D801B30F44B63D00FB423F /* CoreData.framework */; };
		8C5D5FF11379E92700A90B6B /* iAgendaTechAppDelegate.m in Sources */ = {isa = PBXBuildFile; fileRef = 8C5D5FF01379E92700A90B6B /* iAgendaTechAppDelegate.m */; };
		8C5D61B0137B10D800A90B6B /* NSObject+JSON.m in Sources */ = {isa = PBXBuildFile; fileRef = 8C5D619A137B10D800A90B6B /* NSObject+JSON.m */; };
		8C5D61B1137B10D800A90B6B /* SBJsonParser.m in Sources */ = {isa = PBXBuildFile; fileRef = 8C5D619D137B10D800A90B6B /* SBJsonParser.m */; };
		8C5D61B2137B10D800A90B6B /* SBJsonStreamParser.m in Sources */ = {isa = PBXBuildFile; fileRef = 8C5D619F137B10D800A90B6B /* SBJsonStreamParser.m */; };
		8C5D61B3137B10D800A90B6B /* SBJsonStreamParserAccumulator.m in Sources */ = {isa = PBXBuildFile; fileRef = 8C5D61A1137B10D800A90B6B /* SBJsonStreamParserAccumulator.m */; };
		8C5D61B4137B10D800A90B6B /* SBJsonStreamParserAdapter.m in Sources */ = {isa = PBXBuildFile; fileRef = 8C5D61A3137B10D800A90B6B /* SBJsonStreamParserAdapter.m */; };
		8C5D61B5137B10D800A90B6B /* SBJsonStreamParserState.m in Sources */ = {isa = PBXBuildFile; fileRef = 8C5D61A5137B10D800A90B6B /* SBJsonStreamParserState.m */; };
		8C5D61B6137B10D800A90B6B /* SBJsonStreamWriter.m in Sources */ = {isa = PBXBuildFile; fileRef = 8C5D61A7137B10D800A90B6B /* SBJsonStreamWriter.m */; };
		8C5D61B7137B10D800A90B6B /* SBJsonStreamWriterAccumulator.m in Sources */ = {isa = PBXBuildFile; fileRef = 8C5D61A9137B10D800A90B6B /* SBJsonStreamWriterAccumulator.m */; };
		8C5D61B8137B10D800A90B6B /* SBJsonStreamWriterState.m in Sources */ = {isa = PBXBuildFile; fileRef = 8C5D61AB137B10D800A90B6B /* SBJsonStreamWriterState.m */; };
		8C5D61B9137B10D800A90B6B /* SBJsonTokeniser.m in Sources */ = {isa = PBXBuildFile; fileRef = 8C5D61AD137B10D800A90B6B /* SBJsonTokeniser.m */; };
		8C5D61BA137B10D800A90B6B /* SBJsonWriter.m in Sources */ = {isa = PBXBuildFile; fileRef = 8C5D61AF137B10D800A90B6B /* SBJsonWriter.m */; };
		8C8724F0137DAF1B00B074BD /* DescribeEventsStreamDataSource.m in Sources */ = {isa = PBXBuildFile; fileRef = 8C8724E1137DAEAA00B074BD /* DescribeEventsStreamDataSource.m */; };
		8C8724FC137DAFCA00B074BD /* EventsStreamDataSource.m in Sources */ = {isa = PBXBuildFile; fileRef = 8C8724FB137DAFCA00B074BD /* EventsStreamDataSource.m */; };
		8C8724FD137DAFCA00B074BD /* EventsStreamDataSource.m in Sources */ = {isa = PBXBuildFile; fileRef = 8C8724FB137DAFCA00B074BD /* EventsStreamDataSource.m */; };
		8C872526137DB59400B074BD /* EventoParser.m in Sources */ = {isa = PBXBuildFile; fileRef = 8C872525137DB59400B074BD /* EventoParser.m */; };
		8C872527137DB59400B074BD /* EventoParser.m in Sources */ = {isa = PBXBuildFile; fileRef = 8C872525137DB59400B074BD /* EventoParser.m */; };
		8C872534137DB65B00B074BD /* DescribeEventoParser.m in Sources */ = {isa = PBXBuildFile; fileRef = 8C872533137DB65B00B074BD /* DescribeEventoParser.m */; };
		8C872535137DB65B00B074BD /* DescribeEventoParser.m in Sources */ = {isa = PBXBuildFile; fileRef = 8C872533137DB65B00B074BD /* DescribeEventoParser.m */; };
		8C87253B137DB78600B074BD /* Evento.m in Sources */ = {isa = PBXBuildFile; fileRef = 8C87253A137DB78600B074BD /* Evento.m */; };
		8C87253C137DB78600B074BD /* Evento.m in Sources */ = {isa = PBXBuildFile; fileRef = 8C87253A137DB78600B074BD /* Evento.m */; };
		8CB9CA0B137B831F006F0F9F /* MainWindow.xib in Resources */ = {isa = PBXBuildFile; fileRef = 28AD733E0D9D9553002E5188 /* MainWindow.xib */; };
		8CB9CA0C137B831F006F0F9F /* UISpec.bundle in Resources */ = {isa = PBXBuildFile; fileRef = 8CBCE15013661DE700677AD6 /* UISpec.bundle */; };
		8CB9CA0E137B831F006F0F9F /* main.m in Sources */ = {isa = PBXBuildFile; fileRef = 29B97316FDCFA39411CA2CEA /* main.m */; };
		8CB9CA0F137B831F006F0F9F /* iAgendaTech.xcdatamodeld in Sources */ = {isa = PBXBuildFile; fileRef = 2819305F112F816700ECF9B4 /* iAgendaTech.xcdatamodeld */; };
		8CB9CA10137B831F006F0F9F /* DescribeAgendaTech.m in Sources */ = {isa = PBXBuildFile; fileRef = 8C5D5F5B1379E06D00A90B6B /* DescribeAgendaTech.m */; };
		8CB9CA11137B831F006F0F9F /* iAgendaTechAppDelegate.m in Sources */ = {isa = PBXBuildFile; fileRef = 8C5D5FF01379E92700A90B6B /* iAgendaTechAppDelegate.m */; };
		8CB9CA12137B831F006F0F9F /* NSObject+JSON.m in Sources */ = {isa = PBXBuildFile; fileRef = 8C5D619A137B10D800A90B6B /* NSObject+JSON.m */; };
		8CB9CA13137B831F006F0F9F /* SBJsonParser.m in Sources */ = {isa = PBXBuildFile; fileRef = 8C5D619D137B10D800A90B6B /* SBJsonParser.m */; };
		8CB9CA14137B831F006F0F9F /* SBJsonStreamParser.m in Sources */ = {isa = PBXBuildFile; fileRef = 8C5D619F137B10D800A90B6B /* SBJsonStreamParser.m */; };
		8CB9CA15137B831F006F0F9F /* SBJsonStreamParserAccumulator.m in Sources */ = {isa = PBXBuildFile; fileRef = 8C5D61A1137B10D800A90B6B /* SBJsonStreamParserAccumulator.m */; };
		8CB9CA16137B831F006F0F9F /* SBJsonStreamParserAdapter.m in Sources */ = {isa = PBXBuildFile; fileRef = 8C5D61A3137B10D800A90B6B /* SBJsonStreamParserAdapter.m */; };
		8CB9CA17137B831F006F0F9F /* SBJsonStreamParserState.m in Sources */ = {isa = PBXBuildFile; fileRef = 8C5D61A5137B10D800A90B6B /* SBJsonStreamParserState.m */; };
		8CB9CA18137B831F006F0F9F /* SBJsonStreamWriter.m in Sources */ = {isa = PBXBuildFile; fileRef = 8C5D61A7137B10D800A90B6B /* SBJsonStreamWriter.m */; };
		8CB9CA19137B831F006F0F9F /* SBJsonStreamWriterAccumulator.m in Sources */ = {isa = PBXBuildFile; fileRef = 8C5D61A9137B10D800A90B6B /* SBJsonStreamWriterAccumulator.m */; };
		8CB9CA1A137B831F006F0F9F /* SBJsonStreamWriterState.m in Sources */ = {isa = PBXBuildFile; fileRef = 8C5D61AB137B10D800A90B6B /* SBJsonStreamWriterState.m */; };
		8CB9CA1B137B831F006F0F9F /* SBJsonTokeniser.m in Sources */ = {isa = PBXBuildFile; fileRef = 8C5D61AD137B10D800A90B6B /* SBJsonTokeniser.m */; };
		8CB9CA1C137B831F006F0F9F /* SBJsonWriter.m in Sources */ = {isa = PBXBuildFile; fileRef = 8C5D61AF137B10D800A90B6B /* SBJsonWriter.m */; };
		8CB9CA1F137B831F006F0F9F /* Foundation.framework in Frameworks */ = {isa = PBXBuildFile; fileRef = 1D30AB110D05D00D00671497 /* Foundation.framework */; };
		8CB9CA20137B831F006F0F9F /* UIKit.framework in Frameworks */ = {isa = PBXBuildFile; fileRef = 1DF5F4DF0D08C38300B7A737 /* UIKit.framework */; };
		8CB9CA21137B831F006F0F9F /* CoreGraphics.framework in Frameworks */ = {isa = PBXBuildFile; fileRef = 288765A40DF7441C002DB57D /* CoreGraphics.framework */; };
		8CB9CA22137B831F006F0F9F /* CoreData.framework in Frameworks */ = {isa = PBXBuildFile; fileRef = 28D801B30F44B63D00FB423F /* CoreData.framework */; };
		8CB9CA23137B831F006F0F9F /* libUISpec.a in Frameworks */ = {isa = PBXBuildFile; fileRef = 8CBCE14213661C8E00677AD6 /* libUISpec.a */; };
		8CBCE15113661DE700677AD6 /* UISpec.bundle in Resources */ = {isa = PBXBuildFile; fileRef = 8CBCE15013661DE700677AD6 /* UISpec.bundle */; };
/* End PBXBuildFile section */

/* Begin PBXContainerItemProxy section */
		8CB9CA09137B831F006F0F9F /* PBXContainerItemProxy */ = {
			isa = PBXContainerItemProxy;
			containerPortal = 8CBCE13813661C8E00677AD6 /* UISpec.xcodeproj */;
			proxyType = 1;
			remoteGlobalIDString = C76EB5D10F74586B00EF8398;
			remoteInfo = UISpec;
		};
		8CBCE14113661C8E00677AD6 /* PBXContainerItemProxy */ = {
			isa = PBXContainerItemProxy;
			containerPortal = 8CBCE13813661C8E00677AD6 /* UISpec.xcodeproj */;
			proxyType = 2;
			remoteGlobalIDString = C76EB5D20F74586B00EF8398;
			remoteInfo = UISpec;
		};
		8CBCE14313661C8E00677AD6 /* PBXContainerItemProxy */ = {
			isa = PBXContainerItemProxy;
			containerPortal = 8CBCE13813661C8E00677AD6 /* UISpec.xcodeproj */;
			proxyType = 2;
			remoteGlobalIDString = C7D4F29310BDA39C00B00019;
			remoteInfo = Specs;
		};
/* End PBXContainerItemProxy section */

/* Begin PBXFileReference section */
		1D30AB110D05D00D00671497 /* Foundation.framework */ = {isa = PBXFileReference; lastKnownFileType = wrapper.framework; name = Foundation.framework; path = System/Library/Frameworks/Foundation.framework; sourceTree = SDKROOT; };
		1D6058910D05DD3D006BFB54 /* iAgendaTech.app */ = {isa = PBXFileReference; explicitFileType = wrapper.application; includeInIndex = 0; path = iAgendaTech.app; sourceTree = BUILT_PRODUCTS_DIR; };
		1DF5F4DF0D08C38300B7A737 /* UIKit.framework */ = {isa = PBXFileReference; lastKnownFileType = wrapper.framework; name = UIKit.framework; path = System/Library/Frameworks/UIKit.framework; sourceTree = SDKROOT; };
		288765A40DF7441C002DB57D /* CoreGraphics.framework */ = {isa = PBXFileReference; lastKnownFileType = wrapper.framework; name = CoreGraphics.framework; path = System/Library/Frameworks/CoreGraphics.framework; sourceTree = SDKROOT; };
		28AD733E0D9D9553002E5188 /* MainWindow.xib */ = {isa = PBXFileReference; lastKnownFileType = file.xib; path = MainWindow.xib; sourceTree = "<group>"; };
		28C3AD890F43EF2300507BA6 /* iAgendaTech.xcdatamodel */ = {isa = PBXFileReference; fileEncoding = 4; lastKnownFileType = wrapper.xcdatamodel; path = iAgendaTech.xcdatamodel; sourceTree = "<group>"; };
		28D801B30F44B63D00FB423F /* CoreData.framework */ = {isa = PBXFileReference; lastKnownFileType = wrapper.framework; name = CoreData.framework; path = System/Library/Frameworks/CoreData.framework; sourceTree = SDKROOT; };
		29B97316FDCFA39411CA2CEA /* main.m */ = {isa = PBXFileReference; fileEncoding = 4; lastKnownFileType = sourcecode.c.objc; path = main.m; sourceTree = "<group>"; };
		32CA4F630368D1EE00C91783 /* iAgendaTech_Prefix.pch */ = {isa = PBXFileReference; fileEncoding = 4; lastKnownFileType = sourcecode.c.h; path = iAgendaTech_Prefix.pch; sourceTree = "<group>"; };
		8C5D5F5B1379E06D00A90B6B /* DescribeAgendaTech.m */ = {isa = PBXFileReference; fileEncoding = 4; lastKnownFileType = sourcecode.c.objc; path = DescribeAgendaTech.m; sourceTree = "<group>"; };
		8C5D5FEF1379E92700A90B6B /* iAgendaTechAppDelegate.h */ = {isa = PBXFileReference; fileEncoding = 4; lastKnownFileType = sourcecode.c.h; path = iAgendaTechAppDelegate.h; sourceTree = "<group>"; };
		8C5D5FF01379E92700A90B6B /* iAgendaTechAppDelegate.m */ = {isa = PBXFileReference; fileEncoding = 4; lastKnownFileType = sourcecode.c.objc; path = iAgendaTechAppDelegate.m; sourceTree = "<group>"; };
		8C5D6198137B10D800A90B6B /* JSON.h */ = {isa = PBXFileReference; fileEncoding = 4; lastKnownFileType = sourcecode.c.h; name = JSON.h; path = "../Vendor/json-framework/Classes/JSON.h"; sourceTree = SOURCE_ROOT; };
		8C5D6199137B10D800A90B6B /* NSObject+JSON.h */ = {isa = PBXFileReference; fileEncoding = 4; lastKnownFileType = sourcecode.c.h; name = "NSObject+JSON.h"; path = "../Vendor/json-framework/Classes/NSObject+JSON.h"; sourceTree = SOURCE_ROOT; };
		8C5D619A137B10D800A90B6B /* NSObject+JSON.m */ = {isa = PBXFileReference; fileEncoding = 4; lastKnownFileType = sourcecode.c.objc; name = "NSObject+JSON.m"; path = "../Vendor/json-framework/Classes/NSObject+JSON.m"; sourceTree = SOURCE_ROOT; };
		8C5D619B137B10D800A90B6B /* SBJsonIncludes.h */ = {isa = PBXFileReference; fileEncoding = 4; lastKnownFileType = sourcecode.c.h; name = SBJsonIncludes.h; path = "../Vendor/json-framework/Classes/SBJsonIncludes.h"; sourceTree = SOURCE_ROOT; };
		8C5D619C137B10D800A90B6B /* SBJsonParser.h */ = {isa = PBXFileReference; fileEncoding = 4; lastKnownFileType = sourcecode.c.h; name = SBJsonParser.h; path = "../Vendor/json-framework/Classes/SBJsonParser.h"; sourceTree = SOURCE_ROOT; };
		8C5D619D137B10D800A90B6B /* SBJsonParser.m */ = {isa = PBXFileReference; fileEncoding = 4; lastKnownFileType = sourcecode.c.objc; name = SBJsonParser.m; path = "../Vendor/json-framework/Classes/SBJsonParser.m"; sourceTree = SOURCE_ROOT; };
		8C5D619E137B10D800A90B6B /* SBJsonStreamParser.h */ = {isa = PBXFileReference; fileEncoding = 4; lastKnownFileType = sourcecode.c.h; name = SBJsonStreamParser.h; path = "../Vendor/json-framework/Classes/SBJsonStreamParser.h"; sourceTree = SOURCE_ROOT; };
		8C5D619F137B10D800A90B6B /* SBJsonStreamParser.m */ = {isa = PBXFileReference; fileEncoding = 4; lastKnownFileType = sourcecode.c.objc; name = SBJsonStreamParser.m; path = "../Vendor/json-framework/Classes/SBJsonStreamParser.m"; sourceTree = SOURCE_ROOT; };
		8C5D61A0137B10D800A90B6B /* SBJsonStreamParserAccumulator.h */ = {isa = PBXFileReference; fileEncoding = 4; lastKnownFileType = sourcecode.c.h; name = SBJsonStreamParserAccumulator.h; path = "../Vendor/json-framework/Classes/SBJsonStreamParserAccumulator.h"; sourceTree = SOURCE_ROOT; };
		8C5D61A1137B10D800A90B6B /* SBJsonStreamParserAccumulator.m */ = {isa = PBXFileReference; fileEncoding = 4; lastKnownFileType = sourcecode.c.objc; name = SBJsonStreamParserAccumulator.m; path = "../Vendor/json-framework/Classes/SBJsonStreamParserAccumulator.m"; sourceTree = SOURCE_ROOT; };
		8C5D61A2137B10D800A90B6B /* SBJsonStreamParserAdapter.h */ = {isa = PBXFileReference; fileEncoding = 4; lastKnownFileType = sourcecode.c.h; name = SBJsonStreamParserAdapter.h; path = "../Vendor/json-framework/Classes/SBJsonStreamParserAdapter.h"; sourceTree = SOURCE_ROOT; };
		8C5D61A3137B10D800A90B6B /* SBJsonStreamParserAdapter.m */ = {isa = PBXFileReference; fileEncoding = 4; lastKnownFileType = sourcecode.c.objc; name = SBJsonStreamParserAdapter.m; path = "../Vendor/json-framework/Classes/SBJsonStreamParserAdapter.m"; sourceTree = SOURCE_ROOT; };
		8C5D61A4137B10D800A90B6B /* SBJsonStreamParserState.h */ = {isa = PBXFileReference; fileEncoding = 4; lastKnownFileType = sourcecode.c.h; name = SBJsonStreamParserState.h; path = "../Vendor/json-framework/Classes/SBJsonStreamParserState.h"; sourceTree = SOURCE_ROOT; };
		8C5D61A5137B10D800A90B6B /* SBJsonStreamParserState.m */ = {isa = PBXFileReference; fileEncoding = 4; lastKnownFileType = sourcecode.c.objc; name = SBJsonStreamParserState.m; path = "../Vendor/json-framework/Classes/SBJsonStreamParserState.m"; sourceTree = SOURCE_ROOT; };
		8C5D61A6137B10D800A90B6B /* SBJsonStreamWriter.h */ = {isa = PBXFileReference; fileEncoding = 4; lastKnownFileType = sourcecode.c.h; name = SBJsonStreamWriter.h; path = "../Vendor/json-framework/Classes/SBJsonStreamWriter.h"; sourceTree = SOURCE_ROOT; };
		8C5D61A7137B10D800A90B6B /* SBJsonStreamWriter.m */ = {isa = PBXFileReference; fileEncoding = 4; lastKnownFileType = sourcecode.c.objc; name = SBJsonStreamWriter.m; path = "../Vendor/json-framework/Classes/SBJsonStreamWriter.m"; sourceTree = SOURCE_ROOT; };
		8C5D61A8137B10D800A90B6B /* SBJsonStreamWriterAccumulator.h */ = {isa = PBXFileReference; fileEncoding = 4; lastKnownFileType = sourcecode.c.h; name = SBJsonStreamWriterAccumulator.h; path = "../Vendor/json-framework/Classes/SBJsonStreamWriterAccumulator.h"; sourceTree = SOURCE_ROOT; };
		8C5D61A9137B10D800A90B6B /* SBJsonStreamWriterAccumulator.m */ = {isa = PBXFileReference; fileEncoding = 4; lastKnownFileType = sourcecode.c.objc; name = SBJsonStreamWriterAccumulator.m; path = "../Vendor/json-framework/Classes/SBJsonStreamWriterAccumulator.m"; sourceTree = SOURCE_ROOT; };
		8C5D61AA137B10D800A90B6B /* SBJsonStreamWriterState.h */ = {isa = PBXFileReference; fileEncoding = 4; lastKnownFileType = sourcecode.c.h; name = SBJsonStreamWriterState.h; path = "../Vendor/json-framework/Classes/SBJsonStreamWriterState.h"; sourceTree = SOURCE_ROOT; };
		8C5D61AB137B10D800A90B6B /* SBJsonStreamWriterState.m */ = {isa = PBXFileReference; fileEncoding = 4; lastKnownFileType = sourcecode.c.objc; name = SBJsonStreamWriterState.m; path = "../Vendor/json-framework/Classes/SBJsonStreamWriterState.m"; sourceTree = SOURCE_ROOT; };
		8C5D61AC137B10D800A90B6B /* SBJsonTokeniser.h */ = {isa = PBXFileReference; fileEncoding = 4; lastKnownFileType = sourcecode.c.h; name = SBJsonTokeniser.h; path = "../Vendor/json-framework/Classes/SBJsonTokeniser.h"; sourceTree = SOURCE_ROOT; };
		8C5D61AD137B10D800A90B6B /* SBJsonTokeniser.m */ = {isa = PBXFileReference; fileEncoding = 4; lastKnownFileType = sourcecode.c.objc; name = SBJsonTokeniser.m; path = "../Vendor/json-framework/Classes/SBJsonTokeniser.m"; sourceTree = SOURCE_ROOT; };
		8C5D61AE137B10D800A90B6B /* SBJsonWriter.h */ = {isa = PBXFileReference; fileEncoding = 4; lastKnownFileType = sourcecode.c.h; name = SBJsonWriter.h; path = "../Vendor/json-framework/Classes/SBJsonWriter.h"; sourceTree = SOURCE_ROOT; };
		8C5D61AF137B10D800A90B6B /* SBJsonWriter.m */ = {isa = PBXFileReference; fileEncoding = 4; lastKnownFileType = sourcecode.c.objc; name = SBJsonWriter.m; path = "../Vendor/json-framework/Classes/SBJsonWriter.m"; sourceTree = SOURCE_ROOT; };
		8C8724E1137DAEAA00B074BD /* DescribeEventsStreamDataSource.m */ = {isa = PBXFileReference; fileEncoding = 4; lastKnownFileType = sourcecode.c.objc; path = DescribeEventsStreamDataSource.m; sourceTree = "<group>"; };
		8C8724FA137DAFCA00B074BD /* EventsStreamDataSource.h */ = {isa = PBXFileReference; fileEncoding = 4; lastKnownFileType = sourcecode.c.h; path = EventsStreamDataSource.h; sourceTree = "<group>"; };
		8C8724FB137DAFCA00B074BD /* EventsStreamDataSource.m */ = {isa = PBXFileReference; fileEncoding = 4; lastKnownFileType = sourcecode.c.objc; path = EventsStreamDataSource.m; sourceTree = "<group>"; };
		8C872524137DB59400B074BD /* EventoParser.h */ = {isa = PBXFileReference; fileEncoding = 4; lastKnownFileType = sourcecode.c.h; path = EventoParser.h; sourceTree = "<group>"; };
		8C872525137DB59400B074BD /* EventoParser.m */ = {isa = PBXFileReference; fileEncoding = 4; lastKnownFileType = sourcecode.c.objc; path = EventoParser.m; sourceTree = "<group>"; };
		8C872533137DB65B00B074BD /* DescribeEventoParser.m */ = {isa = PBXFileReference; fileEncoding = 4; lastKnownFileType = sourcecode.c.objc; path = DescribeEventoParser.m; sourceTree = "<group>"; };
		8C872539137DB78600B074BD /* Evento.h */ = {isa = PBXFileReference; fileEncoding = 4; lastKnownFileType = sourcecode.c.h; path = Evento.h; sourceTree = "<group>"; };
		8C87253A137DB78600B074BD /* Evento.m */ = {isa = PBXFileReference; fileEncoding = 4; lastKnownFileType = sourcecode.c.objc; path = Evento.m; sourceTree = "<group>"; };
		8CB9CA27137B831F006F0F9F /* iAgendaTechSpecs.app */ = {isa = PBXFileReference; explicitFileType = wrapper.application; includeInIndex = 0; path = iAgendaTechSpecs.app; sourceTree = BUILT_PRODUCTS_DIR; };
		8CB9CA29137B831F006F0F9F /* iAgendaTech-Info Specs.plist */ = {isa = PBXFileReference; lastKnownFileType = text.plist.xml; path = "iAgendaTech-Info Specs.plist"; sourceTree = "<group>"; };
		8CBCE13813661C8E00677AD6 /* UISpec.xcodeproj */ = {isa = PBXFileReference; lastKnownFileType = "wrapper.pb-project"; name = UISpec.xcodeproj; path = ../Vendor/UISpec/xcode/UISpec/UISpec.xcodeproj; sourceTree = SOURCE_ROOT; };
		8CBCE15013661DE700677AD6 /* UISpec.bundle */ = {isa = PBXFileReference; lastKnownFileType = "wrapper.plug-in"; name = UISpec.bundle; path = ../Vendor/UISpec/src/UISpec.bundle; sourceTree = SOURCE_ROOT; };
		8CBCE1D51366280300677AD6 /* CallCache.h */ = {isa = PBXFileReference; fileEncoding = 4; lastKnownFileType = sourcecode.c.h; name = CallCache.h; path = ../Vendor/UISpec/headers/CallCache.h; sourceTree = SOURCE_ROOT; };
		8CBCE1D61366280300677AD6 /* NSNumberCreator.h */ = {isa = PBXFileReference; fileEncoding = 4; lastKnownFileType = sourcecode.c.h; name = NSNumberCreator.h; path = ../Vendor/UISpec/headers/NSNumberCreator.h; sourceTree = SOURCE_ROOT; };
		8CBCE1D71366280300677AD6 /* Recordable.h */ = {isa = PBXFileReference; fileEncoding = 4; lastKnownFileType = sourcecode.c.h; name = Recordable.h; path = ../Vendor/UISpec/headers/Recordable.h; sourceTree = SOURCE_ROOT; };
		8CBCE1D81366280300677AD6 /* ReturnCacher.h */ = {isa = PBXFileReference; fileEncoding = 4; lastKnownFileType = sourcecode.c.h; name = ReturnCacher.h; path = ../Vendor/UISpec/headers/ReturnCacher.h; sourceTree = SOURCE_ROOT; };
		8CBCE1D91366280300677AD6 /* UIBug.h */ = {isa = PBXFileReference; fileEncoding = 4; lastKnownFileType = sourcecode.c.h; name = UIBug.h; path = ../Vendor/UISpec/headers/UIBug.h; sourceTree = SOURCE_ROOT; };
		8CBCE1DA1366280300677AD6 /* UIChildren.h */ = {isa = PBXFileReference; fileEncoding = 4; lastKnownFileType = sourcecode.c.h; name = UIChildren.h; path = ../Vendor/UISpec/headers/UIChildren.h; sourceTree = SOURCE_ROOT; };
		8CBCE1DB1366280300677AD6 /* UIConsole.h */ = {isa = PBXFileReference; fileEncoding = 4; lastKnownFileType = sourcecode.c.h; name = UIConsole.h; path = ../Vendor/UISpec/headers/UIConsole.h; sourceTree = SOURCE_ROOT; };
		8CBCE1DC1366280300677AD6 /* UIConsoleLog.h */ = {isa = PBXFileReference; fileEncoding = 4; lastKnownFileType = sourcecode.c.h; name = UIConsoleLog.h; path = ../Vendor/UISpec/headers/UIConsoleLog.h; sourceTree = SOURCE_ROOT; };
		8CBCE1DD1366280300677AD6 /* UIDescendants.h */ = {isa = PBXFileReference; fileEncoding = 4; lastKnownFileType = sourcecode.c.h; name = UIDescendants.h; path = ../Vendor/UISpec/headers/UIDescendants.h; sourceTree = SOURCE_ROOT; };
		8CBCE1DE1366280300677AD6 /* UIExpectation.h */ = {isa = PBXFileReference; fileEncoding = 4; lastKnownFileType = sourcecode.c.h; name = UIExpectation.h; path = ../Vendor/UISpec/headers/UIExpectation.h; sourceTree = SOURCE_ROOT; };
		8CBCE1DF1366280300677AD6 /* UIFilter.h */ = {isa = PBXFileReference; fileEncoding = 4; lastKnownFileType = sourcecode.c.h; name = UIFilter.h; path = ../Vendor/UISpec/headers/UIFilter.h; sourceTree = SOURCE_ROOT; };
		8CBCE1E01366280300677AD6 /* UIInspector.h */ = {isa = PBXFileReference; fileEncoding = 4; lastKnownFileType = sourcecode.c.h; name = UIInspector.h; path = ../Vendor/UISpec/headers/UIInspector.h; sourceTree = SOURCE_ROOT; };
		8CBCE1E11366280300677AD6 /* UILog.h */ = {isa = PBXFileReference; fileEncoding = 4; lastKnownFileType = sourcecode.c.h; name = UILog.h; path = ../Vendor/UISpec/headers/UILog.h; sourceTree = SOURCE_ROOT; };
		8CBCE1E21366280300677AD6 /* UIMatcher.h */ = {isa = PBXFileReference; fileEncoding = 4; lastKnownFileType = sourcecode.c.h; name = UIMatcher.h; path = ../Vendor/UISpec/headers/UIMatcher.h; sourceTree = SOURCE_ROOT; };
		8CBCE1E31366280300677AD6 /* UIParents.h */ = {isa = PBXFileReference; fileEncoding = 4; lastKnownFileType = sourcecode.c.h; name = UIParents.h; path = ../Vendor/UISpec/headers/UIParents.h; sourceTree = SOURCE_ROOT; };
		8CBCE1E41366280300677AD6 /* UIProxy.h */ = {isa = PBXFileReference; fileEncoding = 4; lastKnownFileType = sourcecode.c.h; name = UIProxy.h; path = ../Vendor/UISpec/headers/UIProxy.h; sourceTree = SOURCE_ROOT; };
		8CBCE1E51366280300677AD6 /* UIQuery.h */ = {isa = PBXFileReference; fileEncoding = 4; lastKnownFileType = sourcecode.c.h; name = UIQuery.h; path = ../Vendor/UISpec/headers/UIQuery.h; sourceTree = SOURCE_ROOT; };
		8CBCE1E61366280300677AD6 /* UIQueryAll.h */ = {isa = PBXFileReference; fileEncoding = 4; lastKnownFileType = sourcecode.c.h; name = UIQueryAll.h; path = ../Vendor/UISpec/headers/UIQueryAll.h; sourceTree = SOURCE_ROOT; };
		8CBCE1E71366280300677AD6 /* UIQueryExpectation.h */ = {isa = PBXFileReference; fileEncoding = 4; lastKnownFileType = sourcecode.c.h; name = UIQueryExpectation.h; path = ../Vendor/UISpec/headers/UIQueryExpectation.h; sourceTree = SOURCE_ROOT; };
		8CBCE1E81366280300677AD6 /* UIQuerySearchBar.h */ = {isa = PBXFileReference; fileEncoding = 4; lastKnownFileType = sourcecode.c.h; name = UIQuerySearchBar.h; path = ../Vendor/UISpec/headers/UIQuerySearchBar.h; sourceTree = SOURCE_ROOT; };
		8CBCE1E91366280300677AD6 /* UIQuerySegmentedControl.h */ = {isa = PBXFileReference; fileEncoding = 4; lastKnownFileType = sourcecode.c.h; name = UIQuerySegmentedControl.h; path = ../Vendor/UISpec/headers/UIQuerySegmentedControl.h; sourceTree = SOURCE_ROOT; };
		8CBCE1EA1366280300677AD6 /* UIQueryTabBar.h */ = {isa = PBXFileReference; fileEncoding = 4; lastKnownFileType = sourcecode.c.h; name = UIQueryTabBar.h; path = ../Vendor/UISpec/headers/UIQueryTabBar.h; sourceTree = SOURCE_ROOT; };
		8CBCE1EB1366280300677AD6 /* UIQueryTableView.h */ = {isa = PBXFileReference; fileEncoding = 4; lastKnownFileType = sourcecode.c.h; name = UIQueryTableView.h; path = ../Vendor/UISpec/headers/UIQueryTableView.h; sourceTree = SOURCE_ROOT; };
		8CBCE1EC1366280300677AD6 /* UIQueryTableViewCell.h */ = {isa = PBXFileReference; fileEncoding = 4; lastKnownFileType = sourcecode.c.h; name = UIQueryTableViewCell.h; path = ../Vendor/UISpec/headers/UIQueryTableViewCell.h; sourceTree = SOURCE_ROOT; };
		8CBCE1ED1366280300677AD6 /* UIQueryWebView.h */ = {isa = PBXFileReference; fileEncoding = 4; lastKnownFileType = sourcecode.c.h; name = UIQueryWebView.h; path = ../Vendor/UISpec/headers/UIQueryWebView.h; sourceTree = SOURCE_ROOT; };
		8CBCE1EE1366280300677AD6 /* UIRedoer.h */ = {isa = PBXFileReference; fileEncoding = 4; lastKnownFileType = sourcecode.c.h; name = UIRedoer.h; path = ../Vendor/UISpec/headers/UIRedoer.h; sourceTree = SOURCE_ROOT; };
		8CBCE1EF1366280300677AD6 /* UISpec_Prefix.pch */ = {isa = PBXFileReference; fileEncoding = 4; lastKnownFileType = sourcecode.c.h; name = UISpec_Prefix.pch; path = ../Vendor/UISpec/headers/UISpec_Prefix.pch; sourceTree = SOURCE_ROOT; };
		8CBCE1F01366280300677AD6 /* UISpec.h */ = {isa = PBXFileReference; fileEncoding = 4; lastKnownFileType = sourcecode.c.h; name = UISpec.h; path = ../Vendor/UISpec/headers/UISpec.h; sourceTree = SOURCE_ROOT; };
		8CBCE1F11366280300677AD6 /* ViewFilterSwizzler.h */ = {isa = PBXFileReference; fileEncoding = 4; lastKnownFileType = sourcecode.c.h; name = ViewFilterSwizzler.h; path = ../Vendor/UISpec/headers/ViewFilterSwizzler.h; sourceTree = SOURCE_ROOT; };
		8CBCE1F21366280300677AD6 /* WaitUntilIdle.h */ = {isa = PBXFileReference; fileEncoding = 4; lastKnownFileType = sourcecode.c.h; name = WaitUntilIdle.h; path = ../Vendor/UISpec/headers/WaitUntilIdle.h; sourceTree = SOURCE_ROOT; };
		8D1107310486CEB800E47090 /* iAgendaTech-Info.plist */ = {isa = PBXFileReference; fileEncoding = 4; lastKnownFileType = text.plist.xml; path = "iAgendaTech-Info.plist"; plistStructureDefinitionIdentifier = "com.apple.xcode.plist.structure-definition.iphone.info-plist"; sourceTree = "<group>"; };
/* End PBXFileReference section */

/* Begin PBXFrameworksBuildPhase section */
		1D60588F0D05DD3D006BFB54 /* Frameworks */ = {
			isa = PBXFrameworksBuildPhase;
			buildActionMask = 2147483647;
			files = (
				1D60589F0D05DD5A006BFB54 /* Foundation.framework in Frameworks */,
				1DF5F4E00D08C38300B7A737 /* UIKit.framework in Frameworks */,
				288765A50DF7441C002DB57D /* CoreGraphics.framework in Frameworks */,
				28D801B40F44B63D00FB423F /* CoreData.framework in Frameworks */,
			);
			runOnlyForDeploymentPostprocessing = 0;
		};
		8CB9CA1E137B831F006F0F9F /* Frameworks */ = {
			isa = PBXFrameworksBuildPhase;
			buildActionMask = 2147483647;
			files = (
				8CB9CA1F137B831F006F0F9F /* Foundation.framework in Frameworks */,
				8CB9CA20137B831F006F0F9F /* UIKit.framework in Frameworks */,
				8CB9CA21137B831F006F0F9F /* CoreGraphics.framework in Frameworks */,
				8CB9CA22137B831F006F0F9F /* CoreData.framework in Frameworks */,
				8CB9CA23137B831F006F0F9F /* libUISpec.a in Frameworks */,
			);
			runOnlyForDeploymentPostprocessing = 0;
		};
/* End PBXFrameworksBuildPhase section */

/* Begin PBXGroup section */
		19C28FACFE9D520D11CA2CBB /* Products */ = {
			isa = PBXGroup;
			children = (
				1D6058910D05DD3D006BFB54 /* iAgendaTech.app */,
				8CB9CA27137B831F006F0F9F /* iAgendaTechSpecs.app */,
			);
			name = Products;
			sourceTree = "<group>";
		};
		29B97314FDCFA39411CA2CEA /* CustomTemplate */ = {
			isa = PBXGroup;
			children = (
				8C5D5FDF1379E89800A90B6B /* Src */,
				8C5D5FFA1379E95F00A90B6B /* View */,
				8CBCE16A1366247D00677AD6 /* Lib */,
				8CBCE15E136621D500677AD6 /* Specs */,
				29B97315FDCFA39411CA2CEA /* Other Sources */,
				29B97317FDCFA39411CA2CEA /* Resources */,
				29B97323FDCFA39411CA2CEA /* Frameworks */,
				19C28FACFE9D520D11CA2CBB /* Products */,
			);
			name = CustomTemplate;
			sourceTree = "<group>";
		};
		29B97315FDCFA39411CA2CEA /* Other Sources */ = {
			isa = PBXGroup;
			children = (
				32CA4F630368D1EE00C91783 /* iAgendaTech_Prefix.pch */,
				29B97316FDCFA39411CA2CEA /* main.m */,
			);
			name = "Other Sources";
			sourceTree = "<group>";
		};
		29B97317FDCFA39411CA2CEA /* Resources */ = {
			isa = PBXGroup;
			children = (
				2819305F112F816700ECF9B4 /* iAgendaTech.xcdatamodeld */,
				28AD733E0D9D9553002E5188 /* MainWindow.xib */,
				8D1107310486CEB800E47090 /* iAgendaTech-Info.plist */,
				8CB9CA29137B831F006F0F9F /* iAgendaTech-Info Specs.plist */,
			);
			name = Resources;
			sourceTree = "<group>";
		};
		29B97323FDCFA39411CA2CEA /* Frameworks */ = {
			isa = PBXGroup;
			children = (
				1DF5F4DF0D08C38300B7A737 /* UIKit.framework */,
				1D30AB110D05D00D00671497 /* Foundation.framework */,
				288765A40DF7441C002DB57D /* CoreGraphics.framework */,
				28D801B30F44B63D00FB423F /* CoreData.framework */,
			);
			name = Frameworks;
			sourceTree = "<group>";
		};
		8C5D5FDF1379E89800A90B6B /* Src */ = {
			isa = PBXGroup;
			children = (
				8C5D5FE11379E8D100A90B6B /* Application */,
			);
			name = Src;
			path = ../src;
			sourceTree = "<group>";
		};
		8C5D5FE11379E8D100A90B6B /* Application */ = {
			isa = PBXGroup;
			children = (
				8C872538137DB76C00B074BD /* Model */,
				8C5D60071379EAEA00A90B6B /* Controller */,
				8C5D5FEF1379E92700A90B6B /* iAgendaTechAppDelegate.h */,
				8C5D5FF01379E92700A90B6B /* iAgendaTechAppDelegate.m */,
				8C8724FA137DAFCA00B074BD /* EventsStreamDataSource.h */,
				8C8724FB137DAFCA00B074BD /* EventsStreamDataSource.m */,
			);
			name = Application;
			sourceTree = "<group>";
		};
		8C5D5FFA1379E95F00A90B6B /* View */ = {
			isa = PBXGroup;
			children = (
			);
			name = View;
			path = ../view/pt_BR.lproj;
			sourceTree = "<group>";
		};
		8C5D60071379EAEA00A90B6B /* Controller */ = {
			isa = PBXGroup;
			children = (
			);
			name = Controller;
			sourceTree = "<group>";
		};
		8C5D6197137B10BD00A90B6B /* json-framework */ = {
			isa = PBXGroup;
			children = (
				8C5D6198137B10D800A90B6B /* JSON.h */,
				8C5D6199137B10D800A90B6B /* NSObject+JSON.h */,
				8C5D619A137B10D800A90B6B /* NSObject+JSON.m */,
				8C5D619B137B10D800A90B6B /* SBJsonIncludes.h */,
				8C5D619C137B10D800A90B6B /* SBJsonParser.h */,
				8C5D619D137B10D800A90B6B /* SBJsonParser.m */,
				8C5D619E137B10D800A90B6B /* SBJsonStreamParser.h */,
				8C5D619F137B10D800A90B6B /* SBJsonStreamParser.m */,
				8C5D61A0137B10D800A90B6B /* SBJsonStreamParserAccumulator.h */,
				8C5D61A1137B10D800A90B6B /* SBJsonStreamParserAccumulator.m */,
				8C5D61A2137B10D800A90B6B /* SBJsonStreamParserAdapter.h */,
				8C5D61A3137B10D800A90B6B /* SBJsonStreamParserAdapter.m */,
				8C5D61A4137B10D800A90B6B /* SBJsonStreamParserState.h */,
				8C5D61A5137B10D800A90B6B /* SBJsonStreamParserState.m */,
				8C5D61A6137B10D800A90B6B /* SBJsonStreamWriter.h */,
				8C5D61A7137B10D800A90B6B /* SBJsonStreamWriter.m */,
				8C5D61A8137B10D800A90B6B /* SBJsonStreamWriterAccumulator.h */,
				8C5D61A9137B10D800A90B6B /* SBJsonStreamWriterAccumulator.m */,
				8C5D61AA137B10D800A90B6B /* SBJsonStreamWriterState.h */,
				8C5D61AB137B10D800A90B6B /* SBJsonStreamWriterState.m */,
				8C5D61AC137B10D800A90B6B /* SBJsonTokeniser.h */,
				8C5D61AD137B10D800A90B6B /* SBJsonTokeniser.m */,
				8C5D61AE137B10D800A90B6B /* SBJsonWriter.h */,
				8C5D61AF137B10D800A90B6B /* SBJsonWriter.m */,
			);
			name = "json-framework";
			sourceTree = "<group>";
		};
		8C872538137DB76C00B074BD /* Model */ = {
			isa = PBXGroup;
			children = (
				8C872524137DB59400B074BD /* EventoParser.h */,
				8C872525137DB59400B074BD /* EventoParser.m */,
				8C872539137DB78600B074BD /* Evento.h */,
				8C87253A137DB78600B074BD /* Evento.m */,
			);
			name = Model;
			sourceTree = "<group>";
		};
		8CBCE13913661C8E00677AD6 /* Products */ = {
			isa = PBXGroup;
			children = (
				8CBCE14213661C8E00677AD6 /* libUISpec.a */,
				8CBCE14413661C8E00677AD6 /* Specs.app */,
			);
			name = Products;
			sourceTree = "<group>";
		};
		8CBCE15E136621D500677AD6 /* Specs */ = {
			isa = PBXGroup;
			children = (
				8C5D5F5B1379E06D00A90B6B /* DescribeAgendaTech.m */,
				8C8724E1137DAEAA00B074BD /* DescribeEventsStreamDataSource.m */,
				8C872533137DB65B00B074BD /* DescribeEventoParser.m */,
			);
			name = Specs;
			path = ../Specs;
			sourceTree = "<group>";
		};
		8CBCE16A1366247D00677AD6 /* Lib */ = {
			isa = PBXGroup;
			children = (
				8C5D6197137B10BD00A90B6B /* json-framework */,
				8CBCE1D4136627F200677AD6 /* UISpec */,
			);
			name = Lib;
			sourceTree = "<group>";
		};
		8CBCE1D4136627F200677AD6 /* UISpec */ = {
			isa = PBXGroup;
			children = (
				8CBCE15013661DE700677AD6 /* UISpec.bundle */,
				8CBCE13813661C8E00677AD6 /* UISpec.xcodeproj */,
				8CBCE1D51366280300677AD6 /* CallCache.h */,
				8CBCE1D61366280300677AD6 /* NSNumberCreator.h */,
				8CBCE1D71366280300677AD6 /* Recordable.h */,
				8CBCE1D81366280300677AD6 /* ReturnCacher.h */,
				8CBCE1D91366280300677AD6 /* UIBug.h */,
				8CBCE1DA1366280300677AD6 /* UIChildren.h */,
				8CBCE1DB1366280300677AD6 /* UIConsole.h */,
				8CBCE1DC1366280300677AD6 /* UIConsoleLog.h */,
				8CBCE1DD1366280300677AD6 /* UIDescendants.h */,
				8CBCE1DE1366280300677AD6 /* UIExpectation.h */,
				8CBCE1DF1366280300677AD6 /* UIFilter.h */,
				8CBCE1E01366280300677AD6 /* UIInspector.h */,
				8CBCE1E11366280300677AD6 /* UILog.h */,
				8CBCE1E21366280300677AD6 /* UIMatcher.h */,
				8CBCE1E31366280300677AD6 /* UIParents.h */,
				8CBCE1E41366280300677AD6 /* UIProxy.h */,
				8CBCE1E51366280300677AD6 /* UIQuery.h */,
				8CBCE1E61366280300677AD6 /* UIQueryAll.h */,
				8CBCE1E71366280300677AD6 /* UIQueryExpectation.h */,
				8CBCE1E81366280300677AD6 /* UIQuerySearchBar.h */,
				8CBCE1E91366280300677AD6 /* UIQuerySegmentedControl.h */,
				8CBCE1EA1366280300677AD6 /* UIQueryTabBar.h */,
				8CBCE1EB1366280300677AD6 /* UIQueryTableView.h */,
				8CBCE1EC1366280300677AD6 /* UIQueryTableViewCell.h */,
				8CBCE1ED1366280300677AD6 /* UIQueryWebView.h */,
				8CBCE1EE1366280300677AD6 /* UIRedoer.h */,
				8CBCE1EF1366280300677AD6 /* UISpec_Prefix.pch */,
				8CBCE1F01366280300677AD6 /* UISpec.h */,
				8CBCE1F11366280300677AD6 /* ViewFilterSwizzler.h */,
				8CBCE1F21366280300677AD6 /* WaitUntilIdle.h */,
			);
			name = UISpec;
			sourceTree = "<group>";
		};
/* End PBXGroup section */

/* Begin PBXNativeTarget section */
		1D6058900D05DD3D006BFB54 /* iAgendaTech */ = {
			isa = PBXNativeTarget;
			buildConfigurationList = 1D6058960D05DD3E006BFB54 /* Build configuration list for PBXNativeTarget "iAgendaTech" */;
			buildPhases = (
				1D60588D0D05DD3D006BFB54 /* Resources */,
				1D60588E0D05DD3D006BFB54 /* Sources */,
				1D60588F0D05DD3D006BFB54 /* Frameworks */,
			);
			buildRules = (
			);
			dependencies = (
			);
			name = iAgendaTech;
			productName = iAgendaTech;
			productReference = 1D6058910D05DD3D006BFB54 /* iAgendaTech.app */;
			productType = "com.apple.product-type.application";
		};
		8CB9CA07137B831F006F0F9F /* iAgendaTech Specs */ = {
			isa = PBXNativeTarget;
			buildConfigurationList = 8CB9CA24137B831F006F0F9F /* Build configuration list for PBXNativeTarget "iAgendaTech Specs" */;
			buildPhases = (
				8CB9CA0A137B831F006F0F9F /* Resources */,
				8CB9CA0D137B831F006F0F9F /* Sources */,
				8CB9CA1E137B831F006F0F9F /* Frameworks */,
			);
			buildRules = (
			);
			dependencies = (
				8CB9CA08137B831F006F0F9F /* PBXTargetDependency */,
			);
			name = "iAgendaTech Specs";
			productName = iAgendaTech;
			productReference = 8CB9CA27137B831F006F0F9F /* iAgendaTechSpecs.app */;
			productType = "com.apple.product-type.application";
		};
/* End PBXNativeTarget section */

/* Begin PBXProject section */
		29B97313FDCFA39411CA2CEA /* Project object */ = {
			isa = PBXProject;
			attributes = {
				ORGANIZATIONNAME = Backslashes;
			};
			buildConfigurationList = C01FCF4E08A954540054247B /* Build configuration list for PBXProject "iAgendaTech" */;
			compatibilityVersion = "Xcode 3.2";
			developmentRegion = English;
			hasScannedForEncodings = 1;
			knownRegions = (
				English,
				Japanese,
				French,
				German,
				pt_BR,
			);
			mainGroup = 29B97314FDCFA39411CA2CEA /* CustomTemplate */;
			projectDirPath = "";
			projectReferences = (
				{
					ProductGroup = 8CBCE13913661C8E00677AD6 /* Products */;
					ProjectRef = 8CBCE13813661C8E00677AD6 /* UISpec.xcodeproj */;
				},
			);
			projectRoot = "";
			targets = (
				1D6058900D05DD3D006BFB54 /* iAgendaTech */,
				8CB9CA07137B831F006F0F9F /* iAgendaTech Specs */,
			);
		};
/* End PBXProject section */

/* Begin PBXReferenceProxy section */
		8CBCE14213661C8E00677AD6 /* libUISpec.a */ = {
			isa = PBXReferenceProxy;
			fileType = archive.ar;
			path = libUISpec.a;
			remoteRef = 8CBCE14113661C8E00677AD6 /* PBXContainerItemProxy */;
			sourceTree = BUILT_PRODUCTS_DIR;
		};
		8CBCE14413661C8E00677AD6 /* Specs.app */ = {
			isa = PBXReferenceProxy;
			fileType = wrapper.application;
			path = Specs.app;
			remoteRef = 8CBCE14313661C8E00677AD6 /* PBXContainerItemProxy */;
			sourceTree = BUILT_PRODUCTS_DIR;
		};
/* End PBXReferenceProxy section */

/* Begin PBXResourcesBuildPhase section */
		1D60588D0D05DD3D006BFB54 /* Resources */ = {
			isa = PBXResourcesBuildPhase;
			buildActionMask = 2147483647;
			files = (
				28AD733F0D9D9553002E5188 /* MainWindow.xib in Resources */,
				8CBCE15113661DE700677AD6 /* UISpec.bundle in Resources */,
			);
			runOnlyForDeploymentPostprocessing = 0;
		};
		8CB9CA0A137B831F006F0F9F /* Resources */ = {
			isa = PBXResourcesBuildPhase;
			buildActionMask = 2147483647;
			files = (
				8CB9CA0B137B831F006F0F9F /* MainWindow.xib in Resources */,
				8CB9CA0C137B831F006F0F9F /* UISpec.bundle in Resources */,
			);
			runOnlyForDeploymentPostprocessing = 0;
		};
/* End PBXResourcesBuildPhase section */

/* Begin PBXSourcesBuildPhase section */
		1D60588E0D05DD3D006BFB54 /* Sources */ = {
			isa = PBXSourcesBuildPhase;
			buildActionMask = 2147483647;
			files = (
				1D60589B0D05DD56006BFB54 /* main.m in Sources */,
				28193060112F816700ECF9B4 /* iAgendaTech.xcdatamodeld in Sources */,
				8C5D5FF11379E92700A90B6B /* iAgendaTechAppDelegate.m in Sources */,
				8C5D61B0137B10D800A90B6B /* NSObject+JSON.m in Sources */,
				8C5D61B1137B10D800A90B6B /* SBJsonParser.m in Sources */,
				8C5D61B2137B10D800A90B6B /* SBJsonStreamParser.m in Sources */,
				8C5D61B3137B10D800A90B6B /* SBJsonStreamParserAccumulator.m in Sources */,
				8C5D61B4137B10D800A90B6B /* SBJsonStreamParserAdapter.m in Sources */,
				8C5D61B5137B10D800A90B6B /* SBJsonStreamParserState.m in Sources */,
				8C5D61B6137B10D800A90B6B /* SBJsonStreamWriter.m in Sources */,
				8C5D61B7137B10D800A90B6B /* SBJsonStreamWriterAccumulator.m in Sources */,
				8C5D61B8137B10D800A90B6B /* SBJsonStreamWriterState.m in Sources */,
				8C5D61B9137B10D800A90B6B /* SBJsonTokeniser.m in Sources */,
				8C5D61BA137B10D800A90B6B /* SBJsonWriter.m in Sources */,
				8C8724FD137DAFCA00B074BD /* EventsStreamDataSource.m in Sources */,
				8C872527137DB59400B074BD /* EventoParser.m in Sources */,
				8C872535137DB65B00B074BD /* DescribeEventoParser.m in Sources */,
				8C87253C137DB78600B074BD /* Evento.m in Sources */,
			);
			runOnlyForDeploymentPostprocessing = 0;
		};
		8CB9CA0D137B831F006F0F9F /* Sources */ = {
			isa = PBXSourcesBuildPhase;
			buildActionMask = 2147483647;
			files = (
				8CB9CA0E137B831F006F0F9F /* main.m in Sources */,
				8CB9CA0F137B831F006F0F9F /* iAgendaTech.xcdatamodeld in Sources */,
				8CB9CA10137B831F006F0F9F /* DescribeAgendaTech.m in Sources */,
				8CB9CA11137B831F006F0F9F /* iAgendaTechAppDelegate.m in Sources */,
				8CB9CA12137B831F006F0F9F /* NSObject+JSON.m in Sources */,
				8CB9CA13137B831F006F0F9F /* SBJsonParser.m in Sources */,
				8CB9CA14137B831F006F0F9F /* SBJsonStreamParser.m in Sources */,
				8CB9CA15137B831F006F0F9F /* SBJsonStreamParserAccumulator.m in Sources */,
				8CB9CA16137B831F006F0F9F /* SBJsonStreamParserAdapter.m in Sources */,
				8CB9CA17137B831F006F0F9F /* SBJsonStreamParserState.m in Sources */,
				8CB9CA18137B831F006F0F9F /* SBJsonStreamWriter.m in Sources */,
				8CB9CA19137B831F006F0F9F /* SBJsonStreamWriterAccumulator.m in Sources */,
				8CB9CA1A137B831F006F0F9F /* SBJsonStreamWriterState.m in Sources */,
				8CB9CA1B137B831F006F0F9F /* SBJsonTokeniser.m in Sources */,
				8CB9CA1C137B831F006F0F9F /* SBJsonWriter.m in Sources */,
				8C8724F0137DAF1B00B074BD /* DescribeEventsStreamDataSource.m in Sources */,
				8C8724FC137DAFCA00B074BD /* EventsStreamDataSource.m in Sources */,
				8C872526137DB59400B074BD /* EventoParser.m in Sources */,
				8C872534137DB65B00B074BD /* DescribeEventoParser.m in Sources */,
				8C87253B137DB78600B074BD /* Evento.m in Sources */,
			);
			runOnlyForDeploymentPostprocessing = 0;
		};
/* End PBXSourcesBuildPhase section */

/* Begin PBXTargetDependency section */
		8CB9CA08137B831F006F0F9F /* PBXTargetDependency */ = {
			isa = PBXTargetDependency;
			name = UISpec;
			targetProxy = 8CB9CA09137B831F006F0F9F /* PBXContainerItemProxy */;
		};
/* End PBXTargetDependency section */

/* Begin XCBuildConfiguration section */
		1D6058940D05DD3E006BFB54 /* Debug */ = {
			isa = XCBuildConfiguration;
			buildSettings = {
				ALWAYS_SEARCH_USER_PATHS = NO;
				COPY_PHASE_STRIP = NO;
				GCC_DYNAMIC_NO_PIC = NO;
				GCC_OPTIMIZATION_LEVEL = 0;
				GCC_PRECOMPILE_PREFIX_HEADER = YES;
				GCC_PREFIX_HEADER = iAgendaTech_Prefix.pch;
				HEADER_SEARCH_PATHS = "";
				INFOPLIST_FILE = "iAgendaTech-Info.plist";
				PRODUCT_NAME = iAgendaTech;
			};
			name = Debug;
		};
		1D6058950D05DD3E006BFB54 /* Release */ = {
			isa = XCBuildConfiguration;
			buildSettings = {
				ALWAYS_SEARCH_USER_PATHS = NO;
				COPY_PHASE_STRIP = YES;
				GCC_PRECOMPILE_PREFIX_HEADER = YES;
				GCC_PREFIX_HEADER = iAgendaTech_Prefix.pch;
				HEADER_SEARCH_PATHS = "";
				INFOPLIST_FILE = "iAgendaTech-Info.plist";
				PRODUCT_NAME = iAgendaTech;
				VALIDATE_PRODUCT = YES;
			};
			name = Release;
		};
		8CB9CA25137B831F006F0F9F /* Debug */ = {
			isa = XCBuildConfiguration;
			buildSettings = {
				ALWAYS_SEARCH_USER_PATHS = NO;
				COPY_PHASE_STRIP = NO;
				GCC_DYNAMIC_NO_PIC = NO;
				GCC_OPTIMIZATION_LEVEL = 0;
				GCC_PRECOMPILE_PREFIX_HEADER = YES;
				GCC_PREFIX_HEADER = iAgendaTech_Prefix.pch;
				GCC_PREPROCESSOR_DEFINITIONS = RUN_SPECS;
				HEADER_SEARCH_PATHS = "$(PROJECT_DIR)/../Vendor/OCMock/Headers/OCMock";
				INFOPLIST_FILE = "iAgendaTech-Info Specs.plist";
				INFOPLIST_PREPROCESSOR_DEFINITIONS = "";
				LIBRARY_SEARCH_PATHS = (
					"$(inherited)",
					"\"$(PROJECT_DIR)/../Vendor/OCMock\"",
				);
				OTHER_LDFLAGS = (
					"-ObjC",
					"-force_load",
					"$(PROJECT_DIR)/../Vendor/OCMock/libOCMock.a",
				);
				PRODUCT_NAME = iAgendaTechSpecs;
			};
			name = Debug;
		};
		8CB9CA26137B831F006F0F9F /* Release */ = {
			isa = XCBuildConfiguration;
			buildSettings = {
				ALWAYS_SEARCH_USER_PATHS = NO;
				COPY_PHASE_STRIP = YES;
				GCC_PRECOMPILE_PREFIX_HEADER = YES;
				GCC_PREFIX_HEADER = iAgendaTech_Prefix.pch;
				GCC_PREPROCESSOR_DEFINITIONS = RUN_SPECS;
				HEADER_SEARCH_PATHS = "$(PROJECT_DIR)/../Vendor/OCMock/Headers/OCMock";
				INFOPLIST_FILE = "iAgendaTech-Info Specs.plist";
				INFOPLIST_PREPROCESSOR_DEFINITIONS = "";
				LIBRARY_SEARCH_PATHS = (
					"$(inherited)",
					"\"$(PROJECT_DIR)/../Vendor/OCMock\"",
				);
				OTHER_LDFLAGS = (
					"-ObjC",
					"-force_load",
					"$(PROJECT_DIR)/../Vendor/OCMock/libOCMock.a",
				);
				PRODUCT_NAME = iAgendaTechSpecs;
				VALIDATE_PRODUCT = YES;
			};
			name = Release;
		};
		C01FCF4F08A954540054247B /* Debug */ = {
			isa = XCBuildConfiguration;
			buildSettings = {
				ARCHS = "$(ARCHS_STANDARD_32_BIT)";
				"CODE_SIGN_IDENTITY[sdk=iphoneos*]" = "iPhone Developer";
				GCC_C_LANGUAGE_STANDARD = c99;
				GCC_WARN_ABOUT_RETURN_TYPE = YES;
				GCC_WARN_UNUSED_VARIABLE = YES;
				PREBINDING = NO;
				SDKROOT = iphoneos;
			};
			name = Debug;
		};
		C01FCF5008A954540054247B /* Release */ = {
			isa = XCBuildConfiguration;
			buildSettings = {
				ARCHS = "$(ARCHS_STANDARD_32_BIT)";
				"CODE_SIGN_IDENTITY[sdk=iphoneos*]" = "iPhone Developer";
				GCC_C_LANGUAGE_STANDARD = c99;
				GCC_WARN_ABOUT_RETURN_TYPE = YES;
				GCC_WARN_UNUSED_VARIABLE = YES;
				OTHER_CFLAGS = "-DNS_BLOCK_ASSERTIONS=1";
				PREBINDING = NO;
				SDKROOT = iphoneos;
			};
			name = Release;
		};
/* End XCBuildConfiguration section */

/* Begin XCConfigurationList section */
		1D6058960D05DD3E006BFB54 /* Build configuration list for PBXNativeTarget "iAgendaTech" */ = {
			isa = XCConfigurationList;
			buildConfigurations = (
				1D6058940D05DD3E006BFB54 /* Debug */,
				1D6058950D05DD3E006BFB54 /* Release */,
			);
			defaultConfigurationIsVisible = 0;
			defaultConfigurationName = Release;
		};
		8CB9CA24137B831F006F0F9F /* Build configuration list for PBXNativeTarget "iAgendaTech Specs" */ = {
			isa = XCConfigurationList;
			buildConfigurations = (
				8CB9CA25137B831F006F0F9F /* Debug */,
				8CB9CA26137B831F006F0F9F /* Release */,
			);
			defaultConfigurationIsVisible = 0;
			defaultConfigurationName = Release;
		};
		C01FCF4E08A954540054247B /* Build configuration list for PBXProject "iAgendaTech" */ = {
			isa = XCConfigurationList;
			buildConfigurations = (
				C01FCF4F08A954540054247B /* Debug */,
				C01FCF5008A954540054247B /* Release */,
			);
			defaultConfigurationIsVisible = 0;
			defaultConfigurationName = Release;
		};
/* End XCConfigurationList section */

/* Begin XCVersionGroup section */
		2819305F112F816700ECF9B4 /* iAgendaTech.xcdatamodeld */ = {
			isa = XCVersionGroup;
			children = (
				28C3AD890F43EF2300507BA6 /* iAgendaTech.xcdatamodel */,
			);
			currentVersion = 28C3AD890F43EF2300507BA6 /* iAgendaTech.xcdatamodel */;
			path = iAgendaTech.xcdatamodeld;
			sourceTree = "<group>";
			versionGroupType = wrapper.xcdatamodel;
		};
/* End XCVersionGroup section */
	};
	rootObject = 29B97313FDCFA39411CA2CEA /* Project object */;
}
